
Microsoft Visual Studio Solution File, Format Version 12.00
# Visual Studio 15
VisualStudioVersion = 15.0.27130.2020
MinimumVisualStudioVersion = 10.0.40219.1
Project("{D954291E-2A0B-460D-934E-DC6B0785DB48}") = "Tests.Shared", "Tests.Shared\Tests.Shared.shproj", "{80E07B2E-16A2-4343-918E-661F7D0A89C9}"
EndProject
Project("{D954291E-2A0B-460D-934E-DC6B0785DB48}") = "Virgil.Crypto.Shared", "Virgil.Crypto.Shared\Virgil.Crypto.Shared.shproj", "{0D879416-CB61-4913-9336-EBB76958F599}"
EndProject
Project("{FAE04EC0-301F-11D3-BF4B-00C04F79EFBC}") = "Tests.iOS", "Tests.iOS\Tests.iOS.csproj", "{65A977A1-C818-4C35-9D1A-C0B9C14E8E9C}"
EndProject
Project("{FAE04EC0-301F-11D3-BF4B-00C04F79EFBC}") = "Crypto.Example.CoreApp", "Crypto.Example.NetCore\Crypto.Example.CoreApp.csproj", "{A49E2A53-A647-40E4-BBD9-29ABF3D6F56D}"
EndProject
Project("{9344BDBB-3E7F-41FC-A0DD-8665D75EE146}") = "Crypto.Example.Core", "Crypto.Example.Core\Crypto.Example.Core.csproj", "{D6410671-9043-4DB7-862B-C152F22BAF36}"
EndProject
Project("{FAE04EC0-301F-11D3-BF4B-00C04F79EFBC}") = "Crypto.Example.Std", "Crypto.Example.Std\Crypto.Example.Std.csproj", "{CC45BE7A-6856-497C-8110-160E4B572CE6}"
EndProject
Project("{FAE04EC0-301F-11D3-BF4B-00C04F79EFBC}") = "Virgil.CryptoImpl", "Virgil.CryptoImpl\Virgil.CryptoImpl.csproj", "{B3B32185-E379-4290-B05C-85BD72AEDC07}"
EndProject
Project("{FAE04EC0-301F-11D3-BF4B-00C04F79EFBC}") = "Tests.Droid", "Tests.Droid\Tests.Droid.csproj", "{D28D3539-3CA3-4407-AAEC-274983EB4A34}"
EndProject
Project("{2150E333-8FDC-42A3-9474-1A3956D46DE8}") = "Examples", "Examples", "{18747615-D316-476A-B239-EA4BEBAC321E}"
EndProject
Project("{FAE04EC0-301F-11D3-BF4B-00C04F79EFBC}") = "Crypto.Example.Net", "Crypto.Example.Net\Crypto.Example.Net.csproj", "{BEDDF9FF-25EC-4D8D-A22B-0FD5BABC17BE}"
EndProject
Project("{D954291E-2A0B-460D-934E-DC6B0785DB48}") = "InternalTests.Shared", "InternalTests.Shared\InternalTests.Shared.shproj", "{3B78A906-D0D4-404B-9EA3-881506A55587}"
EndProject
Project("{2150E333-8FDC-42A3-9474-1A3956D46DE8}") = "TestPlatforms", "TestPlatforms", "{022E639B-63E5-4263-AFA9-49269AACA587}"
EndProject
Project("{FAE04EC0-301F-11D3-BF4B-00C04F79EFBC}") = "Tests.Mac", "Tests.Mac\Tests.Mac.csproj", "{03545ECE-CF17-4204-85C7-070B4BF1E0F9}"
EndProject
Project("{FAE04EC0-301F-11D3-BF4B-00C04F79EFBC}") = "Crypto.Example.MacApp", "Tests.MacApp\Crypto.Example.MacApp.csproj", "{376023A8-FE62-4EAD-B16B-19EDD6B0E67E}"
EndProject
Project("{FAE04EC0-301F-11D3-BF4B-00C04F79EFBC}") = "Tests.Net", "Tests.Net\Tests.Net.csproj", "{CE644497-E142-492F-9D91-1281A684C234}"
EndProject
Global
	GlobalSection(SharedMSBuildProjectFiles) = preSolution
		Virgil.Crypto.Shared\Virgil.Crypto.Shared.projitems*{0d879416-cb61-4913-9336-ebb76958f599}*SharedItemsImports = 13
		Tests.Shared\Tests.Shared.projitems*{80e07b2e-16a2-4343-918e-661f7d0a89c9}*SharedItemsImports = 13
		Tests.Shared\Tests.Shared.projitems*{ce644497-e142-492f-9d91-1281a684c234}*SharedItemsImports = 4
		Virgil.Crypto.Shared\Virgil.Crypto.Shared.projitems*{ce644497-e142-492f-9d91-1281a684c234}*SharedItemsImports = 4
	EndGlobalSection
	GlobalSection(SolutionConfigurationPlatforms) = preSolution
		Debug|Android = Debug|Android
		Debug|Any CPU = Debug|Any CPU
		Debug|ARM = Debug|ARM
		Debug|iOS = Debug|iOS
		Debug|iPhone = Debug|iPhone
		Debug|iPhoneSimulator = Debug|iPhoneSimulator
		Debug|Windows Phone (Universal) = Debug|Windows Phone (Universal)
		Debug|Windows Phone 8 = Debug|Windows Phone 8
		Debug|Windows-AnyCPU = Debug|Windows-AnyCPU
		Debug|Windows-ARM = Debug|Windows-ARM
		Debug|Windows-x64 = Debug|Windows-x64
		Debug|Windows-x86 = Debug|Windows-x86
		Debug|x64 = Debug|x64
		Debug|x86 = Debug|x86
		Release|Android = Release|Android
		Release|Any CPU = Release|Any CPU
		Release|ARM = Release|ARM
		Release|iOS = Release|iOS
		Release|iPhone = Release|iPhone
		Release|iPhoneSimulator = Release|iPhoneSimulator
		Release|Windows Phone (Universal) = Release|Windows Phone (Universal)
		Release|Windows Phone 8 = Release|Windows Phone 8
		Release|Windows-AnyCPU = Release|Windows-AnyCPU
		Release|Windows-ARM = Release|Windows-ARM
		Release|Windows-x64 = Release|Windows-x64
		Release|Windows-x86 = Release|Windows-x86
		Release|x64 = Release|x64
		Release|x86 = Release|x86
	EndGlobalSection
	GlobalSection(ProjectConfigurationPlatforms) = postSolution
		{65A977A1-C818-4C35-9D1A-C0B9C14E8E9C}.Debug|Android.ActiveCfg = Debug|iPhoneSimulator
		{65A977A1-C818-4C35-9D1A-C0B9C14E8E9C}.Debug|Any CPU.ActiveCfg = Debug|iPhoneSimulator
		{65A977A1-C818-4C35-9D1A-C0B9C14E8E9C}.Debug|ARM.ActiveCfg = Debug|iPhoneSimulator
		{65A977A1-C818-4C35-9D1A-C0B9C14E8E9C}.Debug|iOS.ActiveCfg = Debug|iPhone
		{65A977A1-C818-4C35-9D1A-C0B9C14E8E9C}.Debug|iOS.Build.0 = Debug|iPhone
		{65A977A1-C818-4C35-9D1A-C0B9C14E8E9C}.Debug|iPhone.ActiveCfg = Debug|iPhone
		{65A977A1-C818-4C35-9D1A-C0B9C14E8E9C}.Debug|iPhone.Build.0 = Debug|iPhone
		{65A977A1-C818-4C35-9D1A-C0B9C14E8E9C}.Debug|iPhoneSimulator.ActiveCfg = Debug|iPhoneSimulator
		{65A977A1-C818-4C35-9D1A-C0B9C14E8E9C}.Debug|iPhoneSimulator.Build.0 = Debug|iPhoneSimulator
		{65A977A1-C818-4C35-9D1A-C0B9C14E8E9C}.Debug|Windows Phone (Universal).ActiveCfg = Debug|iPhoneSimulator
		{65A977A1-C818-4C35-9D1A-C0B9C14E8E9C}.Debug|Windows Phone 8.ActiveCfg = Debug|iPhoneSimulator
		{65A977A1-C818-4C35-9D1A-C0B9C14E8E9C}.Debug|Windows-AnyCPU.ActiveCfg = Debug|iPhoneSimulator
		{65A977A1-C818-4C35-9D1A-C0B9C14E8E9C}.Debug|Windows-ARM.ActiveCfg = Debug|iPhoneSimulator
		{65A977A1-C818-4C35-9D1A-C0B9C14E8E9C}.Debug|Windows-x64.ActiveCfg = Debug|iPhoneSimulator
		{65A977A1-C818-4C35-9D1A-C0B9C14E8E9C}.Debug|Windows-x86.ActiveCfg = Debug|iPhoneSimulator
		{65A977A1-C818-4C35-9D1A-C0B9C14E8E9C}.Debug|x64.ActiveCfg = Debug|iPhoneSimulator
		{65A977A1-C818-4C35-9D1A-C0B9C14E8E9C}.Debug|x86.ActiveCfg = Debug|iPhoneSimulator
		{65A977A1-C818-4C35-9D1A-C0B9C14E8E9C}.Release|Android.ActiveCfg = Release|iPhoneSimulator
		{65A977A1-C818-4C35-9D1A-C0B9C14E8E9C}.Release|Any CPU.ActiveCfg = Release|iPhoneSimulator
		{65A977A1-C818-4C35-9D1A-C0B9C14E8E9C}.Release|ARM.ActiveCfg = Release|iPhoneSimulator
		{65A977A1-C818-4C35-9D1A-C0B9C14E8E9C}.Release|iOS.ActiveCfg = Release|iPhoneSimulator
		{65A977A1-C818-4C35-9D1A-C0B9C14E8E9C}.Release|iPhone.ActiveCfg = Release|iPhone
		{65A977A1-C818-4C35-9D1A-C0B9C14E8E9C}.Release|iPhone.Build.0 = Release|iPhone
		{65A977A1-C818-4C35-9D1A-C0B9C14E8E9C}.Release|iPhoneSimulator.ActiveCfg = Release|iPhoneSimulator
		{65A977A1-C818-4C35-9D1A-C0B9C14E8E9C}.Release|iPhoneSimulator.Build.0 = Release|iPhoneSimulator
		{65A977A1-C818-4C35-9D1A-C0B9C14E8E9C}.Release|Windows Phone (Universal).ActiveCfg = Release|iPhoneSimulator
		{65A977A1-C818-4C35-9D1A-C0B9C14E8E9C}.Release|Windows Phone 8.ActiveCfg = Release|iPhoneSimulator
		{65A977A1-C818-4C35-9D1A-C0B9C14E8E9C}.Release|Windows-AnyCPU.ActiveCfg = Release|iPhoneSimulator
		{65A977A1-C818-4C35-9D1A-C0B9C14E8E9C}.Release|Windows-ARM.ActiveCfg = Release|iPhoneSimulator
		{65A977A1-C818-4C35-9D1A-C0B9C14E8E9C}.Release|Windows-x64.ActiveCfg = Release|iPhoneSimulator
		{65A977A1-C818-4C35-9D1A-C0B9C14E8E9C}.Release|Windows-x86.ActiveCfg = Release|iPhoneSimulator
		{65A977A1-C818-4C35-9D1A-C0B9C14E8E9C}.Release|x64.ActiveCfg = Release|iPhoneSimulator
		{65A977A1-C818-4C35-9D1A-C0B9C14E8E9C}.Release|x86.ActiveCfg = Release|iPhoneSimulator
		{A49E2A53-A647-40E4-BBD9-29ABF3D6F56D}.Debug|Android.ActiveCfg = Debug|Any CPU
		{A49E2A53-A647-40E4-BBD9-29ABF3D6F56D}.Debug|Android.Build.0 = Debug|Any CPU
		{A49E2A53-A647-40E4-BBD9-29ABF3D6F56D}.Debug|Any CPU.ActiveCfg = Debug|Any CPU
		{A49E2A53-A647-40E4-BBD9-29ABF3D6F56D}.Debug|Any CPU.Build.0 = Debug|Any CPU
		{A49E2A53-A647-40E4-BBD9-29ABF3D6F56D}.Debug|ARM.ActiveCfg = Debug|Any CPU
		{A49E2A53-A647-40E4-BBD9-29ABF3D6F56D}.Debug|ARM.Build.0 = Debug|Any CPU
		{A49E2A53-A647-40E4-BBD9-29ABF3D6F56D}.Debug|iOS.ActiveCfg = Debug|Any CPU
		{A49E2A53-A647-40E4-BBD9-29ABF3D6F56D}.Debug|iOS.Build.0 = Debug|Any CPU
		{A49E2A53-A647-40E4-BBD9-29ABF3D6F56D}.Debug|iPhone.ActiveCfg = Debug|Any CPU
		{A49E2A53-A647-40E4-BBD9-29ABF3D6F56D}.Debug|iPhone.Build.0 = Debug|Any CPU
		{A49E2A53-A647-40E4-BBD9-29ABF3D6F56D}.Debug|iPhoneSimulator.ActiveCfg = Debug|Any CPU
		{A49E2A53-A647-40E4-BBD9-29ABF3D6F56D}.Debug|iPhoneSimulator.Build.0 = Debug|Any CPU
		{A49E2A53-A647-40E4-BBD9-29ABF3D6F56D}.Debug|Windows Phone (Universal).ActiveCfg = Debug|Any CPU
		{A49E2A53-A647-40E4-BBD9-29ABF3D6F56D}.Debug|Windows Phone (Universal).Build.0 = Debug|Any CPU
		{A49E2A53-A647-40E4-BBD9-29ABF3D6F56D}.Debug|Windows Phone 8.ActiveCfg = Debug|Any CPU
		{A49E2A53-A647-40E4-BBD9-29ABF3D6F56D}.Debug|Windows Phone 8.Build.0 = Debug|Any CPU
		{A49E2A53-A647-40E4-BBD9-29ABF3D6F56D}.Debug|Windows-AnyCPU.ActiveCfg = Debug|Any CPU
		{A49E2A53-A647-40E4-BBD9-29ABF3D6F56D}.Debug|Windows-AnyCPU.Build.0 = Debug|Any CPU
		{A49E2A53-A647-40E4-BBD9-29ABF3D6F56D}.Debug|Windows-ARM.ActiveCfg = Debug|Any CPU
		{A49E2A53-A647-40E4-BBD9-29ABF3D6F56D}.Debug|Windows-ARM.Build.0 = Debug|Any CPU
		{A49E2A53-A647-40E4-BBD9-29ABF3D6F56D}.Debug|Windows-x64.ActiveCfg = Debug|Any CPU
		{A49E2A53-A647-40E4-BBD9-29ABF3D6F56D}.Debug|Windows-x64.Build.0 = Debug|Any CPU
		{A49E2A53-A647-40E4-BBD9-29ABF3D6F56D}.Debug|Windows-x86.ActiveCfg = Debug|Any CPU
		{A49E2A53-A647-40E4-BBD9-29ABF3D6F56D}.Debug|Windows-x86.Build.0 = Debug|Any CPU
		{A49E2A53-A647-40E4-BBD9-29ABF3D6F56D}.Debug|x64.ActiveCfg = Debug|Any CPU
		{A49E2A53-A647-40E4-BBD9-29ABF3D6F56D}.Debug|x64.Build.0 = Debug|Any CPU
		{A49E2A53-A647-40E4-BBD9-29ABF3D6F56D}.Debug|x86.ActiveCfg = Debug|Any CPU
		{A49E2A53-A647-40E4-BBD9-29ABF3D6F56D}.Debug|x86.Build.0 = Debug|Any CPU
		{A49E2A53-A647-40E4-BBD9-29ABF3D6F56D}.Release|Android.ActiveCfg = Release|Any CPU
		{A49E2A53-A647-40E4-BBD9-29ABF3D6F56D}.Release|Android.Build.0 = Release|Any CPU
		{A49E2A53-A647-40E4-BBD9-29ABF3D6F56D}.Release|Any CPU.ActiveCfg = Release|Any CPU
		{A49E2A53-A647-40E4-BBD9-29ABF3D6F56D}.Release|Any CPU.Build.0 = Release|Any CPU
		{A49E2A53-A647-40E4-BBD9-29ABF3D6F56D}.Release|ARM.ActiveCfg = Release|Any CPU
		{A49E2A53-A647-40E4-BBD9-29ABF3D6F56D}.Release|ARM.Build.0 = Release|Any CPU
		{A49E2A53-A647-40E4-BBD9-29ABF3D6F56D}.Release|iOS.ActiveCfg = Release|Any CPU
		{A49E2A53-A647-40E4-BBD9-29ABF3D6F56D}.Release|iOS.Build.0 = Release|Any CPU
		{A49E2A53-A647-40E4-BBD9-29ABF3D6F56D}.Release|iPhone.ActiveCfg = Release|Any CPU
		{A49E2A53-A647-40E4-BBD9-29ABF3D6F56D}.Release|iPhone.Build.0 = Release|Any CPU
		{A49E2A53-A647-40E4-BBD9-29ABF3D6F56D}.Release|iPhoneSimulator.ActiveCfg = Release|Any CPU
		{A49E2A53-A647-40E4-BBD9-29ABF3D6F56D}.Release|iPhoneSimulator.Build.0 = Release|Any CPU
		{A49E2A53-A647-40E4-BBD9-29ABF3D6F56D}.Release|Windows Phone (Universal).ActiveCfg = Release|Any CPU
		{A49E2A53-A647-40E4-BBD9-29ABF3D6F56D}.Release|Windows Phone (Universal).Build.0 = Release|Any CPU
		{A49E2A53-A647-40E4-BBD9-29ABF3D6F56D}.Release|Windows Phone 8.ActiveCfg = Release|Any CPU
		{A49E2A53-A647-40E4-BBD9-29ABF3D6F56D}.Release|Windows Phone 8.Build.0 = Release|Any CPU
		{A49E2A53-A647-40E4-BBD9-29ABF3D6F56D}.Release|Windows-AnyCPU.ActiveCfg = Release|Any CPU
		{A49E2A53-A647-40E4-BBD9-29ABF3D6F56D}.Release|Windows-AnyCPU.Build.0 = Release|Any CPU
		{A49E2A53-A647-40E4-BBD9-29ABF3D6F56D}.Release|Windows-ARM.ActiveCfg = Release|Any CPU
		{A49E2A53-A647-40E4-BBD9-29ABF3D6F56D}.Release|Windows-ARM.Build.0 = Release|Any CPU
		{A49E2A53-A647-40E4-BBD9-29ABF3D6F56D}.Release|Windows-x64.ActiveCfg = Release|Any CPU
		{A49E2A53-A647-40E4-BBD9-29ABF3D6F56D}.Release|Windows-x64.Build.0 = Release|Any CPU
		{A49E2A53-A647-40E4-BBD9-29ABF3D6F56D}.Release|Windows-x86.ActiveCfg = Release|Any CPU
		{A49E2A53-A647-40E4-BBD9-29ABF3D6F56D}.Release|Windows-x86.Build.0 = Release|Any CPU
		{A49E2A53-A647-40E4-BBD9-29ABF3D6F56D}.Release|x64.ActiveCfg = Release|Any CPU
		{A49E2A53-A647-40E4-BBD9-29ABF3D6F56D}.Release|x64.Build.0 = Release|Any CPU
		{A49E2A53-A647-40E4-BBD9-29ABF3D6F56D}.Release|x86.ActiveCfg = Release|Any CPU
		{A49E2A53-A647-40E4-BBD9-29ABF3D6F56D}.Release|x86.Build.0 = Release|Any CPU
		{D6410671-9043-4DB7-862B-C152F22BAF36}.Debug|Android.ActiveCfg = Debug|Any CPU
		{D6410671-9043-4DB7-862B-C152F22BAF36}.Debug|Android.Build.0 = Debug|Any CPU
		{D6410671-9043-4DB7-862B-C152F22BAF36}.Debug|Any CPU.ActiveCfg = Debug|Any CPU
		{D6410671-9043-4DB7-862B-C152F22BAF36}.Debug|Any CPU.Build.0 = Debug|Any CPU
		{D6410671-9043-4DB7-862B-C152F22BAF36}.Debug|ARM.ActiveCfg = Debug|Any CPU
		{D6410671-9043-4DB7-862B-C152F22BAF36}.Debug|ARM.Build.0 = Debug|Any CPU
		{D6410671-9043-4DB7-862B-C152F22BAF36}.Debug|iOS.ActiveCfg = Debug|Any CPU
		{D6410671-9043-4DB7-862B-C152F22BAF36}.Debug|iOS.Build.0 = Debug|Any CPU
		{D6410671-9043-4DB7-862B-C152F22BAF36}.Debug|iPhone.ActiveCfg = Debug|Any CPU
		{D6410671-9043-4DB7-862B-C152F22BAF36}.Debug|iPhone.Build.0 = Debug|Any CPU
		{D6410671-9043-4DB7-862B-C152F22BAF36}.Debug|iPhoneSimulator.ActiveCfg = Debug|Any CPU
		{D6410671-9043-4DB7-862B-C152F22BAF36}.Debug|iPhoneSimulator.Build.0 = Debug|Any CPU
		{D6410671-9043-4DB7-862B-C152F22BAF36}.Debug|Windows Phone (Universal).ActiveCfg = Debug|Any CPU
		{D6410671-9043-4DB7-862B-C152F22BAF36}.Debug|Windows Phone (Universal).Build.0 = Debug|Any CPU
		{D6410671-9043-4DB7-862B-C152F22BAF36}.Debug|Windows Phone 8.ActiveCfg = Debug|Any CPU
		{D6410671-9043-4DB7-862B-C152F22BAF36}.Debug|Windows Phone 8.Build.0 = Debug|Any CPU
		{D6410671-9043-4DB7-862B-C152F22BAF36}.Debug|Windows-AnyCPU.ActiveCfg = Debug|Any CPU
		{D6410671-9043-4DB7-862B-C152F22BAF36}.Debug|Windows-AnyCPU.Build.0 = Debug|Any CPU
		{D6410671-9043-4DB7-862B-C152F22BAF36}.Debug|Windows-ARM.ActiveCfg = Debug|Any CPU
		{D6410671-9043-4DB7-862B-C152F22BAF36}.Debug|Windows-ARM.Build.0 = Debug|Any CPU
		{D6410671-9043-4DB7-862B-C152F22BAF36}.Debug|Windows-x64.ActiveCfg = Debug|Any CPU
		{D6410671-9043-4DB7-862B-C152F22BAF36}.Debug|Windows-x64.Build.0 = Debug|Any CPU
		{D6410671-9043-4DB7-862B-C152F22BAF36}.Debug|Windows-x86.ActiveCfg = Debug|Any CPU
		{D6410671-9043-4DB7-862B-C152F22BAF36}.Debug|Windows-x86.Build.0 = Debug|Any CPU
		{D6410671-9043-4DB7-862B-C152F22BAF36}.Debug|x64.ActiveCfg = Debug|Any CPU
		{D6410671-9043-4DB7-862B-C152F22BAF36}.Debug|x64.Build.0 = Debug|Any CPU
		{D6410671-9043-4DB7-862B-C152F22BAF36}.Debug|x86.ActiveCfg = Debug|Any CPU
		{D6410671-9043-4DB7-862B-C152F22BAF36}.Debug|x86.Build.0 = Debug|Any CPU
		{D6410671-9043-4DB7-862B-C152F22BAF36}.Release|Android.ActiveCfg = Release|Any CPU
		{D6410671-9043-4DB7-862B-C152F22BAF36}.Release|Android.Build.0 = Release|Any CPU
		{D6410671-9043-4DB7-862B-C152F22BAF36}.Release|Any CPU.ActiveCfg = Release|Any CPU
		{D6410671-9043-4DB7-862B-C152F22BAF36}.Release|Any CPU.Build.0 = Release|Any CPU
		{D6410671-9043-4DB7-862B-C152F22BAF36}.Release|ARM.ActiveCfg = Release|Any CPU
		{D6410671-9043-4DB7-862B-C152F22BAF36}.Release|ARM.Build.0 = Release|Any CPU
		{D6410671-9043-4DB7-862B-C152F22BAF36}.Release|iOS.ActiveCfg = Release|Any CPU
		{D6410671-9043-4DB7-862B-C152F22BAF36}.Release|iOS.Build.0 = Release|Any CPU
		{D6410671-9043-4DB7-862B-C152F22BAF36}.Release|iPhone.ActiveCfg = Release|Any CPU
		{D6410671-9043-4DB7-862B-C152F22BAF36}.Release|iPhone.Build.0 = Release|Any CPU
		{D6410671-9043-4DB7-862B-C152F22BAF36}.Release|iPhoneSimulator.ActiveCfg = Release|Any CPU
		{D6410671-9043-4DB7-862B-C152F22BAF36}.Release|iPhoneSimulator.Build.0 = Release|Any CPU
		{D6410671-9043-4DB7-862B-C152F22BAF36}.Release|Windows Phone (Universal).ActiveCfg = Release|Any CPU
		{D6410671-9043-4DB7-862B-C152F22BAF36}.Release|Windows Phone (Universal).Build.0 = Release|Any CPU
		{D6410671-9043-4DB7-862B-C152F22BAF36}.Release|Windows Phone 8.ActiveCfg = Release|Any CPU
		{D6410671-9043-4DB7-862B-C152F22BAF36}.Release|Windows Phone 8.Build.0 = Release|Any CPU
		{D6410671-9043-4DB7-862B-C152F22BAF36}.Release|Windows-AnyCPU.ActiveCfg = Release|Any CPU
		{D6410671-9043-4DB7-862B-C152F22BAF36}.Release|Windows-AnyCPU.Build.0 = Release|Any CPU
		{D6410671-9043-4DB7-862B-C152F22BAF36}.Release|Windows-ARM.ActiveCfg = Release|Any CPU
		{D6410671-9043-4DB7-862B-C152F22BAF36}.Release|Windows-ARM.Build.0 = Release|Any CPU
		{D6410671-9043-4DB7-862B-C152F22BAF36}.Release|Windows-x64.ActiveCfg = Release|Any CPU
		{D6410671-9043-4DB7-862B-C152F22BAF36}.Release|Windows-x64.Build.0 = Release|Any CPU
		{D6410671-9043-4DB7-862B-C152F22BAF36}.Release|Windows-x86.ActiveCfg = Release|Any CPU
		{D6410671-9043-4DB7-862B-C152F22BAF36}.Release|Windows-x86.Build.0 = Release|Any CPU
		{D6410671-9043-4DB7-862B-C152F22BAF36}.Release|x64.ActiveCfg = Release|Any CPU
		{D6410671-9043-4DB7-862B-C152F22BAF36}.Release|x64.Build.0 = Release|Any CPU
		{D6410671-9043-4DB7-862B-C152F22BAF36}.Release|x86.ActiveCfg = Release|Any CPU
		{D6410671-9043-4DB7-862B-C152F22BAF36}.Release|x86.Build.0 = Release|Any CPU
		{CC45BE7A-6856-497C-8110-160E4B572CE6}.Debug|Android.ActiveCfg = Debug|Any CPU
		{CC45BE7A-6856-497C-8110-160E4B572CE6}.Debug|Android.Build.0 = Debug|Any CPU
		{CC45BE7A-6856-497C-8110-160E4B572CE6}.Debug|Any CPU.ActiveCfg = Debug|Any CPU
		{CC45BE7A-6856-497C-8110-160E4B572CE6}.Debug|Any CPU.Build.0 = Debug|Any CPU
		{CC45BE7A-6856-497C-8110-160E4B572CE6}.Debug|ARM.ActiveCfg = Debug|Any CPU
		{CC45BE7A-6856-497C-8110-160E4B572CE6}.Debug|ARM.Build.0 = Debug|Any CPU
		{CC45BE7A-6856-497C-8110-160E4B572CE6}.Debug|iOS.ActiveCfg = Debug|Any CPU
		{CC45BE7A-6856-497C-8110-160E4B572CE6}.Debug|iOS.Build.0 = Debug|Any CPU
		{CC45BE7A-6856-497C-8110-160E4B572CE6}.Debug|iPhone.ActiveCfg = Debug|Any CPU
		{CC45BE7A-6856-497C-8110-160E4B572CE6}.Debug|iPhone.Build.0 = Debug|Any CPU
		{CC45BE7A-6856-497C-8110-160E4B572CE6}.Debug|iPhoneSimulator.ActiveCfg = Debug|Any CPU
		{CC45BE7A-6856-497C-8110-160E4B572CE6}.Debug|iPhoneSimulator.Build.0 = Debug|Any CPU
		{CC45BE7A-6856-497C-8110-160E4B572CE6}.Debug|Windows Phone (Universal).ActiveCfg = Debug|Any CPU
		{CC45BE7A-6856-497C-8110-160E4B572CE6}.Debug|Windows Phone (Universal).Build.0 = Debug|Any CPU
		{CC45BE7A-6856-497C-8110-160E4B572CE6}.Debug|Windows Phone 8.ActiveCfg = Debug|Any CPU
		{CC45BE7A-6856-497C-8110-160E4B572CE6}.Debug|Windows Phone 8.Build.0 = Debug|Any CPU
		{CC45BE7A-6856-497C-8110-160E4B572CE6}.Debug|Windows-AnyCPU.ActiveCfg = Debug|Any CPU
		{CC45BE7A-6856-497C-8110-160E4B572CE6}.Debug|Windows-AnyCPU.Build.0 = Debug|Any CPU
		{CC45BE7A-6856-497C-8110-160E4B572CE6}.Debug|Windows-ARM.ActiveCfg = Debug|Any CPU
		{CC45BE7A-6856-497C-8110-160E4B572CE6}.Debug|Windows-ARM.Build.0 = Debug|Any CPU
		{CC45BE7A-6856-497C-8110-160E4B572CE6}.Debug|Windows-x64.ActiveCfg = Debug|Any CPU
		{CC45BE7A-6856-497C-8110-160E4B572CE6}.Debug|Windows-x64.Build.0 = Debug|Any CPU
		{CC45BE7A-6856-497C-8110-160E4B572CE6}.Debug|Windows-x86.ActiveCfg = Debug|Any CPU
		{CC45BE7A-6856-497C-8110-160E4B572CE6}.Debug|Windows-x86.Build.0 = Debug|Any CPU
		{CC45BE7A-6856-497C-8110-160E4B572CE6}.Debug|x64.ActiveCfg = Debug|Any CPU
		{CC45BE7A-6856-497C-8110-160E4B572CE6}.Debug|x64.Build.0 = Debug|Any CPU
		{CC45BE7A-6856-497C-8110-160E4B572CE6}.Debug|x86.ActiveCfg = Debug|Any CPU
		{CC45BE7A-6856-497C-8110-160E4B572CE6}.Debug|x86.Build.0 = Debug|Any CPU
		{CC45BE7A-6856-497C-8110-160E4B572CE6}.Release|Android.ActiveCfg = Release|Any CPU
		{CC45BE7A-6856-497C-8110-160E4B572CE6}.Release|Android.Build.0 = Release|Any CPU
		{CC45BE7A-6856-497C-8110-160E4B572CE6}.Release|Any CPU.ActiveCfg = Release|Any CPU
		{CC45BE7A-6856-497C-8110-160E4B572CE6}.Release|Any CPU.Build.0 = Release|Any CPU
		{CC45BE7A-6856-497C-8110-160E4B572CE6}.Release|ARM.ActiveCfg = Release|Any CPU
		{CC45BE7A-6856-497C-8110-160E4B572CE6}.Release|ARM.Build.0 = Release|Any CPU
		{CC45BE7A-6856-497C-8110-160E4B572CE6}.Release|iOS.ActiveCfg = Release|Any CPU
		{CC45BE7A-6856-497C-8110-160E4B572CE6}.Release|iOS.Build.0 = Release|Any CPU
		{CC45BE7A-6856-497C-8110-160E4B572CE6}.Release|iPhone.ActiveCfg = Release|Any CPU
		{CC45BE7A-6856-497C-8110-160E4B572CE6}.Release|iPhone.Build.0 = Release|Any CPU
		{CC45BE7A-6856-497C-8110-160E4B572CE6}.Release|iPhoneSimulator.ActiveCfg = Release|Any CPU
		{CC45BE7A-6856-497C-8110-160E4B572CE6}.Release|iPhoneSimulator.Build.0 = Release|Any CPU
		{CC45BE7A-6856-497C-8110-160E4B572CE6}.Release|Windows Phone (Universal).ActiveCfg = Release|Any CPU
		{CC45BE7A-6856-497C-8110-160E4B572CE6}.Release|Windows Phone (Universal).Build.0 = Release|Any CPU
		{CC45BE7A-6856-497C-8110-160E4B572CE6}.Release|Windows Phone 8.ActiveCfg = Release|Any CPU
		{CC45BE7A-6856-497C-8110-160E4B572CE6}.Release|Windows Phone 8.Build.0 = Release|Any CPU
		{CC45BE7A-6856-497C-8110-160E4B572CE6}.Release|Windows-AnyCPU.ActiveCfg = Release|Any CPU
		{CC45BE7A-6856-497C-8110-160E4B572CE6}.Release|Windows-AnyCPU.Build.0 = Release|Any CPU
		{CC45BE7A-6856-497C-8110-160E4B572CE6}.Release|Windows-ARM.ActiveCfg = Release|Any CPU
		{CC45BE7A-6856-497C-8110-160E4B572CE6}.Release|Windows-ARM.Build.0 = Release|Any CPU
		{CC45BE7A-6856-497C-8110-160E4B572CE6}.Release|Windows-x64.ActiveCfg = Release|Any CPU
		{CC45BE7A-6856-497C-8110-160E4B572CE6}.Release|Windows-x64.Build.0 = Release|Any CPU
		{CC45BE7A-6856-497C-8110-160E4B572CE6}.Release|Windows-x86.ActiveCfg = Release|Any CPU
		{CC45BE7A-6856-497C-8110-160E4B572CE6}.Release|Windows-x86.Build.0 = Release|Any CPU
		{CC45BE7A-6856-497C-8110-160E4B572CE6}.Release|x64.ActiveCfg = Release|Any CPU
		{CC45BE7A-6856-497C-8110-160E4B572CE6}.Release|x64.Build.0 = Release|Any CPU
		{CC45BE7A-6856-497C-8110-160E4B572CE6}.Release|x86.ActiveCfg = Release|Any CPU
		{CC45BE7A-6856-497C-8110-160E4B572CE6}.Release|x86.Build.0 = Release|Any CPU
		{B3B32185-E379-4290-B05C-85BD72AEDC07}.Debug|Android.ActiveCfg = Debug|Any CPU
		{B3B32185-E379-4290-B05C-85BD72AEDC07}.Debug|Android.Build.0 = Debug|Any CPU
		{B3B32185-E379-4290-B05C-85BD72AEDC07}.Debug|Any CPU.ActiveCfg = Debug|Any CPU
		{B3B32185-E379-4290-B05C-85BD72AEDC07}.Debug|Any CPU.Build.0 = Debug|Any CPU
		{B3B32185-E379-4290-B05C-85BD72AEDC07}.Debug|ARM.ActiveCfg = Debug|Any CPU
		{B3B32185-E379-4290-B05C-85BD72AEDC07}.Debug|ARM.Build.0 = Debug|Any CPU
		{B3B32185-E379-4290-B05C-85BD72AEDC07}.Debug|iOS.ActiveCfg = Debug|Any CPU
		{B3B32185-E379-4290-B05C-85BD72AEDC07}.Debug|iOS.Build.0 = Debug|Any CPU
		{B3B32185-E379-4290-B05C-85BD72AEDC07}.Debug|iPhone.ActiveCfg = Debug|Any CPU
		{B3B32185-E379-4290-B05C-85BD72AEDC07}.Debug|iPhone.Build.0 = Debug|Any CPU
		{B3B32185-E379-4290-B05C-85BD72AEDC07}.Debug|iPhoneSimulator.ActiveCfg = Debug|Any CPU
		{B3B32185-E379-4290-B05C-85BD72AEDC07}.Debug|iPhoneSimulator.Build.0 = Debug|Any CPU
		{B3B32185-E379-4290-B05C-85BD72AEDC07}.Debug|Windows Phone (Universal).ActiveCfg = Debug|Any CPU
		{B3B32185-E379-4290-B05C-85BD72AEDC07}.Debug|Windows Phone (Universal).Build.0 = Debug|Any CPU
		{B3B32185-E379-4290-B05C-85BD72AEDC07}.Debug|Windows Phone 8.ActiveCfg = Debug|Any CPU
		{B3B32185-E379-4290-B05C-85BD72AEDC07}.Debug|Windows Phone 8.Build.0 = Debug|Any CPU
		{B3B32185-E379-4290-B05C-85BD72AEDC07}.Debug|Windows-AnyCPU.ActiveCfg = Debug|Any CPU
		{B3B32185-E379-4290-B05C-85BD72AEDC07}.Debug|Windows-AnyCPU.Build.0 = Debug|Any CPU
		{B3B32185-E379-4290-B05C-85BD72AEDC07}.Debug|Windows-ARM.ActiveCfg = Debug|Any CPU
		{B3B32185-E379-4290-B05C-85BD72AEDC07}.Debug|Windows-ARM.Build.0 = Debug|Any CPU
		{B3B32185-E379-4290-B05C-85BD72AEDC07}.Debug|Windows-x64.ActiveCfg = Debug|Any CPU
		{B3B32185-E379-4290-B05C-85BD72AEDC07}.Debug|Windows-x64.Build.0 = Debug|Any CPU
		{B3B32185-E379-4290-B05C-85BD72AEDC07}.Debug|Windows-x86.ActiveCfg = Debug|Any CPU
		{B3B32185-E379-4290-B05C-85BD72AEDC07}.Debug|Windows-x86.Build.0 = Debug|Any CPU
		{B3B32185-E379-4290-B05C-85BD72AEDC07}.Debug|x64.ActiveCfg = Debug|Any CPU
		{B3B32185-E379-4290-B05C-85BD72AEDC07}.Debug|x64.Build.0 = Debug|Any CPU
		{B3B32185-E379-4290-B05C-85BD72AEDC07}.Debug|x86.ActiveCfg = Debug|Any CPU
		{B3B32185-E379-4290-B05C-85BD72AEDC07}.Debug|x86.Build.0 = Debug|Any CPU
		{B3B32185-E379-4290-B05C-85BD72AEDC07}.Release|Android.ActiveCfg = Release|Any CPU
		{B3B32185-E379-4290-B05C-85BD72AEDC07}.Release|Android.Build.0 = Release|Any CPU
		{B3B32185-E379-4290-B05C-85BD72AEDC07}.Release|Any CPU.ActiveCfg = Release|Any CPU
		{B3B32185-E379-4290-B05C-85BD72AEDC07}.Release|Any CPU.Build.0 = Release|Any CPU
		{B3B32185-E379-4290-B05C-85BD72AEDC07}.Release|ARM.ActiveCfg = Release|Any CPU
		{B3B32185-E379-4290-B05C-85BD72AEDC07}.Release|ARM.Build.0 = Release|Any CPU
		{B3B32185-E379-4290-B05C-85BD72AEDC07}.Release|iOS.ActiveCfg = Release|Any CPU
		{B3B32185-E379-4290-B05C-85BD72AEDC07}.Release|iOS.Build.0 = Release|Any CPU
		{B3B32185-E379-4290-B05C-85BD72AEDC07}.Release|iPhone.ActiveCfg = Release|Any CPU
		{B3B32185-E379-4290-B05C-85BD72AEDC07}.Release|iPhone.Build.0 = Release|Any CPU
		{B3B32185-E379-4290-B05C-85BD72AEDC07}.Release|iPhoneSimulator.ActiveCfg = Release|Any CPU
		{B3B32185-E379-4290-B05C-85BD72AEDC07}.Release|iPhoneSimulator.Build.0 = Release|Any CPU
		{B3B32185-E379-4290-B05C-85BD72AEDC07}.Release|Windows Phone (Universal).ActiveCfg = Release|Any CPU
		{B3B32185-E379-4290-B05C-85BD72AEDC07}.Release|Windows Phone (Universal).Build.0 = Release|Any CPU
		{B3B32185-E379-4290-B05C-85BD72AEDC07}.Release|Windows Phone 8.ActiveCfg = Release|Any CPU
		{B3B32185-E379-4290-B05C-85BD72AEDC07}.Release|Windows Phone 8.Build.0 = Release|Any CPU
		{B3B32185-E379-4290-B05C-85BD72AEDC07}.Release|Windows-AnyCPU.ActiveCfg = Release|Any CPU
		{B3B32185-E379-4290-B05C-85BD72AEDC07}.Release|Windows-AnyCPU.Build.0 = Release|Any CPU
		{B3B32185-E379-4290-B05C-85BD72AEDC07}.Release|Windows-ARM.ActiveCfg = Release|Any CPU
		{B3B32185-E379-4290-B05C-85BD72AEDC07}.Release|Windows-ARM.Build.0 = Release|Any CPU
		{B3B32185-E379-4290-B05C-85BD72AEDC07}.Release|Windows-x64.ActiveCfg = Release|Any CPU
		{B3B32185-E379-4290-B05C-85BD72AEDC07}.Release|Windows-x64.Build.0 = Release|Any CPU
		{B3B32185-E379-4290-B05C-85BD72AEDC07}.Release|Windows-x86.ActiveCfg = Release|Any CPU
		{B3B32185-E379-4290-B05C-85BD72AEDC07}.Release|Windows-x86.Build.0 = Release|Any CPU
		{B3B32185-E379-4290-B05C-85BD72AEDC07}.Release|x64.ActiveCfg = Release|Any CPU
		{B3B32185-E379-4290-B05C-85BD72AEDC07}.Release|x64.Build.0 = Release|Any CPU
		{B3B32185-E379-4290-B05C-85BD72AEDC07}.Release|x86.ActiveCfg = Release|Any CPU
		{B3B32185-E379-4290-B05C-85BD72AEDC07}.Release|x86.Build.0 = Release|Any CPU
		{D28D3539-3CA3-4407-AAEC-274983EB4A34}.Debug|Android.ActiveCfg = Debug|Any CPU
		{D28D3539-3CA3-4407-AAEC-274983EB4A34}.Debug|Android.Build.0 = Debug|Any CPU
		{D28D3539-3CA3-4407-AAEC-274983EB4A34}.Debug|Android.Deploy.0 = Debug|Any CPU
		{D28D3539-3CA3-4407-AAEC-274983EB4A34}.Debug|Any CPU.ActiveCfg = Debug|Any CPU
		{D28D3539-3CA3-4407-AAEC-274983EB4A34}.Debug|Any CPU.Build.0 = Debug|Any CPU
		{D28D3539-3CA3-4407-AAEC-274983EB4A34}.Debug|Any CPU.Deploy.0 = Debug|Any CPU
		{D28D3539-3CA3-4407-AAEC-274983EB4A34}.Debug|ARM.ActiveCfg = Debug|Any CPU
		{D28D3539-3CA3-4407-AAEC-274983EB4A34}.Debug|ARM.Build.0 = Debug|Any CPU
		{D28D3539-3CA3-4407-AAEC-274983EB4A34}.Debug|ARM.Deploy.0 = Debug|Any CPU
		{D28D3539-3CA3-4407-AAEC-274983EB4A34}.Debug|iOS.ActiveCfg = Debug|Any CPU
		{D28D3539-3CA3-4407-AAEC-274983EB4A34}.Debug|iOS.Build.0 = Debug|Any CPU
		{D28D3539-3CA3-4407-AAEC-274983EB4A34}.Debug|iOS.Deploy.0 = Debug|Any CPU
		{D28D3539-3CA3-4407-AAEC-274983EB4A34}.Debug|iPhone.ActiveCfg = Debug|Any CPU
		{D28D3539-3CA3-4407-AAEC-274983EB4A34}.Debug|iPhone.Build.0 = Debug|Any CPU
		{D28D3539-3CA3-4407-AAEC-274983EB4A34}.Debug|iPhone.Deploy.0 = Debug|Any CPU
		{D28D3539-3CA3-4407-AAEC-274983EB4A34}.Debug|iPhoneSimulator.ActiveCfg = Debug|Any CPU
		{D28D3539-3CA3-4407-AAEC-274983EB4A34}.Debug|iPhoneSimulator.Build.0 = Debug|Any CPU
		{D28D3539-3CA3-4407-AAEC-274983EB4A34}.Debug|iPhoneSimulator.Deploy.0 = Debug|Any CPU
		{D28D3539-3CA3-4407-AAEC-274983EB4A34}.Debug|Windows Phone (Universal).ActiveCfg = Debug|Any CPU
		{D28D3539-3CA3-4407-AAEC-274983EB4A34}.Debug|Windows Phone (Universal).Build.0 = Debug|Any CPU
		{D28D3539-3CA3-4407-AAEC-274983EB4A34}.Debug|Windows Phone (Universal).Deploy.0 = Debug|Any CPU
		{D28D3539-3CA3-4407-AAEC-274983EB4A34}.Debug|Windows Phone 8.ActiveCfg = Debug|Any CPU
		{D28D3539-3CA3-4407-AAEC-274983EB4A34}.Debug|Windows Phone 8.Build.0 = Debug|Any CPU
		{D28D3539-3CA3-4407-AAEC-274983EB4A34}.Debug|Windows Phone 8.Deploy.0 = Debug|Any CPU
		{D28D3539-3CA3-4407-AAEC-274983EB4A34}.Debug|Windows-AnyCPU.ActiveCfg = Debug|Any CPU
		{D28D3539-3CA3-4407-AAEC-274983EB4A34}.Debug|Windows-AnyCPU.Build.0 = Debug|Any CPU
		{D28D3539-3CA3-4407-AAEC-274983EB4A34}.Debug|Windows-AnyCPU.Deploy.0 = Debug|Any CPU
		{D28D3539-3CA3-4407-AAEC-274983EB4A34}.Debug|Windows-ARM.ActiveCfg = Debug|Any CPU
		{D28D3539-3CA3-4407-AAEC-274983EB4A34}.Debug|Windows-ARM.Build.0 = Debug|Any CPU
		{D28D3539-3CA3-4407-AAEC-274983EB4A34}.Debug|Windows-ARM.Deploy.0 = Debug|Any CPU
		{D28D3539-3CA3-4407-AAEC-274983EB4A34}.Debug|Windows-x64.ActiveCfg = Debug|Any CPU
		{D28D3539-3CA3-4407-AAEC-274983EB4A34}.Debug|Windows-x64.Build.0 = Debug|Any CPU
		{D28D3539-3CA3-4407-AAEC-274983EB4A34}.Debug|Windows-x64.Deploy.0 = Debug|Any CPU
		{D28D3539-3CA3-4407-AAEC-274983EB4A34}.Debug|Windows-x86.ActiveCfg = Debug|Any CPU
		{D28D3539-3CA3-4407-AAEC-274983EB4A34}.Debug|Windows-x86.Build.0 = Debug|Any CPU
		{D28D3539-3CA3-4407-AAEC-274983EB4A34}.Debug|Windows-x86.Deploy.0 = Debug|Any CPU
		{D28D3539-3CA3-4407-AAEC-274983EB4A34}.Debug|x64.ActiveCfg = Debug|Any CPU
		{D28D3539-3CA3-4407-AAEC-274983EB4A34}.Debug|x64.Build.0 = Debug|Any CPU
		{D28D3539-3CA3-4407-AAEC-274983EB4A34}.Debug|x64.Deploy.0 = Debug|Any CPU
		{D28D3539-3CA3-4407-AAEC-274983EB4A34}.Debug|x86.ActiveCfg = Debug|Any CPU
		{D28D3539-3CA3-4407-AAEC-274983EB4A34}.Debug|x86.Build.0 = Debug|Any CPU
		{D28D3539-3CA3-4407-AAEC-274983EB4A34}.Debug|x86.Deploy.0 = Debug|Any CPU
		{D28D3539-3CA3-4407-AAEC-274983EB4A34}.Release|Android.ActiveCfg = Release|Any CPU
		{D28D3539-3CA3-4407-AAEC-274983EB4A34}.Release|Android.Build.0 = Release|Any CPU
		{D28D3539-3CA3-4407-AAEC-274983EB4A34}.Release|Android.Deploy.0 = Release|Any CPU
		{D28D3539-3CA3-4407-AAEC-274983EB4A34}.Release|Any CPU.ActiveCfg = Release|Any CPU
		{D28D3539-3CA3-4407-AAEC-274983EB4A34}.Release|Any CPU.Build.0 = Release|Any CPU
		{D28D3539-3CA3-4407-AAEC-274983EB4A34}.Release|Any CPU.Deploy.0 = Release|Any CPU
		{D28D3539-3CA3-4407-AAEC-274983EB4A34}.Release|ARM.ActiveCfg = Release|Any CPU
		{D28D3539-3CA3-4407-AAEC-274983EB4A34}.Release|ARM.Build.0 = Release|Any CPU
		{D28D3539-3CA3-4407-AAEC-274983EB4A34}.Release|ARM.Deploy.0 = Release|Any CPU
		{D28D3539-3CA3-4407-AAEC-274983EB4A34}.Release|iOS.ActiveCfg = Release|Any CPU
		{D28D3539-3CA3-4407-AAEC-274983EB4A34}.Release|iOS.Build.0 = Release|Any CPU
		{D28D3539-3CA3-4407-AAEC-274983EB4A34}.Release|iOS.Deploy.0 = Release|Any CPU
		{D28D3539-3CA3-4407-AAEC-274983EB4A34}.Release|iPhone.ActiveCfg = Release|Any CPU
		{D28D3539-3CA3-4407-AAEC-274983EB4A34}.Release|iPhone.Build.0 = Release|Any CPU
		{D28D3539-3CA3-4407-AAEC-274983EB4A34}.Release|iPhone.Deploy.0 = Release|Any CPU
		{D28D3539-3CA3-4407-AAEC-274983EB4A34}.Release|iPhoneSimulator.ActiveCfg = Release|Any CPU
		{D28D3539-3CA3-4407-AAEC-274983EB4A34}.Release|iPhoneSimulator.Build.0 = Release|Any CPU
		{D28D3539-3CA3-4407-AAEC-274983EB4A34}.Release|iPhoneSimulator.Deploy.0 = Release|Any CPU
		{D28D3539-3CA3-4407-AAEC-274983EB4A34}.Release|Windows Phone (Universal).ActiveCfg = Release|Any CPU
		{D28D3539-3CA3-4407-AAEC-274983EB4A34}.Release|Windows Phone (Universal).Build.0 = Release|Any CPU
		{D28D3539-3CA3-4407-AAEC-274983EB4A34}.Release|Windows Phone (Universal).Deploy.0 = Release|Any CPU
		{D28D3539-3CA3-4407-AAEC-274983EB4A34}.Release|Windows Phone 8.ActiveCfg = Release|Any CPU
		{D28D3539-3CA3-4407-AAEC-274983EB4A34}.Release|Windows Phone 8.Build.0 = Release|Any CPU
		{D28D3539-3CA3-4407-AAEC-274983EB4A34}.Release|Windows Phone 8.Deploy.0 = Release|Any CPU
		{D28D3539-3CA3-4407-AAEC-274983EB4A34}.Release|Windows-AnyCPU.ActiveCfg = Release|Any CPU
		{D28D3539-3CA3-4407-AAEC-274983EB4A34}.Release|Windows-AnyCPU.Build.0 = Release|Any CPU
		{D28D3539-3CA3-4407-AAEC-274983EB4A34}.Release|Windows-AnyCPU.Deploy.0 = Release|Any CPU
		{D28D3539-3CA3-4407-AAEC-274983EB4A34}.Release|Windows-ARM.ActiveCfg = Release|Any CPU
		{D28D3539-3CA3-4407-AAEC-274983EB4A34}.Release|Windows-ARM.Build.0 = Release|Any CPU
		{D28D3539-3CA3-4407-AAEC-274983EB4A34}.Release|Windows-ARM.Deploy.0 = Release|Any CPU
		{D28D3539-3CA3-4407-AAEC-274983EB4A34}.Release|Windows-x64.ActiveCfg = Release|Any CPU
		{D28D3539-3CA3-4407-AAEC-274983EB4A34}.Release|Windows-x64.Build.0 = Release|Any CPU
		{D28D3539-3CA3-4407-AAEC-274983EB4A34}.Release|Windows-x64.Deploy.0 = Release|Any CPU
		{D28D3539-3CA3-4407-AAEC-274983EB4A34}.Release|Windows-x86.ActiveCfg = Release|Any CPU
		{D28D3539-3CA3-4407-AAEC-274983EB4A34}.Release|Windows-x86.Build.0 = Release|Any CPU
		{D28D3539-3CA3-4407-AAEC-274983EB4A34}.Release|Windows-x86.Deploy.0 = Release|Any CPU
		{D28D3539-3CA3-4407-AAEC-274983EB4A34}.Release|x64.ActiveCfg = Release|Any CPU
		{D28D3539-3CA3-4407-AAEC-274983EB4A34}.Release|x64.Build.0 = Release|Any CPU
		{D28D3539-3CA3-4407-AAEC-274983EB4A34}.Release|x64.Deploy.0 = Release|Any CPU
		{D28D3539-3CA3-4407-AAEC-274983EB4A34}.Release|x86.ActiveCfg = Release|Any CPU
		{D28D3539-3CA3-4407-AAEC-274983EB4A34}.Release|x86.Build.0 = Release|Any CPU
		{D28D3539-3CA3-4407-AAEC-274983EB4A34}.Release|x86.Deploy.0 = Release|Any CPU
		{BEDDF9FF-25EC-4D8D-A22B-0FD5BABC17BE}.Debug|Android.ActiveCfg = Debug|iPhoneSimulator
		{BEDDF9FF-25EC-4D8D-A22B-0FD5BABC17BE}.Debug|Android.Build.0 = Debug|iPhoneSimulator
		{BEDDF9FF-25EC-4D8D-A22B-0FD5BABC17BE}.Debug|Any CPU.ActiveCfg = Debug|iPhoneSimulator
		{BEDDF9FF-25EC-4D8D-A22B-0FD5BABC17BE}.Debug|Any CPU.Build.0 = Debug|iPhoneSimulator
		{BEDDF9FF-25EC-4D8D-A22B-0FD5BABC17BE}.Debug|ARM.ActiveCfg = Debug|iPhoneSimulator
		{BEDDF9FF-25EC-4D8D-A22B-0FD5BABC17BE}.Debug|ARM.Build.0 = Debug|iPhoneSimulator
		{BEDDF9FF-25EC-4D8D-A22B-0FD5BABC17BE}.Debug|iOS.ActiveCfg = Debug|iPhoneSimulator
		{BEDDF9FF-25EC-4D8D-A22B-0FD5BABC17BE}.Debug|iOS.Build.0 = Debug|iPhoneSimulator
		{BEDDF9FF-25EC-4D8D-A22B-0FD5BABC17BE}.Debug|iPhone.ActiveCfg = Debug|iPhoneSimulator
		{BEDDF9FF-25EC-4D8D-A22B-0FD5BABC17BE}.Debug|iPhone.Build.0 = Debug|iPhoneSimulator
		{BEDDF9FF-25EC-4D8D-A22B-0FD5BABC17BE}.Debug|iPhoneSimulator.ActiveCfg = Debug|iPhoneSimulator
		{BEDDF9FF-25EC-4D8D-A22B-0FD5BABC17BE}.Debug|iPhoneSimulator.Build.0 = Debug|iPhoneSimulator
		{BEDDF9FF-25EC-4D8D-A22B-0FD5BABC17BE}.Debug|Windows Phone (Universal).ActiveCfg = Debug|iPhoneSimulator
		{BEDDF9FF-25EC-4D8D-A22B-0FD5BABC17BE}.Debug|Windows Phone (Universal).Build.0 = Debug|iPhoneSimulator
		{BEDDF9FF-25EC-4D8D-A22B-0FD5BABC17BE}.Debug|Windows Phone 8.ActiveCfg = Debug|iPhoneSimulator
		{BEDDF9FF-25EC-4D8D-A22B-0FD5BABC17BE}.Debug|Windows Phone 8.Build.0 = Debug|iPhoneSimulator
		{BEDDF9FF-25EC-4D8D-A22B-0FD5BABC17BE}.Debug|Windows-AnyCPU.ActiveCfg = Debug|iPhoneSimulator
		{BEDDF9FF-25EC-4D8D-A22B-0FD5BABC17BE}.Debug|Windows-AnyCPU.Build.0 = Debug|iPhoneSimulator
		{BEDDF9FF-25EC-4D8D-A22B-0FD5BABC17BE}.Debug|Windows-ARM.ActiveCfg = Debug|iPhoneSimulator
		{BEDDF9FF-25EC-4D8D-A22B-0FD5BABC17BE}.Debug|Windows-ARM.Build.0 = Debug|iPhoneSimulator
		{BEDDF9FF-25EC-4D8D-A22B-0FD5BABC17BE}.Debug|Windows-x64.ActiveCfg = Debug|iPhoneSimulator
		{BEDDF9FF-25EC-4D8D-A22B-0FD5BABC17BE}.Debug|Windows-x64.Build.0 = Debug|iPhoneSimulator
		{BEDDF9FF-25EC-4D8D-A22B-0FD5BABC17BE}.Debug|Windows-x86.ActiveCfg = Debug|iPhoneSimulator
		{BEDDF9FF-25EC-4D8D-A22B-0FD5BABC17BE}.Debug|Windows-x86.Build.0 = Debug|iPhoneSimulator
		{BEDDF9FF-25EC-4D8D-A22B-0FD5BABC17BE}.Debug|x64.ActiveCfg = Debug|iPhoneSimulator
		{BEDDF9FF-25EC-4D8D-A22B-0FD5BABC17BE}.Debug|x64.Build.0 = Debug|iPhoneSimulator
		{BEDDF9FF-25EC-4D8D-A22B-0FD5BABC17BE}.Debug|x86.ActiveCfg = Debug|iPhoneSimulator
		{BEDDF9FF-25EC-4D8D-A22B-0FD5BABC17BE}.Debug|x86.Build.0 = Debug|iPhoneSimulator
		{BEDDF9FF-25EC-4D8D-A22B-0FD5BABC17BE}.Release|Android.ActiveCfg = Release|iPhoneSimulator
		{BEDDF9FF-25EC-4D8D-A22B-0FD5BABC17BE}.Release|Android.Build.0 = Release|iPhoneSimulator
		{BEDDF9FF-25EC-4D8D-A22B-0FD5BABC17BE}.Release|Any CPU.ActiveCfg = Release|iPhoneSimulator
		{BEDDF9FF-25EC-4D8D-A22B-0FD5BABC17BE}.Release|Any CPU.Build.0 = Release|iPhoneSimulator
		{BEDDF9FF-25EC-4D8D-A22B-0FD5BABC17BE}.Release|ARM.ActiveCfg = Release|iPhoneSimulator
		{BEDDF9FF-25EC-4D8D-A22B-0FD5BABC17BE}.Release|ARM.Build.0 = Release|iPhoneSimulator
		{BEDDF9FF-25EC-4D8D-A22B-0FD5BABC17BE}.Release|iOS.ActiveCfg = Release|iPhoneSimulator
		{BEDDF9FF-25EC-4D8D-A22B-0FD5BABC17BE}.Release|iOS.Build.0 = Release|iPhoneSimulator
		{BEDDF9FF-25EC-4D8D-A22B-0FD5BABC17BE}.Release|iPhone.ActiveCfg = Release|iPhoneSimulator
		{BEDDF9FF-25EC-4D8D-A22B-0FD5BABC17BE}.Release|iPhone.Build.0 = Release|iPhoneSimulator
		{BEDDF9FF-25EC-4D8D-A22B-0FD5BABC17BE}.Release|iPhoneSimulator.ActiveCfg = Release|iPhoneSimulator
		{BEDDF9FF-25EC-4D8D-A22B-0FD5BABC17BE}.Release|iPhoneSimulator.Build.0 = Release|iPhoneSimulator
		{BEDDF9FF-25EC-4D8D-A22B-0FD5BABC17BE}.Release|Windows Phone (Universal).ActiveCfg = Release|iPhoneSimulator
		{BEDDF9FF-25EC-4D8D-A22B-0FD5BABC17BE}.Release|Windows Phone (Universal).Build.0 = Release|iPhoneSimulator
		{BEDDF9FF-25EC-4D8D-A22B-0FD5BABC17BE}.Release|Windows Phone 8.ActiveCfg = Release|iPhoneSimulator
		{BEDDF9FF-25EC-4D8D-A22B-0FD5BABC17BE}.Release|Windows Phone 8.Build.0 = Release|iPhoneSimulator
		{BEDDF9FF-25EC-4D8D-A22B-0FD5BABC17BE}.Release|Windows-AnyCPU.ActiveCfg = Release|iPhoneSimulator
		{BEDDF9FF-25EC-4D8D-A22B-0FD5BABC17BE}.Release|Windows-AnyCPU.Build.0 = Release|iPhoneSimulator
		{BEDDF9FF-25EC-4D8D-A22B-0FD5BABC17BE}.Release|Windows-ARM.ActiveCfg = Release|iPhoneSimulator
		{BEDDF9FF-25EC-4D8D-A22B-0FD5BABC17BE}.Release|Windows-ARM.Build.0 = Release|iPhoneSimulator
		{BEDDF9FF-25EC-4D8D-A22B-0FD5BABC17BE}.Release|Windows-x64.ActiveCfg = Release|iPhoneSimulator
		{BEDDF9FF-25EC-4D8D-A22B-0FD5BABC17BE}.Release|Windows-x64.Build.0 = Release|iPhoneSimulator
		{BEDDF9FF-25EC-4D8D-A22B-0FD5BABC17BE}.Release|Windows-x86.ActiveCfg = Release|iPhoneSimulator
		{BEDDF9FF-25EC-4D8D-A22B-0FD5BABC17BE}.Release|Windows-x86.Build.0 = Release|iPhoneSimulator
		{BEDDF9FF-25EC-4D8D-A22B-0FD5BABC17BE}.Release|x64.ActiveCfg = Release|iPhoneSimulator
		{BEDDF9FF-25EC-4D8D-A22B-0FD5BABC17BE}.Release|x64.Build.0 = Release|iPhoneSimulator
		{BEDDF9FF-25EC-4D8D-A22B-0FD5BABC17BE}.Release|x86.ActiveCfg = Release|iPhoneSimulator
		{BEDDF9FF-25EC-4D8D-A22B-0FD5BABC17BE}.Release|x86.Build.0 = Release|iPhoneSimulator
		{03545ECE-CF17-4204-85C7-070B4BF1E0F9}.Debug|Android.ActiveCfg = Debug|Any CPU
		{03545ECE-CF17-4204-85C7-070B4BF1E0F9}.Debug|Android.Build.0 = Debug|Any CPU
		{03545ECE-CF17-4204-85C7-070B4BF1E0F9}.Debug|Any CPU.ActiveCfg = Debug|Any CPU
		{03545ECE-CF17-4204-85C7-070B4BF1E0F9}.Debug|Any CPU.Build.0 = Debug|Any CPU
		{03545ECE-CF17-4204-85C7-070B4BF1E0F9}.Debug|ARM.ActiveCfg = Debug|Any CPU
		{03545ECE-CF17-4204-85C7-070B4BF1E0F9}.Debug|ARM.Build.0 = Debug|Any CPU
		{03545ECE-CF17-4204-85C7-070B4BF1E0F9}.Debug|iOS.ActiveCfg = Debug|Any CPU
		{03545ECE-CF17-4204-85C7-070B4BF1E0F9}.Debug|iOS.Build.0 = Debug|Any CPU
		{03545ECE-CF17-4204-85C7-070B4BF1E0F9}.Debug|iPhone.ActiveCfg = Debug|Any CPU
		{03545ECE-CF17-4204-85C7-070B4BF1E0F9}.Debug|iPhone.Build.0 = Debug|Any CPU
		{03545ECE-CF17-4204-85C7-070B4BF1E0F9}.Debug|iPhoneSimulator.ActiveCfg = Debug|Any CPU
		{03545ECE-CF17-4204-85C7-070B4BF1E0F9}.Debug|iPhoneSimulator.Build.0 = Debug|Any CPU
		{03545ECE-CF17-4204-85C7-070B4BF1E0F9}.Debug|Windows Phone (Universal).ActiveCfg = Debug|Any CPU
		{03545ECE-CF17-4204-85C7-070B4BF1E0F9}.Debug|Windows Phone (Universal).Build.0 = Debug|Any CPU
		{03545ECE-CF17-4204-85C7-070B4BF1E0F9}.Debug|Windows Phone 8.ActiveCfg = Debug|Any CPU
		{03545ECE-CF17-4204-85C7-070B4BF1E0F9}.Debug|Windows Phone 8.Build.0 = Debug|Any CPU
		{03545ECE-CF17-4204-85C7-070B4BF1E0F9}.Debug|Windows-AnyCPU.ActiveCfg = Debug|Any CPU
		{03545ECE-CF17-4204-85C7-070B4BF1E0F9}.Debug|Windows-AnyCPU.Build.0 = Debug|Any CPU
		{03545ECE-CF17-4204-85C7-070B4BF1E0F9}.Debug|Windows-ARM.ActiveCfg = Debug|Any CPU
		{03545ECE-CF17-4204-85C7-070B4BF1E0F9}.Debug|Windows-ARM.Build.0 = Debug|Any CPU
		{03545ECE-CF17-4204-85C7-070B4BF1E0F9}.Debug|Windows-x64.ActiveCfg = Debug|Any CPU
		{03545ECE-CF17-4204-85C7-070B4BF1E0F9}.Debug|Windows-x64.Build.0 = Debug|Any CPU
		{03545ECE-CF17-4204-85C7-070B4BF1E0F9}.Debug|Windows-x86.ActiveCfg = Debug|Any CPU
		{03545ECE-CF17-4204-85C7-070B4BF1E0F9}.Debug|Windows-x86.Build.0 = Debug|Any CPU
		{03545ECE-CF17-4204-85C7-070B4BF1E0F9}.Debug|x64.ActiveCfg = Debug|Any CPU
		{03545ECE-CF17-4204-85C7-070B4BF1E0F9}.Debug|x64.Build.0 = Debug|Any CPU
		{03545ECE-CF17-4204-85C7-070B4BF1E0F9}.Debug|x86.ActiveCfg = Debug|Any CPU
		{03545ECE-CF17-4204-85C7-070B4BF1E0F9}.Debug|x86.Build.0 = Debug|Any CPU
		{03545ECE-CF17-4204-85C7-070B4BF1E0F9}.Release|Android.ActiveCfg = Release|Any CPU
		{03545ECE-CF17-4204-85C7-070B4BF1E0F9}.Release|Android.Build.0 = Release|Any CPU
		{03545ECE-CF17-4204-85C7-070B4BF1E0F9}.Release|Any CPU.ActiveCfg = Release|Any CPU
		{03545ECE-CF17-4204-85C7-070B4BF1E0F9}.Release|Any CPU.Build.0 = Release|Any CPU
		{03545ECE-CF17-4204-85C7-070B4BF1E0F9}.Release|ARM.ActiveCfg = Release|Any CPU
		{03545ECE-CF17-4204-85C7-070B4BF1E0F9}.Release|ARM.Build.0 = Release|Any CPU
		{03545ECE-CF17-4204-85C7-070B4BF1E0F9}.Release|iOS.ActiveCfg = Release|Any CPU
		{03545ECE-CF17-4204-85C7-070B4BF1E0F9}.Release|iOS.Build.0 = Release|Any CPU
		{03545ECE-CF17-4204-85C7-070B4BF1E0F9}.Release|iPhone.ActiveCfg = Release|Any CPU
		{03545ECE-CF17-4204-85C7-070B4BF1E0F9}.Release|iPhone.Build.0 = Release|Any CPU
		{03545ECE-CF17-4204-85C7-070B4BF1E0F9}.Release|iPhoneSimulator.ActiveCfg = Release|Any CPU
		{03545ECE-CF17-4204-85C7-070B4BF1E0F9}.Release|iPhoneSimulator.Build.0 = Release|Any CPU
		{03545ECE-CF17-4204-85C7-070B4BF1E0F9}.Release|Windows Phone (Universal).ActiveCfg = Release|Any CPU
		{03545ECE-CF17-4204-85C7-070B4BF1E0F9}.Release|Windows Phone (Universal).Build.0 = Release|Any CPU
		{03545ECE-CF17-4204-85C7-070B4BF1E0F9}.Release|Windows Phone 8.ActiveCfg = Release|Any CPU
		{03545ECE-CF17-4204-85C7-070B4BF1E0F9}.Release|Windows Phone 8.Build.0 = Release|Any CPU
		{03545ECE-CF17-4204-85C7-070B4BF1E0F9}.Release|Windows-AnyCPU.ActiveCfg = Release|Any CPU
		{03545ECE-CF17-4204-85C7-070B4BF1E0F9}.Release|Windows-AnyCPU.Build.0 = Release|Any CPU
		{03545ECE-CF17-4204-85C7-070B4BF1E0F9}.Release|Windows-ARM.ActiveCfg = Release|Any CPU
		{03545ECE-CF17-4204-85C7-070B4BF1E0F9}.Release|Windows-ARM.Build.0 = Release|Any CPU
		{03545ECE-CF17-4204-85C7-070B4BF1E0F9}.Release|Windows-x64.ActiveCfg = Release|Any CPU
		{03545ECE-CF17-4204-85C7-070B4BF1E0F9}.Release|Windows-x64.Build.0 = Release|Any CPU
		{03545ECE-CF17-4204-85C7-070B4BF1E0F9}.Release|Windows-x86.ActiveCfg = Release|Any CPU
		{03545ECE-CF17-4204-85C7-070B4BF1E0F9}.Release|Windows-x86.Build.0 = Release|Any CPU
		{03545ECE-CF17-4204-85C7-070B4BF1E0F9}.Release|x64.ActiveCfg = Release|Any CPU
		{03545ECE-CF17-4204-85C7-070B4BF1E0F9}.Release|x64.Build.0 = Release|Any CPU
		{03545ECE-CF17-4204-85C7-070B4BF1E0F9}.Release|x86.ActiveCfg = Release|Any CPU
		{03545ECE-CF17-4204-85C7-070B4BF1E0F9}.Release|x86.Build.0 = Release|Any CPU
		{376023A8-FE62-4EAD-B16B-19EDD6B0E67E}.Debug|Android.ActiveCfg = Debug|Any CPU
		{376023A8-FE62-4EAD-B16B-19EDD6B0E67E}.Debug|Android.Build.0 = Debug|Any CPU
		{376023A8-FE62-4EAD-B16B-19EDD6B0E67E}.Debug|Any CPU.ActiveCfg = Debug|Any CPU
		{376023A8-FE62-4EAD-B16B-19EDD6B0E67E}.Debug|Any CPU.Build.0 = Debug|Any CPU
		{376023A8-FE62-4EAD-B16B-19EDD6B0E67E}.Debug|ARM.ActiveCfg = Debug|Any CPU
		{376023A8-FE62-4EAD-B16B-19EDD6B0E67E}.Debug|ARM.Build.0 = Debug|Any CPU
		{376023A8-FE62-4EAD-B16B-19EDD6B0E67E}.Debug|iOS.ActiveCfg = Debug|Any CPU
		{376023A8-FE62-4EAD-B16B-19EDD6B0E67E}.Debug|iOS.Build.0 = Debug|Any CPU
		{376023A8-FE62-4EAD-B16B-19EDD6B0E67E}.Debug|iPhone.ActiveCfg = Debug|Any CPU
		{376023A8-FE62-4EAD-B16B-19EDD6B0E67E}.Debug|iPhone.Build.0 = Debug|Any CPU
		{376023A8-FE62-4EAD-B16B-19EDD6B0E67E}.Debug|iPhoneSimulator.ActiveCfg = Debug|Any CPU
		{376023A8-FE62-4EAD-B16B-19EDD6B0E67E}.Debug|iPhoneSimulator.Build.0 = Debug|Any CPU
		{376023A8-FE62-4EAD-B16B-19EDD6B0E67E}.Debug|Windows Phone (Universal).ActiveCfg = Debug|Any CPU
		{376023A8-FE62-4EAD-B16B-19EDD6B0E67E}.Debug|Windows Phone (Universal).Build.0 = Debug|Any CPU
		{376023A8-FE62-4EAD-B16B-19EDD6B0E67E}.Debug|Windows Phone 8.ActiveCfg = Debug|Any CPU
		{376023A8-FE62-4EAD-B16B-19EDD6B0E67E}.Debug|Windows Phone 8.Build.0 = Debug|Any CPU
		{376023A8-FE62-4EAD-B16B-19EDD6B0E67E}.Debug|Windows-AnyCPU.ActiveCfg = Debug|Any CPU
		{376023A8-FE62-4EAD-B16B-19EDD6B0E67E}.Debug|Windows-AnyCPU.Build.0 = Debug|Any CPU
		{376023A8-FE62-4EAD-B16B-19EDD6B0E67E}.Debug|Windows-ARM.ActiveCfg = Debug|Any CPU
		{376023A8-FE62-4EAD-B16B-19EDD6B0E67E}.Debug|Windows-ARM.Build.0 = Debug|Any CPU
		{376023A8-FE62-4EAD-B16B-19EDD6B0E67E}.Debug|Windows-x64.ActiveCfg = Debug|Any CPU
		{376023A8-FE62-4EAD-B16B-19EDD6B0E67E}.Debug|Windows-x64.Build.0 = Debug|Any CPU
		{376023A8-FE62-4EAD-B16B-19EDD6B0E67E}.Debug|Windows-x86.ActiveCfg = Debug|Any CPU
		{376023A8-FE62-4EAD-B16B-19EDD6B0E67E}.Debug|Windows-x86.Build.0 = Debug|Any CPU
		{376023A8-FE62-4EAD-B16B-19EDD6B0E67E}.Debug|x64.ActiveCfg = Debug|Any CPU
		{376023A8-FE62-4EAD-B16B-19EDD6B0E67E}.Debug|x64.Build.0 = Debug|Any CPU
		{376023A8-FE62-4EAD-B16B-19EDD6B0E67E}.Debug|x86.ActiveCfg = Debug|Any CPU
		{376023A8-FE62-4EAD-B16B-19EDD6B0E67E}.Debug|x86.Build.0 = Debug|Any CPU
		{376023A8-FE62-4EAD-B16B-19EDD6B0E67E}.Release|Android.ActiveCfg = Release|Any CPU
		{376023A8-FE62-4EAD-B16B-19EDD6B0E67E}.Release|Android.Build.0 = Release|Any CPU
		{376023A8-FE62-4EAD-B16B-19EDD6B0E67E}.Release|Any CPU.ActiveCfg = Release|Any CPU
		{376023A8-FE62-4EAD-B16B-19EDD6B0E67E}.Release|Any CPU.Build.0 = Release|Any CPU
		{376023A8-FE62-4EAD-B16B-19EDD6B0E67E}.Release|ARM.ActiveCfg = Release|Any CPU
		{376023A8-FE62-4EAD-B16B-19EDD6B0E67E}.Release|ARM.Build.0 = Release|Any CPU
		{376023A8-FE62-4EAD-B16B-19EDD6B0E67E}.Release|iOS.ActiveCfg = Release|Any CPU
		{376023A8-FE62-4EAD-B16B-19EDD6B0E67E}.Release|iOS.Build.0 = Release|Any CPU
		{376023A8-FE62-4EAD-B16B-19EDD6B0E67E}.Release|iPhone.ActiveCfg = Release|Any CPU
		{376023A8-FE62-4EAD-B16B-19EDD6B0E67E}.Release|iPhone.Build.0 = Release|Any CPU
		{376023A8-FE62-4EAD-B16B-19EDD6B0E67E}.Release|iPhoneSimulator.ActiveCfg = Release|Any CPU
		{376023A8-FE62-4EAD-B16B-19EDD6B0E67E}.Release|iPhoneSimulator.Build.0 = Release|Any CPU
		{376023A8-FE62-4EAD-B16B-19EDD6B0E67E}.Release|Windows Phone (Universal).ActiveCfg = Release|Any CPU
		{376023A8-FE62-4EAD-B16B-19EDD6B0E67E}.Release|Windows Phone (Universal).Build.0 = Release|Any CPU
		{376023A8-FE62-4EAD-B16B-19EDD6B0E67E}.Release|Windows Phone 8.ActiveCfg = Release|Any CPU
		{376023A8-FE62-4EAD-B16B-19EDD6B0E67E}.Release|Windows Phone 8.Build.0 = Release|Any CPU
		{376023A8-FE62-4EAD-B16B-19EDD6B0E67E}.Release|Windows-AnyCPU.ActiveCfg = Release|Any CPU
		{376023A8-FE62-4EAD-B16B-19EDD6B0E67E}.Release|Windows-AnyCPU.Build.0 = Release|Any CPU
		{376023A8-FE62-4EAD-B16B-19EDD6B0E67E}.Release|Windows-ARM.ActiveCfg = Release|Any CPU
		{376023A8-FE62-4EAD-B16B-19EDD6B0E67E}.Release|Windows-ARM.Build.0 = Release|Any CPU
		{376023A8-FE62-4EAD-B16B-19EDD6B0E67E}.Release|Windows-x64.ActiveCfg = Release|Any CPU
		{376023A8-FE62-4EAD-B16B-19EDD6B0E67E}.Release|Windows-x64.Build.0 = Release|Any CPU
		{376023A8-FE62-4EAD-B16B-19EDD6B0E67E}.Release|Windows-x86.ActiveCfg = Release|Any CPU
		{376023A8-FE62-4EAD-B16B-19EDD6B0E67E}.Release|Windows-x86.Build.0 = Release|Any CPU
		{376023A8-FE62-4EAD-B16B-19EDD6B0E67E}.Release|x64.ActiveCfg = Release|Any CPU
		{376023A8-FE62-4EAD-B16B-19EDD6B0E67E}.Release|x64.Build.0 = Release|Any CPU
		{376023A8-FE62-4EAD-B16B-19EDD6B0E67E}.Release|x86.ActiveCfg = Release|Any CPU
		{376023A8-FE62-4EAD-B16B-19EDD6B0E67E}.Release|x86.Build.0 = Release|Any CPU
		{CE644497-E142-492F-9D91-1281A684C234}.Debug|Android.ActiveCfg = Debug|Any CPU
		{CE644497-E142-492F-9D91-1281A684C234}.Debug|Android.Build.0 = Debug|Any CPU
		{CE644497-E142-492F-9D91-1281A684C234}.Debug|Any CPU.ActiveCfg = Debug|Any CPU
		{CE644497-E142-492F-9D91-1281A684C234}.Debug|Any CPU.Build.0 = Debug|Any CPU
		{CE644497-E142-492F-9D91-1281A684C234}.Debug|ARM.ActiveCfg = Debug|Any CPU
		{CE644497-E142-492F-9D91-1281A684C234}.Debug|ARM.Build.0 = Debug|Any CPU
		{CE644497-E142-492F-9D91-1281A684C234}.Debug|iOS.ActiveCfg = Debug|Any CPU
		{CE644497-E142-492F-9D91-1281A684C234}.Debug|iOS.Build.0 = Debug|Any CPU
		{CE644497-E142-492F-9D91-1281A684C234}.Debug|iPhone.ActiveCfg = Debug|Any CPU
		{CE644497-E142-492F-9D91-1281A684C234}.Debug|iPhone.Build.0 = Debug|Any CPU
		{CE644497-E142-492F-9D91-1281A684C234}.Debug|iPhoneSimulator.ActiveCfg = Debug|Any CPU
		{CE644497-E142-492F-9D91-1281A684C234}.Debug|iPhoneSimulator.Build.0 = Debug|Any CPU
		{CE644497-E142-492F-9D91-1281A684C234}.Debug|Windows Phone (Universal).ActiveCfg = Debug|Any CPU
		{CE644497-E142-492F-9D91-1281A684C234}.Debug|Windows Phone (Universal).Build.0 = Debug|Any CPU
		{CE644497-E142-492F-9D91-1281A684C234}.Debug|Windows Phone 8.ActiveCfg = Debug|Any CPU
		{CE644497-E142-492F-9D91-1281A684C234}.Debug|Windows Phone 8.Build.0 = Debug|Any CPU
		{CE644497-E142-492F-9D91-1281A684C234}.Debug|Windows-AnyCPU.ActiveCfg = Debug|Any CPU
		{CE644497-E142-492F-9D91-1281A684C234}.Debug|Windows-AnyCPU.Build.0 = Debug|Any CPU
		{CE644497-E142-492F-9D91-1281A684C234}.Debug|Windows-ARM.ActiveCfg = Debug|Any CPU
		{CE644497-E142-492F-9D91-1281A684C234}.Debug|Windows-ARM.Build.0 = Debug|Any CPU
		{CE644497-E142-492F-9D91-1281A684C234}.Debug|Windows-x64.ActiveCfg = Debug|Any CPU
		{CE644497-E142-492F-9D91-1281A684C234}.Debug|Windows-x64.Build.0 = Debug|Any CPU
		{CE644497-E142-492F-9D91-1281A684C234}.Debug|Windows-x86.ActiveCfg = Debug|Any CPU
		{CE644497-E142-492F-9D91-1281A684C234}.Debug|Windows-x86.Build.0 = Debug|Any CPU
		{CE644497-E142-492F-9D91-1281A684C234}.Debug|x64.ActiveCfg = Debug|Any CPU
		{CE644497-E142-492F-9D91-1281A684C234}.Debug|x64.Build.0 = Debug|Any CPU
		{CE644497-E142-492F-9D91-1281A684C234}.Debug|x86.ActiveCfg = Debug|Any CPU
		{CE644497-E142-492F-9D91-1281A684C234}.Debug|x86.Build.0 = Debug|Any CPU
		{CE644497-E142-492F-9D91-1281A684C234}.Release|Android.ActiveCfg = Release|Any CPU
		{CE644497-E142-492F-9D91-1281A684C234}.Release|Android.Build.0 = Release|Any CPU
		{CE644497-E142-492F-9D91-1281A684C234}.Release|Any CPU.ActiveCfg = Release|Any CPU
		{CE644497-E142-492F-9D91-1281A684C234}.Release|Any CPU.Build.0 = Release|Any CPU
		{CE644497-E142-492F-9D91-1281A684C234}.Release|ARM.ActiveCfg = Release|Any CPU
		{CE644497-E142-492F-9D91-1281A684C234}.Release|ARM.Build.0 = Release|Any CPU
		{CE644497-E142-492F-9D91-1281A684C234}.Release|iOS.ActiveCfg = Release|Any CPU
		{CE644497-E142-492F-9D91-1281A684C234}.Release|iOS.Build.0 = Release|Any CPU
		{CE644497-E142-492F-9D91-1281A684C234}.Release|iPhone.ActiveCfg = Release|Any CPU
		{CE644497-E142-492F-9D91-1281A684C234}.Release|iPhone.Build.0 = Release|Any CPU
		{CE644497-E142-492F-9D91-1281A684C234}.Release|iPhoneSimulator.ActiveCfg = Release|Any CPU
		{CE644497-E142-492F-9D91-1281A684C234}.Release|iPhoneSimulator.Build.0 = Release|Any CPU
		{CE644497-E142-492F-9D91-1281A684C234}.Release|Windows Phone (Universal).ActiveCfg = Release|Any CPU
		{CE644497-E142-492F-9D91-1281A684C234}.Release|Windows Phone (Universal).Build.0 = Release|Any CPU
		{CE644497-E142-492F-9D91-1281A684C234}.Release|Windows Phone 8.ActiveCfg = Release|Any CPU
		{CE644497-E142-492F-9D91-1281A684C234}.Release|Windows Phone 8.Build.0 = Release|Any CPU
		{CE644497-E142-492F-9D91-1281A684C234}.Release|Windows-AnyCPU.ActiveCfg = Release|Any CPU
		{CE644497-E142-492F-9D91-1281A684C234}.Release|Windows-AnyCPU.Build.0 = Release|Any CPU
		{CE644497-E142-492F-9D91-1281A684C234}.Release|Windows-ARM.ActiveCfg = Release|Any CPU
		{CE644497-E142-492F-9D91-1281A684C234}.Release|Windows-ARM.Build.0 = Release|Any CPU
		{CE644497-E142-492F-9D91-1281A684C234}.Release|Windows-x64.ActiveCfg = Release|Any CPU
		{CE644497-E142-492F-9D91-1281A684C234}.Release|Windows-x64.Build.0 = Release|Any CPU
		{CE644497-E142-492F-9D91-1281A684C234}.Release|Windows-x86.ActiveCfg = Release|Any CPU
		{CE644497-E142-492F-9D91-1281A684C234}.Release|Windows-x86.Build.0 = Release|Any CPU
		{CE644497-E142-492F-9D91-1281A684C234}.Release|x64.ActiveCfg = Release|Any CPU
		{CE644497-E142-492F-9D91-1281A684C234}.Release|x64.Build.0 = Release|Any CPU
		{CE644497-E142-492F-9D91-1281A684C234}.Release|x86.ActiveCfg = Release|Any CPU
		{CE644497-E142-492F-9D91-1281A684C234}.Release|x86.Build.0 = Release|Any CPU
	EndGlobalSection
	GlobalSection(SolutionProperties) = preSolution
		HideSolutionNode = FALSE
	EndGlobalSection
	GlobalSection(ExtensibilityGlobals) = postSolution
		SolutionGuid = {EB71B386-CC52-4BA4-925E-4CE02688A29F}
	EndGlobalSection
	GlobalSection(MonoDevelopProperties) = preSolution
		Policies = $0
		$0.DotNetNamingPolicy = $1
	EndGlobalSection
	GlobalSection(NestedProjects) = preSolution
		{D6410671-9043-4DB7-862B-C152F22BAF36} = {18747615-D316-476A-B239-EA4BEBAC321E}
		{A49E2A53-A647-40E4-BBD9-29ABF3D6F56D} = {18747615-D316-476A-B239-EA4BEBAC321E}
		{CC45BE7A-6856-497C-8110-160E4B572CE6} = {18747615-D316-476A-B239-EA4BEBAC321E}
		{BEDDF9FF-25EC-4D8D-A22B-0FD5BABC17BE} = {18747615-D316-476A-B239-EA4BEBAC321E}
		{D28D3539-3CA3-4407-AAEC-274983EB4A34} = {022E639B-63E5-4263-AFA9-49269AACA587}
		{65A977A1-C818-4C35-9D1A-C0B9C14E8E9C} = {022E639B-63E5-4263-AFA9-49269AACA587}
		{376023A8-FE62-4EAD-B16B-19EDD6B0E67E} = {18747615-D316-476A-B239-EA4BEBAC321E}
		{03545ECE-CF17-4204-85C7-070B4BF1E0F9} = {022E639B-63E5-4263-AFA9-49269AACA587}
		{CE644497-E142-492F-9D91-1281A684C234} = {022E639B-63E5-4263-AFA9-49269AACA587}
	EndGlobalSection
EndGlobal
