
Microsoft Visual Studio Solution File, Format Version 12.00
# Visual Studio 15
VisualStudioVersion = 15.0.27130.2020
MinimumVisualStudioVersion = 10.0.40219.1
Project("{2150E333-8FDC-42A3-9474-1A3956D46DE8}") = "Examples", "Examples", "{18747615-D316-476A-B239-EA4BEBAC321E}"
EndProject
Project("{2150E333-8FDC-42A3-9474-1A3956D46DE8}") = "TestPlatforms", "TestPlatforms", "{022E639B-63E5-4263-AFA9-49269AACA587}"
EndProject
Project("{FAE04EC0-301F-11D3-BF4B-00C04F79EFBC}") = "Virgil.CryptoImpl", "Virgil.CryptoImpl\Virgil.CryptoImpl.csproj", "{5695CFF6-0F2C-488D-9777-7230F2D0D286}"
EndProject
Project("{FAE04EC0-301F-11D3-BF4B-00C04F79EFBC}") = "Crypto.Example.Droid", "Examples\Crypto.Example.Droid\Crypto.Example.Droid.csproj", "{74B43272-F5DB-47E9-BA37-BCC745834E8F}"
EndProject
Project("{D954291E-2A0B-460D-934E-DC6B0785DB48}") = "Virgil.Crypto.Shared", "Virgil.Crypto.Shared\Virgil.Crypto.Shared.shproj", "{0D879416-CB61-4913-9336-EBB76958F599}"
EndProject
Project("{9344BDBB-3E7F-41FC-A0DD-8665D75EE146}") = "Crypto.Example.CoreApp", "Examples\Crypto.Example.NetCore\Crypto.Example.CoreApp.csproj", "{1DBE00F6-06CC-43AC-B8F4-348128325448}"
EndProject
Project("{9344BDBB-3E7F-41FC-A0DD-8665D75EE146}") = "Crypto.Example.Core", "Examples\Crypto.Example.Core\Crypto.Example.Core.csproj", "{AACB74A2-AF40-47D7-B780-5B1F4BD0C42B}"
EndProject
Project("{9344BDBB-3E7F-41FC-A0DD-8665D75EE146}") = "Crypto.Example.Net", "Examples\Crypto.Example.Net\Crypto.Example.Net.csproj", "{DF45B24A-150E-4EDB-B1AF-6E47CCCE4ED3}"
EndProject
Project("{9344BDBB-3E7F-41FC-A0DD-8665D75EE146}") = "Crypto.Example.Std", "Examples\Crypto.Example.Std\Crypto.Example.Std.csproj", "{D76CFACE-86CD-4B6F-9ACE-C7ED605E0090}"
EndProject
Project("{9344BDBB-3E7F-41FC-A0DD-8665D75EE146}") = "Tests.Mac", "Tests\Tests.Mac\Tests.Mac.csproj", "{6ECB9748-31B5-401F-8329-F4CF4491DD40}"
EndProject
Project("{9344BDBB-3E7F-41FC-A0DD-8665D75EE146}") = "Tests.Shared", "Tests\Tests.Shared\Tests.Shared.shproj", "{7D921148-74B8-4CB2-A89E-6105F59DD92E}"
EndProject
Project("{9344BDBB-3E7F-41FC-A0DD-8665D75EE146}") = "InternalTests.Shared", "Tests\InternalTests.Shared\InternalTests.Shared.shproj", "{B1271CF7-3CDD-406E-B482-BC72CA204DA4}"
EndProject
Project("{9344BDBB-3E7F-41FC-A0DD-8665D75EE146}") = "Tests.Droid", "Tests\Tests.Droid\Tests.Droid.csproj", "{8425AB42-BFCA-4914-9DB2-DC82108769CD}"
EndProject
Project("{9344BDBB-3E7F-41FC-A0DD-8665D75EE146}") = "Tests.iOS", "Tests\Tests.iOS\Tests.iOS.csproj", "{2A8A3112-35B2-4EA6-99DB-9EA40C4ACABF}"
EndProject
Project("{9344BDBB-3E7F-41FC-A0DD-8665D75EE146}") = "Tests.Net", "Tests\Tests.Net\Tests.Net.csproj", "{09758E02-7521-4CEE-BE1F-B896A3BDB12C}"
EndProject
Project("{FAE04EC0-301F-11D3-BF4B-00C04F79EFBC}") = "Crypto.Example.MacApp", "Examples\Crypto.Example.MacApp\Crypto.Example.MacApp.csproj", "{8FF10B51-A31B-41D4-B3A7-566F8B701CD6}"
EndProject
Global
	GlobalSection(SharedMSBuildProjectFiles) = preSolution
		Virgil.Crypto.Shared\Virgil.Crypto.Shared.projitems*{0d879416-cb61-4913-9336-ebb76958f599}*SharedItemsImports = 13
		Tests.Shared\Tests.Shared.projitems*{80e07b2e-16a2-4343-918e-661f7d0a89c9}*SharedItemsImports = 13
		Tests.Shared\Tests.Shared.projitems*{ce644497-e142-492f-9d91-1281a684c234}*SharedItemsImports = 4
		Virgil.Crypto.Shared\Virgil.Crypto.Shared.projitems*{ce644497-e142-492f-9d91-1281a684c234}*SharedItemsImports = 4
	EndGlobalSection
	GlobalSection(SolutionConfigurationPlatforms) = preSolution
		Debug|Android = Debug|Android
		Debug|Any CPU = Debug|Any CPU
		Debug|ARM = Debug|ARM
		Debug|iOS = Debug|iOS
		Debug|iPhone = Debug|iPhone
		Debug|iPhoneSimulator = Debug|iPhoneSimulator
		Debug|Windows Phone (Universal) = Debug|Windows Phone (Universal)
		Debug|Windows Phone 8 = Debug|Windows Phone 8
		Debug|Windows-AnyCPU = Debug|Windows-AnyCPU
		Debug|Windows-ARM = Debug|Windows-ARM
		Debug|Windows-x64 = Debug|Windows-x64
		Debug|Windows-x86 = Debug|Windows-x86
		Debug|x64 = Debug|x64
		Debug|x86 = Debug|x86
		Release|Android = Release|Android
		Release|Any CPU = Release|Any CPU
		Release|ARM = Release|ARM
		Release|iOS = Release|iOS
		Release|iPhone = Release|iPhone
		Release|iPhoneSimulator = Release|iPhoneSimulator
		Release|Windows Phone (Universal) = Release|Windows Phone (Universal)
		Release|Windows Phone 8 = Release|Windows Phone 8
		Release|Windows-AnyCPU = Release|Windows-AnyCPU
		Release|Windows-ARM = Release|Windows-ARM
		Release|Windows-x64 = Release|Windows-x64
		Release|Windows-x86 = Release|Windows-x86
		Release|x64 = Release|x64
		Release|x86 = Release|x86
	EndGlobalSection
	GlobalSection(ProjectConfigurationPlatforms) = postSolution
		{5695CFF6-0F2C-488D-9777-7230F2D0D286}.Debug|Android.ActiveCfg = Debug|Any CPU
		{5695CFF6-0F2C-488D-9777-7230F2D0D286}.Debug|Android.Build.0 = Debug|Any CPU
		{5695CFF6-0F2C-488D-9777-7230F2D0D286}.Debug|Any CPU.ActiveCfg = Debug|Any CPU
		{5695CFF6-0F2C-488D-9777-7230F2D0D286}.Debug|Any CPU.Build.0 = Debug|Any CPU
		{5695CFF6-0F2C-488D-9777-7230F2D0D286}.Debug|ARM.ActiveCfg = Debug|Any CPU
		{5695CFF6-0F2C-488D-9777-7230F2D0D286}.Debug|ARM.Build.0 = Debug|Any CPU
		{5695CFF6-0F2C-488D-9777-7230F2D0D286}.Debug|iOS.ActiveCfg = Debug|Any CPU
		{5695CFF6-0F2C-488D-9777-7230F2D0D286}.Debug|iOS.Build.0 = Debug|Any CPU
		{5695CFF6-0F2C-488D-9777-7230F2D0D286}.Debug|iPhone.ActiveCfg = Debug|Any CPU
		{5695CFF6-0F2C-488D-9777-7230F2D0D286}.Debug|iPhone.Build.0 = Debug|Any CPU
		{5695CFF6-0F2C-488D-9777-7230F2D0D286}.Debug|iPhoneSimulator.ActiveCfg = Debug|Any CPU
		{5695CFF6-0F2C-488D-9777-7230F2D0D286}.Debug|iPhoneSimulator.Build.0 = Debug|Any CPU
		{5695CFF6-0F2C-488D-9777-7230F2D0D286}.Debug|Windows Phone (Universal).ActiveCfg = Debug|Any CPU
		{5695CFF6-0F2C-488D-9777-7230F2D0D286}.Debug|Windows Phone (Universal).Build.0 = Debug|Any CPU
		{5695CFF6-0F2C-488D-9777-7230F2D0D286}.Debug|Windows Phone 8.ActiveCfg = Debug|Any CPU
		{5695CFF6-0F2C-488D-9777-7230F2D0D286}.Debug|Windows Phone 8.Build.0 = Debug|Any CPU
		{5695CFF6-0F2C-488D-9777-7230F2D0D286}.Debug|Windows-AnyCPU.ActiveCfg = Debug|Any CPU
		{5695CFF6-0F2C-488D-9777-7230F2D0D286}.Debug|Windows-AnyCPU.Build.0 = Debug|Any CPU
		{5695CFF6-0F2C-488D-9777-7230F2D0D286}.Debug|Windows-ARM.ActiveCfg = Debug|Any CPU
		{5695CFF6-0F2C-488D-9777-7230F2D0D286}.Debug|Windows-ARM.Build.0 = Debug|Any CPU
		{5695CFF6-0F2C-488D-9777-7230F2D0D286}.Debug|Windows-x64.ActiveCfg = Debug|Any CPU
		{5695CFF6-0F2C-488D-9777-7230F2D0D286}.Debug|Windows-x64.Build.0 = Debug|Any CPU
		{5695CFF6-0F2C-488D-9777-7230F2D0D286}.Debug|Windows-x86.ActiveCfg = Debug|Any CPU
		{5695CFF6-0F2C-488D-9777-7230F2D0D286}.Debug|Windows-x86.Build.0 = Debug|Any CPU
		{5695CFF6-0F2C-488D-9777-7230F2D0D286}.Debug|x64.ActiveCfg = Debug|Any CPU
		{5695CFF6-0F2C-488D-9777-7230F2D0D286}.Debug|x64.Build.0 = Debug|Any CPU
		{5695CFF6-0F2C-488D-9777-7230F2D0D286}.Debug|x86.ActiveCfg = Debug|Any CPU
		{5695CFF6-0F2C-488D-9777-7230F2D0D286}.Debug|x86.Build.0 = Debug|Any CPU
		{5695CFF6-0F2C-488D-9777-7230F2D0D286}.Release|Android.ActiveCfg = Release|Any CPU
		{5695CFF6-0F2C-488D-9777-7230F2D0D286}.Release|Android.Build.0 = Release|Any CPU
		{5695CFF6-0F2C-488D-9777-7230F2D0D286}.Release|Any CPU.ActiveCfg = Release|Any CPU
		{5695CFF6-0F2C-488D-9777-7230F2D0D286}.Release|Any CPU.Build.0 = Release|Any CPU
		{5695CFF6-0F2C-488D-9777-7230F2D0D286}.Release|ARM.ActiveCfg = Release|Any CPU
		{5695CFF6-0F2C-488D-9777-7230F2D0D286}.Release|ARM.Build.0 = Release|Any CPU
		{5695CFF6-0F2C-488D-9777-7230F2D0D286}.Release|iOS.ActiveCfg = Release|Any CPU
		{5695CFF6-0F2C-488D-9777-7230F2D0D286}.Release|iOS.Build.0 = Release|Any CPU
		{5695CFF6-0F2C-488D-9777-7230F2D0D286}.Release|iPhone.ActiveCfg = Release|Any CPU
		{5695CFF6-0F2C-488D-9777-7230F2D0D286}.Release|iPhone.Build.0 = Release|Any CPU
		{5695CFF6-0F2C-488D-9777-7230F2D0D286}.Release|iPhoneSimulator.ActiveCfg = Release|Any CPU
		{5695CFF6-0F2C-488D-9777-7230F2D0D286}.Release|iPhoneSimulator.Build.0 = Release|Any CPU
		{5695CFF6-0F2C-488D-9777-7230F2D0D286}.Release|Windows Phone (Universal).ActiveCfg = Release|Any CPU
		{5695CFF6-0F2C-488D-9777-7230F2D0D286}.Release|Windows Phone (Universal).Build.0 = Release|Any CPU
		{5695CFF6-0F2C-488D-9777-7230F2D0D286}.Release|Windows Phone 8.ActiveCfg = Release|Any CPU
		{5695CFF6-0F2C-488D-9777-7230F2D0D286}.Release|Windows Phone 8.Build.0 = Release|Any CPU
		{5695CFF6-0F2C-488D-9777-7230F2D0D286}.Release|Windows-AnyCPU.ActiveCfg = Release|Any CPU
		{5695CFF6-0F2C-488D-9777-7230F2D0D286}.Release|Windows-AnyCPU.Build.0 = Release|Any CPU
		{5695CFF6-0F2C-488D-9777-7230F2D0D286}.Release|Windows-ARM.ActiveCfg = Release|Any CPU
		{5695CFF6-0F2C-488D-9777-7230F2D0D286}.Release|Windows-ARM.Build.0 = Release|Any CPU
		{5695CFF6-0F2C-488D-9777-7230F2D0D286}.Release|Windows-x64.ActiveCfg = Release|Any CPU
		{5695CFF6-0F2C-488D-9777-7230F2D0D286}.Release|Windows-x64.Build.0 = Release|Any CPU
		{5695CFF6-0F2C-488D-9777-7230F2D0D286}.Release|Windows-x86.ActiveCfg = Release|Any CPU
		{5695CFF6-0F2C-488D-9777-7230F2D0D286}.Release|Windows-x86.Build.0 = Release|Any CPU
		{5695CFF6-0F2C-488D-9777-7230F2D0D286}.Release|x64.ActiveCfg = Release|Any CPU
		{5695CFF6-0F2C-488D-9777-7230F2D0D286}.Release|x64.Build.0 = Release|Any CPU
		{5695CFF6-0F2C-488D-9777-7230F2D0D286}.Release|x86.ActiveCfg = Release|Any CPU
		{5695CFF6-0F2C-488D-9777-7230F2D0D286}.Release|x86.Build.0 = Release|Any CPU
		{74B43272-F5DB-47E9-BA37-BCC745834E8F}.Debug|Android.ActiveCfg = Debug|Any CPU
		{74B43272-F5DB-47E9-BA37-BCC745834E8F}.Debug|Android.Build.0 = Debug|Any CPU
		{74B43272-F5DB-47E9-BA37-BCC745834E8F}.Debug|Any CPU.ActiveCfg = Debug|Any CPU
		{74B43272-F5DB-47E9-BA37-BCC745834E8F}.Debug|Any CPU.Build.0 = Debug|Any CPU
		{74B43272-F5DB-47E9-BA37-BCC745834E8F}.Debug|ARM.ActiveCfg = Debug|Any CPU
		{74B43272-F5DB-47E9-BA37-BCC745834E8F}.Debug|ARM.Build.0 = Debug|Any CPU
		{74B43272-F5DB-47E9-BA37-BCC745834E8F}.Debug|iOS.ActiveCfg = Debug|Any CPU
		{74B43272-F5DB-47E9-BA37-BCC745834E8F}.Debug|iOS.Build.0 = Debug|Any CPU
		{74B43272-F5DB-47E9-BA37-BCC745834E8F}.Debug|iPhone.ActiveCfg = Debug|Any CPU
		{74B43272-F5DB-47E9-BA37-BCC745834E8F}.Debug|iPhone.Build.0 = Debug|Any CPU
		{74B43272-F5DB-47E9-BA37-BCC745834E8F}.Debug|iPhoneSimulator.ActiveCfg = Debug|Any CPU
		{74B43272-F5DB-47E9-BA37-BCC745834E8F}.Debug|iPhoneSimulator.Build.0 = Debug|Any CPU
		{74B43272-F5DB-47E9-BA37-BCC745834E8F}.Debug|Windows Phone (Universal).ActiveCfg = Debug|Any CPU
		{74B43272-F5DB-47E9-BA37-BCC745834E8F}.Debug|Windows Phone (Universal).Build.0 = Debug|Any CPU
		{74B43272-F5DB-47E9-BA37-BCC745834E8F}.Debug|Windows Phone 8.ActiveCfg = Debug|Any CPU
		{74B43272-F5DB-47E9-BA37-BCC745834E8F}.Debug|Windows Phone 8.Build.0 = Debug|Any CPU
		{74B43272-F5DB-47E9-BA37-BCC745834E8F}.Debug|Windows-AnyCPU.ActiveCfg = Debug|Any CPU
		{74B43272-F5DB-47E9-BA37-BCC745834E8F}.Debug|Windows-AnyCPU.Build.0 = Debug|Any CPU
		{74B43272-F5DB-47E9-BA37-BCC745834E8F}.Debug|Windows-ARM.ActiveCfg = Debug|Any CPU
		{74B43272-F5DB-47E9-BA37-BCC745834E8F}.Debug|Windows-ARM.Build.0 = Debug|Any CPU
		{74B43272-F5DB-47E9-BA37-BCC745834E8F}.Debug|Windows-x64.ActiveCfg = Debug|Any CPU
		{74B43272-F5DB-47E9-BA37-BCC745834E8F}.Debug|Windows-x64.Build.0 = Debug|Any CPU
		{74B43272-F5DB-47E9-BA37-BCC745834E8F}.Debug|Windows-x86.ActiveCfg = Debug|Any CPU
		{74B43272-F5DB-47E9-BA37-BCC745834E8F}.Debug|Windows-x86.Build.0 = Debug|Any CPU
		{74B43272-F5DB-47E9-BA37-BCC745834E8F}.Debug|x64.ActiveCfg = Debug|Any CPU
		{74B43272-F5DB-47E9-BA37-BCC745834E8F}.Debug|x64.Build.0 = Debug|Any CPU
		{74B43272-F5DB-47E9-BA37-BCC745834E8F}.Debug|x86.ActiveCfg = Debug|Any CPU
		{74B43272-F5DB-47E9-BA37-BCC745834E8F}.Debug|x86.Build.0 = Debug|Any CPU
		{74B43272-F5DB-47E9-BA37-BCC745834E8F}.Release|Android.ActiveCfg = Release|Any CPU
		{74B43272-F5DB-47E9-BA37-BCC745834E8F}.Release|Android.Build.0 = Release|Any CPU
		{74B43272-F5DB-47E9-BA37-BCC745834E8F}.Release|Any CPU.ActiveCfg = Release|Any CPU
		{74B43272-F5DB-47E9-BA37-BCC745834E8F}.Release|Any CPU.Build.0 = Release|Any CPU
		{74B43272-F5DB-47E9-BA37-BCC745834E8F}.Release|ARM.ActiveCfg = Release|Any CPU
		{74B43272-F5DB-47E9-BA37-BCC745834E8F}.Release|ARM.Build.0 = Release|Any CPU
		{74B43272-F5DB-47E9-BA37-BCC745834E8F}.Release|iOS.ActiveCfg = Release|Any CPU
		{74B43272-F5DB-47E9-BA37-BCC745834E8F}.Release|iOS.Build.0 = Release|Any CPU
		{74B43272-F5DB-47E9-BA37-BCC745834E8F}.Release|iPhone.ActiveCfg = Release|Any CPU
		{74B43272-F5DB-47E9-BA37-BCC745834E8F}.Release|iPhone.Build.0 = Release|Any CPU
		{74B43272-F5DB-47E9-BA37-BCC745834E8F}.Release|iPhoneSimulator.ActiveCfg = Release|Any CPU
		{74B43272-F5DB-47E9-BA37-BCC745834E8F}.Release|iPhoneSimulator.Build.0 = Release|Any CPU
		{74B43272-F5DB-47E9-BA37-BCC745834E8F}.Release|Windows Phone (Universal).ActiveCfg = Release|Any CPU
		{74B43272-F5DB-47E9-BA37-BCC745834E8F}.Release|Windows Phone (Universal).Build.0 = Release|Any CPU
		{74B43272-F5DB-47E9-BA37-BCC745834E8F}.Release|Windows Phone 8.ActiveCfg = Release|Any CPU
		{74B43272-F5DB-47E9-BA37-BCC745834E8F}.Release|Windows Phone 8.Build.0 = Release|Any CPU
		{74B43272-F5DB-47E9-BA37-BCC745834E8F}.Release|Windows-AnyCPU.ActiveCfg = Release|Any CPU
		{74B43272-F5DB-47E9-BA37-BCC745834E8F}.Release|Windows-AnyCPU.Build.0 = Release|Any CPU
		{74B43272-F5DB-47E9-BA37-BCC745834E8F}.Release|Windows-ARM.ActiveCfg = Release|Any CPU
		{74B43272-F5DB-47E9-BA37-BCC745834E8F}.Release|Windows-ARM.Build.0 = Release|Any CPU
		{74B43272-F5DB-47E9-BA37-BCC745834E8F}.Release|Windows-x64.ActiveCfg = Release|Any CPU
		{74B43272-F5DB-47E9-BA37-BCC745834E8F}.Release|Windows-x64.Build.0 = Release|Any CPU
		{74B43272-F5DB-47E9-BA37-BCC745834E8F}.Release|Windows-x86.ActiveCfg = Release|Any CPU
		{74B43272-F5DB-47E9-BA37-BCC745834E8F}.Release|Windows-x86.Build.0 = Release|Any CPU
		{74B43272-F5DB-47E9-BA37-BCC745834E8F}.Release|x64.ActiveCfg = Release|Any CPU
		{74B43272-F5DB-47E9-BA37-BCC745834E8F}.Release|x64.Build.0 = Release|Any CPU
		{74B43272-F5DB-47E9-BA37-BCC745834E8F}.Release|x86.ActiveCfg = Release|Any CPU
		{74B43272-F5DB-47E9-BA37-BCC745834E8F}.Release|x86.Build.0 = Release|Any CPU
		{1DBE00F6-06CC-43AC-B8F4-348128325448}.Debug|Android.ActiveCfg = Debug|Any CPU
		{1DBE00F6-06CC-43AC-B8F4-348128325448}.Debug|Android.Build.0 = Debug|Any CPU
		{1DBE00F6-06CC-43AC-B8F4-348128325448}.Debug|Any CPU.ActiveCfg = Debug|Any CPU
		{1DBE00F6-06CC-43AC-B8F4-348128325448}.Debug|Any CPU.Build.0 = Debug|Any CPU
		{1DBE00F6-06CC-43AC-B8F4-348128325448}.Debug|ARM.ActiveCfg = Debug|Any CPU
		{1DBE00F6-06CC-43AC-B8F4-348128325448}.Debug|ARM.Build.0 = Debug|Any CPU
		{1DBE00F6-06CC-43AC-B8F4-348128325448}.Debug|iOS.ActiveCfg = Debug|Any CPU
		{1DBE00F6-06CC-43AC-B8F4-348128325448}.Debug|iOS.Build.0 = Debug|Any CPU
		{1DBE00F6-06CC-43AC-B8F4-348128325448}.Debug|iPhone.ActiveCfg = Debug|Any CPU
		{1DBE00F6-06CC-43AC-B8F4-348128325448}.Debug|iPhone.Build.0 = Debug|Any CPU
		{1DBE00F6-06CC-43AC-B8F4-348128325448}.Debug|iPhoneSimulator.ActiveCfg = Debug|Any CPU
		{1DBE00F6-06CC-43AC-B8F4-348128325448}.Debug|iPhoneSimulator.Build.0 = Debug|Any CPU
		{1DBE00F6-06CC-43AC-B8F4-348128325448}.Debug|Windows Phone (Universal).ActiveCfg = Debug|Any CPU
		{1DBE00F6-06CC-43AC-B8F4-348128325448}.Debug|Windows Phone (Universal).Build.0 = Debug|Any CPU
		{1DBE00F6-06CC-43AC-B8F4-348128325448}.Debug|Windows Phone 8.ActiveCfg = Debug|Any CPU
		{1DBE00F6-06CC-43AC-B8F4-348128325448}.Debug|Windows Phone 8.Build.0 = Debug|Any CPU
		{1DBE00F6-06CC-43AC-B8F4-348128325448}.Debug|Windows-AnyCPU.ActiveCfg = Debug|Any CPU
		{1DBE00F6-06CC-43AC-B8F4-348128325448}.Debug|Windows-AnyCPU.Build.0 = Debug|Any CPU
		{1DBE00F6-06CC-43AC-B8F4-348128325448}.Debug|Windows-ARM.ActiveCfg = Debug|Any CPU
		{1DBE00F6-06CC-43AC-B8F4-348128325448}.Debug|Windows-ARM.Build.0 = Debug|Any CPU
		{1DBE00F6-06CC-43AC-B8F4-348128325448}.Debug|Windows-x64.ActiveCfg = Debug|Any CPU
		{1DBE00F6-06CC-43AC-B8F4-348128325448}.Debug|Windows-x64.Build.0 = Debug|Any CPU
		{1DBE00F6-06CC-43AC-B8F4-348128325448}.Debug|Windows-x86.ActiveCfg = Debug|Any CPU
		{1DBE00F6-06CC-43AC-B8F4-348128325448}.Debug|Windows-x86.Build.0 = Debug|Any CPU
		{1DBE00F6-06CC-43AC-B8F4-348128325448}.Debug|x64.ActiveCfg = Debug|Any CPU
		{1DBE00F6-06CC-43AC-B8F4-348128325448}.Debug|x64.Build.0 = Debug|Any CPU
		{1DBE00F6-06CC-43AC-B8F4-348128325448}.Debug|x86.ActiveCfg = Debug|Any CPU
		{1DBE00F6-06CC-43AC-B8F4-348128325448}.Debug|x86.Build.0 = Debug|Any CPU
		{1DBE00F6-06CC-43AC-B8F4-348128325448}.Release|Android.ActiveCfg = Release|Any CPU
		{1DBE00F6-06CC-43AC-B8F4-348128325448}.Release|Android.Build.0 = Release|Any CPU
		{1DBE00F6-06CC-43AC-B8F4-348128325448}.Release|Any CPU.ActiveCfg = Release|Any CPU
		{1DBE00F6-06CC-43AC-B8F4-348128325448}.Release|Any CPU.Build.0 = Release|Any CPU
		{1DBE00F6-06CC-43AC-B8F4-348128325448}.Release|ARM.ActiveCfg = Release|Any CPU
		{1DBE00F6-06CC-43AC-B8F4-348128325448}.Release|ARM.Build.0 = Release|Any CPU
		{1DBE00F6-06CC-43AC-B8F4-348128325448}.Release|iOS.ActiveCfg = Release|Any CPU
		{1DBE00F6-06CC-43AC-B8F4-348128325448}.Release|iOS.Build.0 = Release|Any CPU
		{1DBE00F6-06CC-43AC-B8F4-348128325448}.Release|iPhone.ActiveCfg = Release|Any CPU
		{1DBE00F6-06CC-43AC-B8F4-348128325448}.Release|iPhone.Build.0 = Release|Any CPU
		{1DBE00F6-06CC-43AC-B8F4-348128325448}.Release|iPhoneSimulator.ActiveCfg = Release|Any CPU
		{1DBE00F6-06CC-43AC-B8F4-348128325448}.Release|iPhoneSimulator.Build.0 = Release|Any CPU
		{1DBE00F6-06CC-43AC-B8F4-348128325448}.Release|Windows Phone (Universal).ActiveCfg = Release|Any CPU
		{1DBE00F6-06CC-43AC-B8F4-348128325448}.Release|Windows Phone (Universal).Build.0 = Release|Any CPU
		{1DBE00F6-06CC-43AC-B8F4-348128325448}.Release|Windows Phone 8.ActiveCfg = Release|Any CPU
		{1DBE00F6-06CC-43AC-B8F4-348128325448}.Release|Windows Phone 8.Build.0 = Release|Any CPU
		{1DBE00F6-06CC-43AC-B8F4-348128325448}.Release|Windows-AnyCPU.ActiveCfg = Release|Any CPU
		{1DBE00F6-06CC-43AC-B8F4-348128325448}.Release|Windows-AnyCPU.Build.0 = Release|Any CPU
		{1DBE00F6-06CC-43AC-B8F4-348128325448}.Release|Windows-ARM.ActiveCfg = Release|Any CPU
		{1DBE00F6-06CC-43AC-B8F4-348128325448}.Release|Windows-ARM.Build.0 = Release|Any CPU
		{1DBE00F6-06CC-43AC-B8F4-348128325448}.Release|Windows-x64.ActiveCfg = Release|Any CPU
		{1DBE00F6-06CC-43AC-B8F4-348128325448}.Release|Windows-x64.Build.0 = Release|Any CPU
		{1DBE00F6-06CC-43AC-B8F4-348128325448}.Release|Windows-x86.ActiveCfg = Release|Any CPU
		{1DBE00F6-06CC-43AC-B8F4-348128325448}.Release|Windows-x86.Build.0 = Release|Any CPU
		{1DBE00F6-06CC-43AC-B8F4-348128325448}.Release|x64.ActiveCfg = Release|Any CPU
		{1DBE00F6-06CC-43AC-B8F4-348128325448}.Release|x64.Build.0 = Release|Any CPU
		{1DBE00F6-06CC-43AC-B8F4-348128325448}.Release|x86.ActiveCfg = Release|Any CPU
		{1DBE00F6-06CC-43AC-B8F4-348128325448}.Release|x86.Build.0 = Release|Any CPU
		{AACB74A2-AF40-47D7-B780-5B1F4BD0C42B}.Debug|Android.ActiveCfg = Debug|Any CPU
		{AACB74A2-AF40-47D7-B780-5B1F4BD0C42B}.Debug|Android.Build.0 = Debug|Any CPU
		{AACB74A2-AF40-47D7-B780-5B1F4BD0C42B}.Debug|Any CPU.ActiveCfg = Debug|Any CPU
		{AACB74A2-AF40-47D7-B780-5B1F4BD0C42B}.Debug|Any CPU.Build.0 = Debug|Any CPU
		{AACB74A2-AF40-47D7-B780-5B1F4BD0C42B}.Debug|ARM.ActiveCfg = Debug|Any CPU
		{AACB74A2-AF40-47D7-B780-5B1F4BD0C42B}.Debug|ARM.Build.0 = Debug|Any CPU
		{AACB74A2-AF40-47D7-B780-5B1F4BD0C42B}.Debug|iOS.ActiveCfg = Debug|Any CPU
		{AACB74A2-AF40-47D7-B780-5B1F4BD0C42B}.Debug|iOS.Build.0 = Debug|Any CPU
		{AACB74A2-AF40-47D7-B780-5B1F4BD0C42B}.Debug|iPhone.ActiveCfg = Debug|Any CPU
		{AACB74A2-AF40-47D7-B780-5B1F4BD0C42B}.Debug|iPhone.Build.0 = Debug|Any CPU
		{AACB74A2-AF40-47D7-B780-5B1F4BD0C42B}.Debug|iPhoneSimulator.ActiveCfg = Debug|Any CPU
		{AACB74A2-AF40-47D7-B780-5B1F4BD0C42B}.Debug|iPhoneSimulator.Build.0 = Debug|Any CPU
		{AACB74A2-AF40-47D7-B780-5B1F4BD0C42B}.Debug|Windows Phone (Universal).ActiveCfg = Debug|Any CPU
		{AACB74A2-AF40-47D7-B780-5B1F4BD0C42B}.Debug|Windows Phone (Universal).Build.0 = Debug|Any CPU
		{AACB74A2-AF40-47D7-B780-5B1F4BD0C42B}.Debug|Windows Phone 8.ActiveCfg = Debug|Any CPU
		{AACB74A2-AF40-47D7-B780-5B1F4BD0C42B}.Debug|Windows Phone 8.Build.0 = Debug|Any CPU
		{AACB74A2-AF40-47D7-B780-5B1F4BD0C42B}.Debug|Windows-AnyCPU.ActiveCfg = Debug|Any CPU
		{AACB74A2-AF40-47D7-B780-5B1F4BD0C42B}.Debug|Windows-AnyCPU.Build.0 = Debug|Any CPU
		{AACB74A2-AF40-47D7-B780-5B1F4BD0C42B}.Debug|Windows-ARM.ActiveCfg = Debug|Any CPU
		{AACB74A2-AF40-47D7-B780-5B1F4BD0C42B}.Debug|Windows-ARM.Build.0 = Debug|Any CPU
		{AACB74A2-AF40-47D7-B780-5B1F4BD0C42B}.Debug|Windows-x64.ActiveCfg = Debug|Any CPU
		{AACB74A2-AF40-47D7-B780-5B1F4BD0C42B}.Debug|Windows-x64.Build.0 = Debug|Any CPU
		{AACB74A2-AF40-47D7-B780-5B1F4BD0C42B}.Debug|Windows-x86.ActiveCfg = Debug|Any CPU
		{AACB74A2-AF40-47D7-B780-5B1F4BD0C42B}.Debug|Windows-x86.Build.0 = Debug|Any CPU
		{AACB74A2-AF40-47D7-B780-5B1F4BD0C42B}.Debug|x64.ActiveCfg = Debug|Any CPU
		{AACB74A2-AF40-47D7-B780-5B1F4BD0C42B}.Debug|x64.Build.0 = Debug|Any CPU
		{AACB74A2-AF40-47D7-B780-5B1F4BD0C42B}.Debug|x86.ActiveCfg = Debug|Any CPU
		{AACB74A2-AF40-47D7-B780-5B1F4BD0C42B}.Debug|x86.Build.0 = Debug|Any CPU
		{AACB74A2-AF40-47D7-B780-5B1F4BD0C42B}.Release|Android.ActiveCfg = Release|Any CPU
		{AACB74A2-AF40-47D7-B780-5B1F4BD0C42B}.Release|Android.Build.0 = Release|Any CPU
		{AACB74A2-AF40-47D7-B780-5B1F4BD0C42B}.Release|Any CPU.ActiveCfg = Release|Any CPU
		{AACB74A2-AF40-47D7-B780-5B1F4BD0C42B}.Release|Any CPU.Build.0 = Release|Any CPU
		{AACB74A2-AF40-47D7-B780-5B1F4BD0C42B}.Release|ARM.ActiveCfg = Release|Any CPU
		{AACB74A2-AF40-47D7-B780-5B1F4BD0C42B}.Release|ARM.Build.0 = Release|Any CPU
		{AACB74A2-AF40-47D7-B780-5B1F4BD0C42B}.Release|iOS.ActiveCfg = Release|Any CPU
		{AACB74A2-AF40-47D7-B780-5B1F4BD0C42B}.Release|iOS.Build.0 = Release|Any CPU
		{AACB74A2-AF40-47D7-B780-5B1F4BD0C42B}.Release|iPhone.ActiveCfg = Release|Any CPU
		{AACB74A2-AF40-47D7-B780-5B1F4BD0C42B}.Release|iPhone.Build.0 = Release|Any CPU
		{AACB74A2-AF40-47D7-B780-5B1F4BD0C42B}.Release|iPhoneSimulator.ActiveCfg = Release|Any CPU
		{AACB74A2-AF40-47D7-B780-5B1F4BD0C42B}.Release|iPhoneSimulator.Build.0 = Release|Any CPU
		{AACB74A2-AF40-47D7-B780-5B1F4BD0C42B}.Release|Windows Phone (Universal).ActiveCfg = Release|Any CPU
		{AACB74A2-AF40-47D7-B780-5B1F4BD0C42B}.Release|Windows Phone (Universal).Build.0 = Release|Any CPU
		{AACB74A2-AF40-47D7-B780-5B1F4BD0C42B}.Release|Windows Phone 8.ActiveCfg = Release|Any CPU
		{AACB74A2-AF40-47D7-B780-5B1F4BD0C42B}.Release|Windows Phone 8.Build.0 = Release|Any CPU
		{AACB74A2-AF40-47D7-B780-5B1F4BD0C42B}.Release|Windows-AnyCPU.ActiveCfg = Release|Any CPU
		{AACB74A2-AF40-47D7-B780-5B1F4BD0C42B}.Release|Windows-AnyCPU.Build.0 = Release|Any CPU
		{AACB74A2-AF40-47D7-B780-5B1F4BD0C42B}.Release|Windows-ARM.ActiveCfg = Release|Any CPU
		{AACB74A2-AF40-47D7-B780-5B1F4BD0C42B}.Release|Windows-ARM.Build.0 = Release|Any CPU
		{AACB74A2-AF40-47D7-B780-5B1F4BD0C42B}.Release|Windows-x64.ActiveCfg = Release|Any CPU
		{AACB74A2-AF40-47D7-B780-5B1F4BD0C42B}.Release|Windows-x64.Build.0 = Release|Any CPU
		{AACB74A2-AF40-47D7-B780-5B1F4BD0C42B}.Release|Windows-x86.ActiveCfg = Release|Any CPU
		{AACB74A2-AF40-47D7-B780-5B1F4BD0C42B}.Release|Windows-x86.Build.0 = Release|Any CPU
		{AACB74A2-AF40-47D7-B780-5B1F4BD0C42B}.Release|x64.ActiveCfg = Release|Any CPU
		{AACB74A2-AF40-47D7-B780-5B1F4BD0C42B}.Release|x64.Build.0 = Release|Any CPU
		{AACB74A2-AF40-47D7-B780-5B1F4BD0C42B}.Release|x86.ActiveCfg = Release|Any CPU
		{AACB74A2-AF40-47D7-B780-5B1F4BD0C42B}.Release|x86.Build.0 = Release|Any CPU
		{DF45B24A-150E-4EDB-B1AF-6E47CCCE4ED3}.Debug|Android.ActiveCfg = Debug|iPhoneSimulator
		{DF45B24A-150E-4EDB-B1AF-6E47CCCE4ED3}.Debug|Android.Build.0 = Debug|iPhoneSimulator
		{DF45B24A-150E-4EDB-B1AF-6E47CCCE4ED3}.Debug|Any CPU.ActiveCfg = Debug|iPhoneSimulator
		{DF45B24A-150E-4EDB-B1AF-6E47CCCE4ED3}.Debug|Any CPU.Build.0 = Debug|iPhoneSimulator
		{DF45B24A-150E-4EDB-B1AF-6E47CCCE4ED3}.Debug|ARM.ActiveCfg = Debug|iPhoneSimulator
		{DF45B24A-150E-4EDB-B1AF-6E47CCCE4ED3}.Debug|ARM.Build.0 = Debug|iPhoneSimulator
		{DF45B24A-150E-4EDB-B1AF-6E47CCCE4ED3}.Debug|iOS.ActiveCfg = Debug|iPhoneSimulator
		{DF45B24A-150E-4EDB-B1AF-6E47CCCE4ED3}.Debug|iOS.Build.0 = Debug|iPhoneSimulator
		{DF45B24A-150E-4EDB-B1AF-6E47CCCE4ED3}.Debug|iPhone.ActiveCfg = Debug|iPhoneSimulator
		{DF45B24A-150E-4EDB-B1AF-6E47CCCE4ED3}.Debug|iPhone.Build.0 = Debug|iPhoneSimulator
		{DF45B24A-150E-4EDB-B1AF-6E47CCCE4ED3}.Debug|iPhoneSimulator.ActiveCfg = Debug|iPhoneSimulator
		{DF45B24A-150E-4EDB-B1AF-6E47CCCE4ED3}.Debug|iPhoneSimulator.Build.0 = Debug|iPhoneSimulator
		{DF45B24A-150E-4EDB-B1AF-6E47CCCE4ED3}.Debug|Windows Phone (Universal).ActiveCfg = Debug|iPhoneSimulator
		{DF45B24A-150E-4EDB-B1AF-6E47CCCE4ED3}.Debug|Windows Phone (Universal).Build.0 = Debug|iPhoneSimulator
		{DF45B24A-150E-4EDB-B1AF-6E47CCCE4ED3}.Debug|Windows Phone 8.ActiveCfg = Debug|iPhoneSimulator
		{DF45B24A-150E-4EDB-B1AF-6E47CCCE4ED3}.Debug|Windows Phone 8.Build.0 = Debug|iPhoneSimulator
		{DF45B24A-150E-4EDB-B1AF-6E47CCCE4ED3}.Debug|Windows-AnyCPU.ActiveCfg = Debug|iPhoneSimulator
		{DF45B24A-150E-4EDB-B1AF-6E47CCCE4ED3}.Debug|Windows-AnyCPU.Build.0 = Debug|iPhoneSimulator
		{DF45B24A-150E-4EDB-B1AF-6E47CCCE4ED3}.Debug|Windows-ARM.ActiveCfg = Debug|iPhoneSimulator
		{DF45B24A-150E-4EDB-B1AF-6E47CCCE4ED3}.Debug|Windows-ARM.Build.0 = Debug|iPhoneSimulator
		{DF45B24A-150E-4EDB-B1AF-6E47CCCE4ED3}.Debug|Windows-x64.ActiveCfg = Debug|iPhoneSimulator
		{DF45B24A-150E-4EDB-B1AF-6E47CCCE4ED3}.Debug|Windows-x64.Build.0 = Debug|iPhoneSimulator
		{DF45B24A-150E-4EDB-B1AF-6E47CCCE4ED3}.Debug|Windows-x86.ActiveCfg = Debug|iPhoneSimulator
		{DF45B24A-150E-4EDB-B1AF-6E47CCCE4ED3}.Debug|Windows-x86.Build.0 = Debug|iPhoneSimulator
		{DF45B24A-150E-4EDB-B1AF-6E47CCCE4ED3}.Debug|x64.ActiveCfg = Debug|iPhoneSimulator
		{DF45B24A-150E-4EDB-B1AF-6E47CCCE4ED3}.Debug|x64.Build.0 = Debug|iPhoneSimulator
		{DF45B24A-150E-4EDB-B1AF-6E47CCCE4ED3}.Debug|x86.ActiveCfg = Debug|iPhoneSimulator
		{DF45B24A-150E-4EDB-B1AF-6E47CCCE4ED3}.Debug|x86.Build.0 = Debug|iPhoneSimulator
		{DF45B24A-150E-4EDB-B1AF-6E47CCCE4ED3}.Release|Android.ActiveCfg = Release|iPhoneSimulator
		{DF45B24A-150E-4EDB-B1AF-6E47CCCE4ED3}.Release|Android.Build.0 = Release|iPhoneSimulator
		{DF45B24A-150E-4EDB-B1AF-6E47CCCE4ED3}.Release|Any CPU.ActiveCfg = Release|iPhoneSimulator
		{DF45B24A-150E-4EDB-B1AF-6E47CCCE4ED3}.Release|Any CPU.Build.0 = Release|iPhoneSimulator
		{DF45B24A-150E-4EDB-B1AF-6E47CCCE4ED3}.Release|ARM.ActiveCfg = Release|iPhoneSimulator
		{DF45B24A-150E-4EDB-B1AF-6E47CCCE4ED3}.Release|ARM.Build.0 = Release|iPhoneSimulator
		{DF45B24A-150E-4EDB-B1AF-6E47CCCE4ED3}.Release|iOS.ActiveCfg = Release|iPhoneSimulator
		{DF45B24A-150E-4EDB-B1AF-6E47CCCE4ED3}.Release|iOS.Build.0 = Release|iPhoneSimulator
		{DF45B24A-150E-4EDB-B1AF-6E47CCCE4ED3}.Release|iPhone.ActiveCfg = Release|iPhoneSimulator
		{DF45B24A-150E-4EDB-B1AF-6E47CCCE4ED3}.Release|iPhone.Build.0 = Release|iPhoneSimulator
		{DF45B24A-150E-4EDB-B1AF-6E47CCCE4ED3}.Release|iPhoneSimulator.ActiveCfg = Release|iPhoneSimulator
		{DF45B24A-150E-4EDB-B1AF-6E47CCCE4ED3}.Release|iPhoneSimulator.Build.0 = Release|iPhoneSimulator
		{DF45B24A-150E-4EDB-B1AF-6E47CCCE4ED3}.Release|Windows Phone (Universal).ActiveCfg = Release|iPhoneSimulator
		{DF45B24A-150E-4EDB-B1AF-6E47CCCE4ED3}.Release|Windows Phone (Universal).Build.0 = Release|iPhoneSimulator
		{DF45B24A-150E-4EDB-B1AF-6E47CCCE4ED3}.Release|Windows Phone 8.ActiveCfg = Release|iPhoneSimulator
		{DF45B24A-150E-4EDB-B1AF-6E47CCCE4ED3}.Release|Windows Phone 8.Build.0 = Release|iPhoneSimulator
		{DF45B24A-150E-4EDB-B1AF-6E47CCCE4ED3}.Release|Windows-AnyCPU.ActiveCfg = Release|iPhoneSimulator
		{DF45B24A-150E-4EDB-B1AF-6E47CCCE4ED3}.Release|Windows-AnyCPU.Build.0 = Release|iPhoneSimulator
		{DF45B24A-150E-4EDB-B1AF-6E47CCCE4ED3}.Release|Windows-ARM.ActiveCfg = Release|iPhoneSimulator
		{DF45B24A-150E-4EDB-B1AF-6E47CCCE4ED3}.Release|Windows-ARM.Build.0 = Release|iPhoneSimulator
		{DF45B24A-150E-4EDB-B1AF-6E47CCCE4ED3}.Release|Windows-x64.ActiveCfg = Release|iPhoneSimulator
		{DF45B24A-150E-4EDB-B1AF-6E47CCCE4ED3}.Release|Windows-x64.Build.0 = Release|iPhoneSimulator
		{DF45B24A-150E-4EDB-B1AF-6E47CCCE4ED3}.Release|Windows-x86.ActiveCfg = Release|iPhoneSimulator
		{DF45B24A-150E-4EDB-B1AF-6E47CCCE4ED3}.Release|Windows-x86.Build.0 = Release|iPhoneSimulator
		{DF45B24A-150E-4EDB-B1AF-6E47CCCE4ED3}.Release|x64.ActiveCfg = Release|iPhoneSimulator
		{DF45B24A-150E-4EDB-B1AF-6E47CCCE4ED3}.Release|x64.Build.0 = Release|iPhoneSimulator
		{DF45B24A-150E-4EDB-B1AF-6E47CCCE4ED3}.Release|x86.ActiveCfg = Release|iPhoneSimulator
		{DF45B24A-150E-4EDB-B1AF-6E47CCCE4ED3}.Release|x86.Build.0 = Release|iPhoneSimulator
		{D76CFACE-86CD-4B6F-9ACE-C7ED605E0090}.Debug|Android.ActiveCfg = Debug|Any CPU
		{D76CFACE-86CD-4B6F-9ACE-C7ED605E0090}.Debug|Android.Build.0 = Debug|Any CPU
		{D76CFACE-86CD-4B6F-9ACE-C7ED605E0090}.Debug|Any CPU.ActiveCfg = Debug|Any CPU
		{D76CFACE-86CD-4B6F-9ACE-C7ED605E0090}.Debug|Any CPU.Build.0 = Debug|Any CPU
		{D76CFACE-86CD-4B6F-9ACE-C7ED605E0090}.Debug|ARM.ActiveCfg = Debug|Any CPU
		{D76CFACE-86CD-4B6F-9ACE-C7ED605E0090}.Debug|ARM.Build.0 = Debug|Any CPU
		{D76CFACE-86CD-4B6F-9ACE-C7ED605E0090}.Debug|iOS.ActiveCfg = Debug|Any CPU
		{D76CFACE-86CD-4B6F-9ACE-C7ED605E0090}.Debug|iOS.Build.0 = Debug|Any CPU
		{D76CFACE-86CD-4B6F-9ACE-C7ED605E0090}.Debug|iPhone.ActiveCfg = Debug|Any CPU
		{D76CFACE-86CD-4B6F-9ACE-C7ED605E0090}.Debug|iPhone.Build.0 = Debug|Any CPU
		{D76CFACE-86CD-4B6F-9ACE-C7ED605E0090}.Debug|iPhoneSimulator.ActiveCfg = Debug|Any CPU
		{D76CFACE-86CD-4B6F-9ACE-C7ED605E0090}.Debug|iPhoneSimulator.Build.0 = Debug|Any CPU
		{D76CFACE-86CD-4B6F-9ACE-C7ED605E0090}.Debug|Windows Phone (Universal).ActiveCfg = Debug|Any CPU
		{D76CFACE-86CD-4B6F-9ACE-C7ED605E0090}.Debug|Windows Phone (Universal).Build.0 = Debug|Any CPU
		{D76CFACE-86CD-4B6F-9ACE-C7ED605E0090}.Debug|Windows Phone 8.ActiveCfg = Debug|Any CPU
		{D76CFACE-86CD-4B6F-9ACE-C7ED605E0090}.Debug|Windows Phone 8.Build.0 = Debug|Any CPU
		{D76CFACE-86CD-4B6F-9ACE-C7ED605E0090}.Debug|Windows-AnyCPU.ActiveCfg = Debug|Any CPU
		{D76CFACE-86CD-4B6F-9ACE-C7ED605E0090}.Debug|Windows-AnyCPU.Build.0 = Debug|Any CPU
		{D76CFACE-86CD-4B6F-9ACE-C7ED605E0090}.Debug|Windows-ARM.ActiveCfg = Debug|Any CPU
		{D76CFACE-86CD-4B6F-9ACE-C7ED605E0090}.Debug|Windows-ARM.Build.0 = Debug|Any CPU
		{D76CFACE-86CD-4B6F-9ACE-C7ED605E0090}.Debug|Windows-x64.ActiveCfg = Debug|Any CPU
		{D76CFACE-86CD-4B6F-9ACE-C7ED605E0090}.Debug|Windows-x64.Build.0 = Debug|Any CPU
		{D76CFACE-86CD-4B6F-9ACE-C7ED605E0090}.Debug|Windows-x86.ActiveCfg = Debug|Any CPU
		{D76CFACE-86CD-4B6F-9ACE-C7ED605E0090}.Debug|Windows-x86.Build.0 = Debug|Any CPU
		{D76CFACE-86CD-4B6F-9ACE-C7ED605E0090}.Debug|x64.ActiveCfg = Debug|Any CPU
		{D76CFACE-86CD-4B6F-9ACE-C7ED605E0090}.Debug|x64.Build.0 = Debug|Any CPU
		{D76CFACE-86CD-4B6F-9ACE-C7ED605E0090}.Debug|x86.ActiveCfg = Debug|Any CPU
		{D76CFACE-86CD-4B6F-9ACE-C7ED605E0090}.Debug|x86.Build.0 = Debug|Any CPU
		{D76CFACE-86CD-4B6F-9ACE-C7ED605E0090}.Release|Android.ActiveCfg = Release|Any CPU
		{D76CFACE-86CD-4B6F-9ACE-C7ED605E0090}.Release|Android.Build.0 = Release|Any CPU
		{D76CFACE-86CD-4B6F-9ACE-C7ED605E0090}.Release|Any CPU.ActiveCfg = Release|Any CPU
		{D76CFACE-86CD-4B6F-9ACE-C7ED605E0090}.Release|Any CPU.Build.0 = Release|Any CPU
		{D76CFACE-86CD-4B6F-9ACE-C7ED605E0090}.Release|ARM.ActiveCfg = Release|Any CPU
		{D76CFACE-86CD-4B6F-9ACE-C7ED605E0090}.Release|ARM.Build.0 = Release|Any CPU
		{D76CFACE-86CD-4B6F-9ACE-C7ED605E0090}.Release|iOS.ActiveCfg = Release|Any CPU
		{D76CFACE-86CD-4B6F-9ACE-C7ED605E0090}.Release|iOS.Build.0 = Release|Any CPU
		{D76CFACE-86CD-4B6F-9ACE-C7ED605E0090}.Release|iPhone.ActiveCfg = Release|Any CPU
		{D76CFACE-86CD-4B6F-9ACE-C7ED605E0090}.Release|iPhone.Build.0 = Release|Any CPU
		{D76CFACE-86CD-4B6F-9ACE-C7ED605E0090}.Release|iPhoneSimulator.ActiveCfg = Release|Any CPU
		{D76CFACE-86CD-4B6F-9ACE-C7ED605E0090}.Release|iPhoneSimulator.Build.0 = Release|Any CPU
		{D76CFACE-86CD-4B6F-9ACE-C7ED605E0090}.Release|Windows Phone (Universal).ActiveCfg = Release|Any CPU
		{D76CFACE-86CD-4B6F-9ACE-C7ED605E0090}.Release|Windows Phone (Universal).Build.0 = Release|Any CPU
		{D76CFACE-86CD-4B6F-9ACE-C7ED605E0090}.Release|Windows Phone 8.ActiveCfg = Release|Any CPU
		{D76CFACE-86CD-4B6F-9ACE-C7ED605E0090}.Release|Windows Phone 8.Build.0 = Release|Any CPU
		{D76CFACE-86CD-4B6F-9ACE-C7ED605E0090}.Release|Windows-AnyCPU.ActiveCfg = Release|Any CPU
		{D76CFACE-86CD-4B6F-9ACE-C7ED605E0090}.Release|Windows-AnyCPU.Build.0 = Release|Any CPU
		{D76CFACE-86CD-4B6F-9ACE-C7ED605E0090}.Release|Windows-ARM.ActiveCfg = Release|Any CPU
		{D76CFACE-86CD-4B6F-9ACE-C7ED605E0090}.Release|Windows-ARM.Build.0 = Release|Any CPU
		{D76CFACE-86CD-4B6F-9ACE-C7ED605E0090}.Release|Windows-x64.ActiveCfg = Release|Any CPU
		{D76CFACE-86CD-4B6F-9ACE-C7ED605E0090}.Release|Windows-x64.Build.0 = Release|Any CPU
		{D76CFACE-86CD-4B6F-9ACE-C7ED605E0090}.Release|Windows-x86.ActiveCfg = Release|Any CPU
		{D76CFACE-86CD-4B6F-9ACE-C7ED605E0090}.Release|Windows-x86.Build.0 = Release|Any CPU
		{D76CFACE-86CD-4B6F-9ACE-C7ED605E0090}.Release|x64.ActiveCfg = Release|Any CPU
		{D76CFACE-86CD-4B6F-9ACE-C7ED605E0090}.Release|x64.Build.0 = Release|Any CPU
		{D76CFACE-86CD-4B6F-9ACE-C7ED605E0090}.Release|x86.ActiveCfg = Release|Any CPU
		{D76CFACE-86CD-4B6F-9ACE-C7ED605E0090}.Release|x86.Build.0 = Release|Any CPU
		{6ECB9748-31B5-401F-8329-F4CF4491DD40}.Debug|Android.ActiveCfg = Debug|Any CPU
		{6ECB9748-31B5-401F-8329-F4CF4491DD40}.Debug|Android.Build.0 = Debug|Any CPU
		{6ECB9748-31B5-401F-8329-F4CF4491DD40}.Debug|Any CPU.ActiveCfg = Debug|Any CPU
		{6ECB9748-31B5-401F-8329-F4CF4491DD40}.Debug|Any CPU.Build.0 = Debug|Any CPU
		{6ECB9748-31B5-401F-8329-F4CF4491DD40}.Debug|ARM.ActiveCfg = Debug|Any CPU
		{6ECB9748-31B5-401F-8329-F4CF4491DD40}.Debug|ARM.Build.0 = Debug|Any CPU
		{6ECB9748-31B5-401F-8329-F4CF4491DD40}.Debug|iOS.ActiveCfg = Debug|Any CPU
		{6ECB9748-31B5-401F-8329-F4CF4491DD40}.Debug|iOS.Build.0 = Debug|Any CPU
		{6ECB9748-31B5-401F-8329-F4CF4491DD40}.Debug|iPhone.ActiveCfg = Debug|Any CPU
		{6ECB9748-31B5-401F-8329-F4CF4491DD40}.Debug|iPhone.Build.0 = Debug|Any CPU
		{6ECB9748-31B5-401F-8329-F4CF4491DD40}.Debug|iPhoneSimulator.ActiveCfg = Debug|Any CPU
		{6ECB9748-31B5-401F-8329-F4CF4491DD40}.Debug|iPhoneSimulator.Build.0 = Debug|Any CPU
		{6ECB9748-31B5-401F-8329-F4CF4491DD40}.Debug|Windows Phone (Universal).ActiveCfg = Debug|Any CPU
		{6ECB9748-31B5-401F-8329-F4CF4491DD40}.Debug|Windows Phone (Universal).Build.0 = Debug|Any CPU
		{6ECB9748-31B5-401F-8329-F4CF4491DD40}.Debug|Windows Phone 8.ActiveCfg = Debug|Any CPU
		{6ECB9748-31B5-401F-8329-F4CF4491DD40}.Debug|Windows Phone 8.Build.0 = Debug|Any CPU
		{6ECB9748-31B5-401F-8329-F4CF4491DD40}.Debug|Windows-AnyCPU.ActiveCfg = Debug|Any CPU
		{6ECB9748-31B5-401F-8329-F4CF4491DD40}.Debug|Windows-AnyCPU.Build.0 = Debug|Any CPU
		{6ECB9748-31B5-401F-8329-F4CF4491DD40}.Debug|Windows-ARM.ActiveCfg = Debug|Any CPU
		{6ECB9748-31B5-401F-8329-F4CF4491DD40}.Debug|Windows-ARM.Build.0 = Debug|Any CPU
		{6ECB9748-31B5-401F-8329-F4CF4491DD40}.Debug|Windows-x64.ActiveCfg = Debug|Any CPU
		{6ECB9748-31B5-401F-8329-F4CF4491DD40}.Debug|Windows-x64.Build.0 = Debug|Any CPU
		{6ECB9748-31B5-401F-8329-F4CF4491DD40}.Debug|Windows-x86.ActiveCfg = Debug|Any CPU
		{6ECB9748-31B5-401F-8329-F4CF4491DD40}.Debug|Windows-x86.Build.0 = Debug|Any CPU
		{6ECB9748-31B5-401F-8329-F4CF4491DD40}.Debug|x64.ActiveCfg = Debug|Any CPU
		{6ECB9748-31B5-401F-8329-F4CF4491DD40}.Debug|x64.Build.0 = Debug|Any CPU
		{6ECB9748-31B5-401F-8329-F4CF4491DD40}.Debug|x86.ActiveCfg = Debug|Any CPU
		{6ECB9748-31B5-401F-8329-F4CF4491DD40}.Debug|x86.Build.0 = Debug|Any CPU
		{6ECB9748-31B5-401F-8329-F4CF4491DD40}.Release|Android.ActiveCfg = Release|Any CPU
		{6ECB9748-31B5-401F-8329-F4CF4491DD40}.Release|Android.Build.0 = Release|Any CPU
		{6ECB9748-31B5-401F-8329-F4CF4491DD40}.Release|Any CPU.ActiveCfg = Release|Any CPU
		{6ECB9748-31B5-401F-8329-F4CF4491DD40}.Release|Any CPU.Build.0 = Release|Any CPU
		{6ECB9748-31B5-401F-8329-F4CF4491DD40}.Release|ARM.ActiveCfg = Release|Any CPU
		{6ECB9748-31B5-401F-8329-F4CF4491DD40}.Release|ARM.Build.0 = Release|Any CPU
		{6ECB9748-31B5-401F-8329-F4CF4491DD40}.Release|iOS.ActiveCfg = Release|Any CPU
		{6ECB9748-31B5-401F-8329-F4CF4491DD40}.Release|iOS.Build.0 = Release|Any CPU
		{6ECB9748-31B5-401F-8329-F4CF4491DD40}.Release|iPhone.ActiveCfg = Release|Any CPU
		{6ECB9748-31B5-401F-8329-F4CF4491DD40}.Release|iPhone.Build.0 = Release|Any CPU
		{6ECB9748-31B5-401F-8329-F4CF4491DD40}.Release|iPhoneSimulator.ActiveCfg = Release|Any CPU
		{6ECB9748-31B5-401F-8329-F4CF4491DD40}.Release|iPhoneSimulator.Build.0 = Release|Any CPU
		{6ECB9748-31B5-401F-8329-F4CF4491DD40}.Release|Windows Phone (Universal).ActiveCfg = Release|Any CPU
		{6ECB9748-31B5-401F-8329-F4CF4491DD40}.Release|Windows Phone (Universal).Build.0 = Release|Any CPU
		{6ECB9748-31B5-401F-8329-F4CF4491DD40}.Release|Windows Phone 8.ActiveCfg = Release|Any CPU
		{6ECB9748-31B5-401F-8329-F4CF4491DD40}.Release|Windows Phone 8.Build.0 = Release|Any CPU
		{6ECB9748-31B5-401F-8329-F4CF4491DD40}.Release|Windows-AnyCPU.ActiveCfg = Release|Any CPU
		{6ECB9748-31B5-401F-8329-F4CF4491DD40}.Release|Windows-AnyCPU.Build.0 = Release|Any CPU
		{6ECB9748-31B5-401F-8329-F4CF4491DD40}.Release|Windows-ARM.ActiveCfg = Release|Any CPU
		{6ECB9748-31B5-401F-8329-F4CF4491DD40}.Release|Windows-ARM.Build.0 = Release|Any CPU
		{6ECB9748-31B5-401F-8329-F4CF4491DD40}.Release|Windows-x64.ActiveCfg = Release|Any CPU
		{6ECB9748-31B5-401F-8329-F4CF4491DD40}.Release|Windows-x64.Build.0 = Release|Any CPU
		{6ECB9748-31B5-401F-8329-F4CF4491DD40}.Release|Windows-x86.ActiveCfg = Release|Any CPU
		{6ECB9748-31B5-401F-8329-F4CF4491DD40}.Release|Windows-x86.Build.0 = Release|Any CPU
		{6ECB9748-31B5-401F-8329-F4CF4491DD40}.Release|x64.ActiveCfg = Release|Any CPU
		{6ECB9748-31B5-401F-8329-F4CF4491DD40}.Release|x64.Build.0 = Release|Any CPU
		{6ECB9748-31B5-401F-8329-F4CF4491DD40}.Release|x86.ActiveCfg = Release|Any CPU
		{6ECB9748-31B5-401F-8329-F4CF4491DD40}.Release|x86.Build.0 = Release|Any CPU
		{8425AB42-BFCA-4914-9DB2-DC82108769CD}.Debug|Android.ActiveCfg = Debug|Any CPU
		{8425AB42-BFCA-4914-9DB2-DC82108769CD}.Debug|Android.Build.0 = Debug|Any CPU
		{8425AB42-BFCA-4914-9DB2-DC82108769CD}.Debug|Any CPU.ActiveCfg = Debug|Any CPU
		{8425AB42-BFCA-4914-9DB2-DC82108769CD}.Debug|Any CPU.Build.0 = Debug|Any CPU
		{8425AB42-BFCA-4914-9DB2-DC82108769CD}.Debug|ARM.ActiveCfg = Debug|Any CPU
		{8425AB42-BFCA-4914-9DB2-DC82108769CD}.Debug|ARM.Build.0 = Debug|Any CPU
		{8425AB42-BFCA-4914-9DB2-DC82108769CD}.Debug|iOS.ActiveCfg = Debug|Any CPU
		{8425AB42-BFCA-4914-9DB2-DC82108769CD}.Debug|iOS.Build.0 = Debug|Any CPU
		{8425AB42-BFCA-4914-9DB2-DC82108769CD}.Debug|iPhone.ActiveCfg = Debug|Any CPU
		{8425AB42-BFCA-4914-9DB2-DC82108769CD}.Debug|iPhone.Build.0 = Debug|Any CPU
		{8425AB42-BFCA-4914-9DB2-DC82108769CD}.Debug|iPhoneSimulator.ActiveCfg = Debug|Any CPU
		{8425AB42-BFCA-4914-9DB2-DC82108769CD}.Debug|iPhoneSimulator.Build.0 = Debug|Any CPU
		{8425AB42-BFCA-4914-9DB2-DC82108769CD}.Debug|Windows Phone (Universal).ActiveCfg = Debug|Any CPU
		{8425AB42-BFCA-4914-9DB2-DC82108769CD}.Debug|Windows Phone (Universal).Build.0 = Debug|Any CPU
		{8425AB42-BFCA-4914-9DB2-DC82108769CD}.Debug|Windows Phone 8.ActiveCfg = Debug|Any CPU
		{8425AB42-BFCA-4914-9DB2-DC82108769CD}.Debug|Windows Phone 8.Build.0 = Debug|Any CPU
		{8425AB42-BFCA-4914-9DB2-DC82108769CD}.Debug|Windows-AnyCPU.ActiveCfg = Debug|Any CPU
		{8425AB42-BFCA-4914-9DB2-DC82108769CD}.Debug|Windows-AnyCPU.Build.0 = Debug|Any CPU
		{8425AB42-BFCA-4914-9DB2-DC82108769CD}.Debug|Windows-ARM.ActiveCfg = Debug|Any CPU
		{8425AB42-BFCA-4914-9DB2-DC82108769CD}.Debug|Windows-ARM.Build.0 = Debug|Any CPU
		{8425AB42-BFCA-4914-9DB2-DC82108769CD}.Debug|Windows-x64.ActiveCfg = Debug|Any CPU
		{8425AB42-BFCA-4914-9DB2-DC82108769CD}.Debug|Windows-x64.Build.0 = Debug|Any CPU
		{8425AB42-BFCA-4914-9DB2-DC82108769CD}.Debug|Windows-x86.ActiveCfg = Debug|Any CPU
		{8425AB42-BFCA-4914-9DB2-DC82108769CD}.Debug|Windows-x86.Build.0 = Debug|Any CPU
		{8425AB42-BFCA-4914-9DB2-DC82108769CD}.Debug|x64.ActiveCfg = Debug|Any CPU
		{8425AB42-BFCA-4914-9DB2-DC82108769CD}.Debug|x64.Build.0 = Debug|Any CPU
		{8425AB42-BFCA-4914-9DB2-DC82108769CD}.Debug|x86.ActiveCfg = Debug|Any CPU
		{8425AB42-BFCA-4914-9DB2-DC82108769CD}.Debug|x86.Build.0 = Debug|Any CPU
		{8425AB42-BFCA-4914-9DB2-DC82108769CD}.Release|Android.ActiveCfg = Release|Any CPU
		{8425AB42-BFCA-4914-9DB2-DC82108769CD}.Release|Android.Build.0 = Release|Any CPU
		{8425AB42-BFCA-4914-9DB2-DC82108769CD}.Release|Any CPU.ActiveCfg = Release|Any CPU
		{8425AB42-BFCA-4914-9DB2-DC82108769CD}.Release|Any CPU.Build.0 = Release|Any CPU
		{8425AB42-BFCA-4914-9DB2-DC82108769CD}.Release|ARM.ActiveCfg = Release|Any CPU
		{8425AB42-BFCA-4914-9DB2-DC82108769CD}.Release|ARM.Build.0 = Release|Any CPU
		{8425AB42-BFCA-4914-9DB2-DC82108769CD}.Release|iOS.ActiveCfg = Release|Any CPU
		{8425AB42-BFCA-4914-9DB2-DC82108769CD}.Release|iOS.Build.0 = Release|Any CPU
		{8425AB42-BFCA-4914-9DB2-DC82108769CD}.Release|iPhone.ActiveCfg = Release|Any CPU
		{8425AB42-BFCA-4914-9DB2-DC82108769CD}.Release|iPhone.Build.0 = Release|Any CPU
		{8425AB42-BFCA-4914-9DB2-DC82108769CD}.Release|iPhoneSimulator.ActiveCfg = Release|Any CPU
		{8425AB42-BFCA-4914-9DB2-DC82108769CD}.Release|iPhoneSimulator.Build.0 = Release|Any CPU
		{8425AB42-BFCA-4914-9DB2-DC82108769CD}.Release|Windows Phone (Universal).ActiveCfg = Release|Any CPU
		{8425AB42-BFCA-4914-9DB2-DC82108769CD}.Release|Windows Phone (Universal).Build.0 = Release|Any CPU
		{8425AB42-BFCA-4914-9DB2-DC82108769CD}.Release|Windows Phone 8.ActiveCfg = Release|Any CPU
		{8425AB42-BFCA-4914-9DB2-DC82108769CD}.Release|Windows Phone 8.Build.0 = Release|Any CPU
		{8425AB42-BFCA-4914-9DB2-DC82108769CD}.Release|Windows-AnyCPU.ActiveCfg = Release|Any CPU
		{8425AB42-BFCA-4914-9DB2-DC82108769CD}.Release|Windows-AnyCPU.Build.0 = Release|Any CPU
		{8425AB42-BFCA-4914-9DB2-DC82108769CD}.Release|Windows-ARM.ActiveCfg = Release|Any CPU
		{8425AB42-BFCA-4914-9DB2-DC82108769CD}.Release|Windows-ARM.Build.0 = Release|Any CPU
		{8425AB42-BFCA-4914-9DB2-DC82108769CD}.Release|Windows-x64.ActiveCfg = Release|Any CPU
		{8425AB42-BFCA-4914-9DB2-DC82108769CD}.Release|Windows-x64.Build.0 = Release|Any CPU
		{8425AB42-BFCA-4914-9DB2-DC82108769CD}.Release|Windows-x86.ActiveCfg = Release|Any CPU
		{8425AB42-BFCA-4914-9DB2-DC82108769CD}.Release|Windows-x86.Build.0 = Release|Any CPU
		{8425AB42-BFCA-4914-9DB2-DC82108769CD}.Release|x64.ActiveCfg = Release|Any CPU
		{8425AB42-BFCA-4914-9DB2-DC82108769CD}.Release|x64.Build.0 = Release|Any CPU
		{8425AB42-BFCA-4914-9DB2-DC82108769CD}.Release|x86.ActiveCfg = Release|Any CPU
		{8425AB42-BFCA-4914-9DB2-DC82108769CD}.Release|x86.Build.0 = Release|Any CPU
		{2A8A3112-35B2-4EA6-99DB-9EA40C4ACABF}.Debug|Android.ActiveCfg = Debug|iPhoneSimulator
		{2A8A3112-35B2-4EA6-99DB-9EA40C4ACABF}.Debug|Android.Build.0 = Debug|iPhoneSimulator
		{2A8A3112-35B2-4EA6-99DB-9EA40C4ACABF}.Debug|Any CPU.ActiveCfg = Debug|iPhoneSimulator
		{2A8A3112-35B2-4EA6-99DB-9EA40C4ACABF}.Debug|Any CPU.Build.0 = Debug|iPhoneSimulator
		{2A8A3112-35B2-4EA6-99DB-9EA40C4ACABF}.Debug|ARM.ActiveCfg = Debug|iPhoneSimulator
		{2A8A3112-35B2-4EA6-99DB-9EA40C4ACABF}.Debug|ARM.Build.0 = Debug|iPhoneSimulator
		{2A8A3112-35B2-4EA6-99DB-9EA40C4ACABF}.Debug|iOS.ActiveCfg = Debug|iPhoneSimulator
		{2A8A3112-35B2-4EA6-99DB-9EA40C4ACABF}.Debug|iOS.Build.0 = Debug|iPhoneSimulator
		{2A8A3112-35B2-4EA6-99DB-9EA40C4ACABF}.Debug|iPhone.ActiveCfg = Debug|iPhone
		{2A8A3112-35B2-4EA6-99DB-9EA40C4ACABF}.Debug|iPhone.Build.0 = Debug|iPhone
		{2A8A3112-35B2-4EA6-99DB-9EA40C4ACABF}.Debug|iPhoneSimulator.ActiveCfg = Debug|iPhoneSimulator
		{2A8A3112-35B2-4EA6-99DB-9EA40C4ACABF}.Debug|iPhoneSimulator.Build.0 = Debug|iPhoneSimulator
		{2A8A3112-35B2-4EA6-99DB-9EA40C4ACABF}.Debug|Windows Phone (Universal).ActiveCfg = Debug|iPhoneSimulator
		{2A8A3112-35B2-4EA6-99DB-9EA40C4ACABF}.Debug|Windows Phone (Universal).Build.0 = Debug|iPhoneSimulator
		{2A8A3112-35B2-4EA6-99DB-9EA40C4ACABF}.Debug|Windows Phone 8.ActiveCfg = Debug|iPhoneSimulator
		{2A8A3112-35B2-4EA6-99DB-9EA40C4ACABF}.Debug|Windows Phone 8.Build.0 = Debug|iPhoneSimulator
		{2A8A3112-35B2-4EA6-99DB-9EA40C4ACABF}.Debug|Windows-AnyCPU.ActiveCfg = Debug|iPhoneSimulator
		{2A8A3112-35B2-4EA6-99DB-9EA40C4ACABF}.Debug|Windows-AnyCPU.Build.0 = Debug|iPhoneSimulator
		{2A8A3112-35B2-4EA6-99DB-9EA40C4ACABF}.Debug|Windows-ARM.ActiveCfg = Debug|iPhoneSimulator
		{2A8A3112-35B2-4EA6-99DB-9EA40C4ACABF}.Debug|Windows-ARM.Build.0 = Debug|iPhoneSimulator
		{2A8A3112-35B2-4EA6-99DB-9EA40C4ACABF}.Debug|Windows-x64.ActiveCfg = Debug|iPhoneSimulator
		{2A8A3112-35B2-4EA6-99DB-9EA40C4ACABF}.Debug|Windows-x64.Build.0 = Debug|iPhoneSimulator
		{2A8A3112-35B2-4EA6-99DB-9EA40C4ACABF}.Debug|Windows-x86.ActiveCfg = Debug|iPhoneSimulator
		{2A8A3112-35B2-4EA6-99DB-9EA40C4ACABF}.Debug|Windows-x86.Build.0 = Debug|iPhoneSimulator
		{2A8A3112-35B2-4EA6-99DB-9EA40C4ACABF}.Debug|x64.ActiveCfg = Debug|iPhoneSimulator
		{2A8A3112-35B2-4EA6-99DB-9EA40C4ACABF}.Debug|x64.Build.0 = Debug|iPhoneSimulator
		{2A8A3112-35B2-4EA6-99DB-9EA40C4ACABF}.Debug|x86.ActiveCfg = Debug|iPhoneSimulator
		{2A8A3112-35B2-4EA6-99DB-9EA40C4ACABF}.Debug|x86.Build.0 = Debug|iPhoneSimulator
		{2A8A3112-35B2-4EA6-99DB-9EA40C4ACABF}.Release|Android.ActiveCfg = Release|iPhone
		{2A8A3112-35B2-4EA6-99DB-9EA40C4ACABF}.Release|Android.Build.0 = Release|iPhone
		{2A8A3112-35B2-4EA6-99DB-9EA40C4ACABF}.Release|Any CPU.ActiveCfg = Release|iPhone
		{2A8A3112-35B2-4EA6-99DB-9EA40C4ACABF}.Release|Any CPU.Build.0 = Release|iPhone
		{2A8A3112-35B2-4EA6-99DB-9EA40C4ACABF}.Release|ARM.ActiveCfg = Release|iPhone
		{2A8A3112-35B2-4EA6-99DB-9EA40C4ACABF}.Release|ARM.Build.0 = Release|iPhone
		{2A8A3112-35B2-4EA6-99DB-9EA40C4ACABF}.Release|iOS.ActiveCfg = Release|iPhone
		{2A8A3112-35B2-4EA6-99DB-9EA40C4ACABF}.Release|iOS.Build.0 = Release|iPhone
		{2A8A3112-35B2-4EA6-99DB-9EA40C4ACABF}.Release|iPhone.ActiveCfg = Release|iPhone
		{2A8A3112-35B2-4EA6-99DB-9EA40C4ACABF}.Release|iPhone.Build.0 = Release|iPhone
		{2A8A3112-35B2-4EA6-99DB-9EA40C4ACABF}.Release|iPhoneSimulator.ActiveCfg = Release|iPhoneSimulator
		{2A8A3112-35B2-4EA6-99DB-9EA40C4ACABF}.Release|iPhoneSimulator.Build.0 = Release|iPhoneSimulator
		{2A8A3112-35B2-4EA6-99DB-9EA40C4ACABF}.Release|Windows Phone (Universal).ActiveCfg = Release|iPhone
		{2A8A3112-35B2-4EA6-99DB-9EA40C4ACABF}.Release|Windows Phone (Universal).Build.0 = Release|iPhone
		{2A8A3112-35B2-4EA6-99DB-9EA40C4ACABF}.Release|Windows Phone 8.ActiveCfg = Release|iPhone
		{2A8A3112-35B2-4EA6-99DB-9EA40C4ACABF}.Release|Windows Phone 8.Build.0 = Release|iPhone
		{2A8A3112-35B2-4EA6-99DB-9EA40C4ACABF}.Release|Windows-AnyCPU.ActiveCfg = Release|iPhone
		{2A8A3112-35B2-4EA6-99DB-9EA40C4ACABF}.Release|Windows-AnyCPU.Build.0 = Release|iPhone
		{2A8A3112-35B2-4EA6-99DB-9EA40C4ACABF}.Release|Windows-ARM.ActiveCfg = Release|iPhone
		{2A8A3112-35B2-4EA6-99DB-9EA40C4ACABF}.Release|Windows-ARM.Build.0 = Release|iPhone
		{2A8A3112-35B2-4EA6-99DB-9EA40C4ACABF}.Release|Windows-x64.ActiveCfg = Release|iPhone
		{2A8A3112-35B2-4EA6-99DB-9EA40C4ACABF}.Release|Windows-x64.Build.0 = Release|iPhone
		{2A8A3112-35B2-4EA6-99DB-9EA40C4ACABF}.Release|Windows-x86.ActiveCfg = Release|iPhone
		{2A8A3112-35B2-4EA6-99DB-9EA40C4ACABF}.Release|Windows-x86.Build.0 = Release|iPhone
		{2A8A3112-35B2-4EA6-99DB-9EA40C4ACABF}.Release|x64.ActiveCfg = Release|iPhone
		{2A8A3112-35B2-4EA6-99DB-9EA40C4ACABF}.Release|x64.Build.0 = Release|iPhone
		{2A8A3112-35B2-4EA6-99DB-9EA40C4ACABF}.Release|x86.ActiveCfg = Release|iPhone
		{2A8A3112-35B2-4EA6-99DB-9EA40C4ACABF}.Release|x86.Build.0 = Release|iPhone
		{09758E02-7521-4CEE-BE1F-B896A3BDB12C}.Debug|Android.ActiveCfg = Debug|Any CPU
		{09758E02-7521-4CEE-BE1F-B896A3BDB12C}.Debug|Android.Build.0 = Debug|Any CPU
		{09758E02-7521-4CEE-BE1F-B896A3BDB12C}.Debug|Any CPU.ActiveCfg = Debug|Any CPU
		{09758E02-7521-4CEE-BE1F-B896A3BDB12C}.Debug|Any CPU.Build.0 = Debug|Any CPU
		{09758E02-7521-4CEE-BE1F-B896A3BDB12C}.Debug|ARM.ActiveCfg = Debug|Any CPU
		{09758E02-7521-4CEE-BE1F-B896A3BDB12C}.Debug|ARM.Build.0 = Debug|Any CPU
		{09758E02-7521-4CEE-BE1F-B896A3BDB12C}.Debug|iOS.ActiveCfg = Debug|Any CPU
		{09758E02-7521-4CEE-BE1F-B896A3BDB12C}.Debug|iOS.Build.0 = Debug|Any CPU
		{09758E02-7521-4CEE-BE1F-B896A3BDB12C}.Debug|iPhone.ActiveCfg = Debug|Any CPU
		{09758E02-7521-4CEE-BE1F-B896A3BDB12C}.Debug|iPhone.Build.0 = Debug|Any CPU
		{09758E02-7521-4CEE-BE1F-B896A3BDB12C}.Debug|iPhoneSimulator.ActiveCfg = Debug|Any CPU
		{09758E02-7521-4CEE-BE1F-B896A3BDB12C}.Debug|iPhoneSimulator.Build.0 = Debug|Any CPU
		{09758E02-7521-4CEE-BE1F-B896A3BDB12C}.Debug|Windows Phone (Universal).ActiveCfg = Debug|Any CPU
		{09758E02-7521-4CEE-BE1F-B896A3BDB12C}.Debug|Windows Phone (Universal).Build.0 = Debug|Any CPU
		{09758E02-7521-4CEE-BE1F-B896A3BDB12C}.Debug|Windows Phone 8.ActiveCfg = Debug|Any CPU
		{09758E02-7521-4CEE-BE1F-B896A3BDB12C}.Debug|Windows Phone 8.Build.0 = Debug|Any CPU
		{09758E02-7521-4CEE-BE1F-B896A3BDB12C}.Debug|Windows-AnyCPU.ActiveCfg = Debug|Any CPU
		{09758E02-7521-4CEE-BE1F-B896A3BDB12C}.Debug|Windows-AnyCPU.Build.0 = Debug|Any CPU
		{09758E02-7521-4CEE-BE1F-B896A3BDB12C}.Debug|Windows-ARM.ActiveCfg = Debug|Any CPU
		{09758E02-7521-4CEE-BE1F-B896A3BDB12C}.Debug|Windows-ARM.Build.0 = Debug|Any CPU
		{09758E02-7521-4CEE-BE1F-B896A3BDB12C}.Debug|Windows-x64.ActiveCfg = Debug|Any CPU
		{09758E02-7521-4CEE-BE1F-B896A3BDB12C}.Debug|Windows-x64.Build.0 = Debug|Any CPU
		{09758E02-7521-4CEE-BE1F-B896A3BDB12C}.Debug|Windows-x86.ActiveCfg = Debug|Any CPU
		{09758E02-7521-4CEE-BE1F-B896A3BDB12C}.Debug|Windows-x86.Build.0 = Debug|Any CPU
		{09758E02-7521-4CEE-BE1F-B896A3BDB12C}.Debug|x64.ActiveCfg = Debug|Any CPU
		{09758E02-7521-4CEE-BE1F-B896A3BDB12C}.Debug|x64.Build.0 = Debug|Any CPU
		{09758E02-7521-4CEE-BE1F-B896A3BDB12C}.Debug|x86.ActiveCfg = Debug|Any CPU
		{09758E02-7521-4CEE-BE1F-B896A3BDB12C}.Debug|x86.Build.0 = Debug|Any CPU
		{09758E02-7521-4CEE-BE1F-B896A3BDB12C}.Release|Android.ActiveCfg = Release|Any CPU
		{09758E02-7521-4CEE-BE1F-B896A3BDB12C}.Release|Android.Build.0 = Release|Any CPU
		{09758E02-7521-4CEE-BE1F-B896A3BDB12C}.Release|Any CPU.ActiveCfg = Release|Any CPU
		{09758E02-7521-4CEE-BE1F-B896A3BDB12C}.Release|Any CPU.Build.0 = Release|Any CPU
		{09758E02-7521-4CEE-BE1F-B896A3BDB12C}.Release|ARM.ActiveCfg = Release|Any CPU
		{09758E02-7521-4CEE-BE1F-B896A3BDB12C}.Release|ARM.Build.0 = Release|Any CPU
		{09758E02-7521-4CEE-BE1F-B896A3BDB12C}.Release|iOS.ActiveCfg = Release|Any CPU
		{09758E02-7521-4CEE-BE1F-B896A3BDB12C}.Release|iOS.Build.0 = Release|Any CPU
		{09758E02-7521-4CEE-BE1F-B896A3BDB12C}.Release|iPhone.ActiveCfg = Release|Any CPU
		{09758E02-7521-4CEE-BE1F-B896A3BDB12C}.Release|iPhone.Build.0 = Release|Any CPU
		{09758E02-7521-4CEE-BE1F-B896A3BDB12C}.Release|iPhoneSimulator.ActiveCfg = Release|Any CPU
		{09758E02-7521-4CEE-BE1F-B896A3BDB12C}.Release|iPhoneSimulator.Build.0 = Release|Any CPU
		{09758E02-7521-4CEE-BE1F-B896A3BDB12C}.Release|Windows Phone (Universal).ActiveCfg = Release|Any CPU
		{09758E02-7521-4CEE-BE1F-B896A3BDB12C}.Release|Windows Phone (Universal).Build.0 = Release|Any CPU
		{09758E02-7521-4CEE-BE1F-B896A3BDB12C}.Release|Windows Phone 8.ActiveCfg = Release|Any CPU
		{09758E02-7521-4CEE-BE1F-B896A3BDB12C}.Release|Windows Phone 8.Build.0 = Release|Any CPU
		{09758E02-7521-4CEE-BE1F-B896A3BDB12C}.Release|Windows-AnyCPU.ActiveCfg = Release|Any CPU
		{09758E02-7521-4CEE-BE1F-B896A3BDB12C}.Release|Windows-AnyCPU.Build.0 = Release|Any CPU
		{09758E02-7521-4CEE-BE1F-B896A3BDB12C}.Release|Windows-ARM.ActiveCfg = Release|Any CPU
		{09758E02-7521-4CEE-BE1F-B896A3BDB12C}.Release|Windows-ARM.Build.0 = Release|Any CPU
		{09758E02-7521-4CEE-BE1F-B896A3BDB12C}.Release|Windows-x64.ActiveCfg = Release|Any CPU
		{09758E02-7521-4CEE-BE1F-B896A3BDB12C}.Release|Windows-x64.Build.0 = Release|Any CPU
		{09758E02-7521-4CEE-BE1F-B896A3BDB12C}.Release|Windows-x86.ActiveCfg = Release|Any CPU
		{09758E02-7521-4CEE-BE1F-B896A3BDB12C}.Release|Windows-x86.Build.0 = Release|Any CPU
		{09758E02-7521-4CEE-BE1F-B896A3BDB12C}.Release|x64.ActiveCfg = Release|Any CPU
		{09758E02-7521-4CEE-BE1F-B896A3BDB12C}.Release|x64.Build.0 = Release|Any CPU
		{09758E02-7521-4CEE-BE1F-B896A3BDB12C}.Release|x86.ActiveCfg = Release|Any CPU
		{09758E02-7521-4CEE-BE1F-B896A3BDB12C}.Release|x86.Build.0 = Release|Any CPU
		{8FF10B51-A31B-41D4-B3A7-566F8B701CD6}.Debug|Android.ActiveCfg = Debug|x64
		{8FF10B51-A31B-41D4-B3A7-566F8B701CD6}.Debug|Android.Build.0 = Debug|x64
		{8FF10B51-A31B-41D4-B3A7-566F8B701CD6}.Debug|Any CPU.ActiveCfg = Debug|x64
		{8FF10B51-A31B-41D4-B3A7-566F8B701CD6}.Debug|Any CPU.Build.0 = Debug|x64
		{8FF10B51-A31B-41D4-B3A7-566F8B701CD6}.Debug|ARM.ActiveCfg = Debug|x64
		{8FF10B51-A31B-41D4-B3A7-566F8B701CD6}.Debug|ARM.Build.0 = Debug|x64
		{8FF10B51-A31B-41D4-B3A7-566F8B701CD6}.Debug|iOS.ActiveCfg = Debug|x64
		{8FF10B51-A31B-41D4-B3A7-566F8B701CD6}.Debug|iOS.Build.0 = Debug|x64
		{8FF10B51-A31B-41D4-B3A7-566F8B701CD6}.Debug|iPhone.ActiveCfg = Debug|x64
		{8FF10B51-A31B-41D4-B3A7-566F8B701CD6}.Debug|iPhone.Build.0 = Debug|x64
		{8FF10B51-A31B-41D4-B3A7-566F8B701CD6}.Debug|iPhoneSimulator.ActiveCfg = Debug|x64
		{8FF10B51-A31B-41D4-B3A7-566F8B701CD6}.Debug|iPhoneSimulator.Build.0 = Debug|x64
		{8FF10B51-A31B-41D4-B3A7-566F8B701CD6}.Debug|Windows Phone (Universal).ActiveCfg = Debug|x64
		{8FF10B51-A31B-41D4-B3A7-566F8B701CD6}.Debug|Windows Phone (Universal).Build.0 = Debug|x64
		{8FF10B51-A31B-41D4-B3A7-566F8B701CD6}.Debug|Windows Phone 8.ActiveCfg = Debug|x64
		{8FF10B51-A31B-41D4-B3A7-566F8B701CD6}.Debug|Windows Phone 8.Build.0 = Debug|x64
		{8FF10B51-A31B-41D4-B3A7-566F8B701CD6}.Debug|Windows-AnyCPU.ActiveCfg = Debug|x64
		{8FF10B51-A31B-41D4-B3A7-566F8B701CD6}.Debug|Windows-AnyCPU.Build.0 = Debug|x64
		{8FF10B51-A31B-41D4-B3A7-566F8B701CD6}.Debug|Windows-ARM.ActiveCfg = Debug|x64
		{8FF10B51-A31B-41D4-B3A7-566F8B701CD6}.Debug|Windows-ARM.Build.0 = Debug|x64
		{8FF10B51-A31B-41D4-B3A7-566F8B701CD6}.Debug|Windows-x64.ActiveCfg = Debug|x64
		{8FF10B51-A31B-41D4-B3A7-566F8B701CD6}.Debug|Windows-x64.Build.0 = Debug|x64
		{8FF10B51-A31B-41D4-B3A7-566F8B701CD6}.Debug|Windows-x86.ActiveCfg = Debug|x64
		{8FF10B51-A31B-41D4-B3A7-566F8B701CD6}.Debug|Windows-x86.Build.0 = Debug|x64
		{8FF10B51-A31B-41D4-B3A7-566F8B701CD6}.Debug|x64.ActiveCfg = Debug|x64
		{8FF10B51-A31B-41D4-B3A7-566F8B701CD6}.Debug|x64.Build.0 = Debug|x64
		{8FF10B51-A31B-41D4-B3A7-566F8B701CD6}.Debug|x86.ActiveCfg = Debug|x64
		{8FF10B51-A31B-41D4-B3A7-566F8B701CD6}.Debug|x86.Build.0 = Debug|x64
		{8FF10B51-A31B-41D4-B3A7-566F8B701CD6}.Release|Android.ActiveCfg = Release|x64
		{8FF10B51-A31B-41D4-B3A7-566F8B701CD6}.Release|Android.Build.0 = Release|x64
		{8FF10B51-A31B-41D4-B3A7-566F8B701CD6}.Release|Any CPU.ActiveCfg = Release|x64
		{8FF10B51-A31B-41D4-B3A7-566F8B701CD6}.Release|Any CPU.Build.0 = Release|x64
		{8FF10B51-A31B-41D4-B3A7-566F8B701CD6}.Release|ARM.ActiveCfg = Release|x64
		{8FF10B51-A31B-41D4-B3A7-566F8B701CD6}.Release|ARM.Build.0 = Release|x64
		{8FF10B51-A31B-41D4-B3A7-566F8B701CD6}.Release|iOS.ActiveCfg = Release|x64
		{8FF10B51-A31B-41D4-B3A7-566F8B701CD6}.Release|iOS.Build.0 = Release|x64
		{8FF10B51-A31B-41D4-B3A7-566F8B701CD6}.Release|iPhone.ActiveCfg = Release|x64
		{8FF10B51-A31B-41D4-B3A7-566F8B701CD6}.Release|iPhone.Build.0 = Release|x64
		{8FF10B51-A31B-41D4-B3A7-566F8B701CD6}.Release|iPhoneSimulator.ActiveCfg = Release|x64
		{8FF10B51-A31B-41D4-B3A7-566F8B701CD6}.Release|iPhoneSimulator.Build.0 = Release|x64
		{8FF10B51-A31B-41D4-B3A7-566F8B701CD6}.Release|Windows Phone (Universal).ActiveCfg = Release|x64
		{8FF10B51-A31B-41D4-B3A7-566F8B701CD6}.Release|Windows Phone (Universal).Build.0 = Release|x64
		{8FF10B51-A31B-41D4-B3A7-566F8B701CD6}.Release|Windows Phone 8.ActiveCfg = Release|x64
		{8FF10B51-A31B-41D4-B3A7-566F8B701CD6}.Release|Windows Phone 8.Build.0 = Release|x64
		{8FF10B51-A31B-41D4-B3A7-566F8B701CD6}.Release|Windows-AnyCPU.ActiveCfg = Release|x64
		{8FF10B51-A31B-41D4-B3A7-566F8B701CD6}.Release|Windows-AnyCPU.Build.0 = Release|x64
		{8FF10B51-A31B-41D4-B3A7-566F8B701CD6}.Release|Windows-ARM.ActiveCfg = Release|x64
		{8FF10B51-A31B-41D4-B3A7-566F8B701CD6}.Release|Windows-ARM.Build.0 = Release|x64
		{8FF10B51-A31B-41D4-B3A7-566F8B701CD6}.Release|Windows-x64.ActiveCfg = Release|x64
		{8FF10B51-A31B-41D4-B3A7-566F8B701CD6}.Release|Windows-x64.Build.0 = Release|x64
		{8FF10B51-A31B-41D4-B3A7-566F8B701CD6}.Release|Windows-x86.ActiveCfg = Release|x64
		{8FF10B51-A31B-41D4-B3A7-566F8B701CD6}.Release|Windows-x86.Build.0 = Release|x64
		{8FF10B51-A31B-41D4-B3A7-566F8B701CD6}.Release|x64.ActiveCfg = Release|x64
		{8FF10B51-A31B-41D4-B3A7-566F8B701CD6}.Release|x64.Build.0 = Release|x64
		{8FF10B51-A31B-41D4-B3A7-566F8B701CD6}.Release|x86.ActiveCfg = Release|x64
		{8FF10B51-A31B-41D4-B3A7-566F8B701CD6}.Release|x86.Build.0 = Release|x64
	EndGlobalSection
	GlobalSection(SolutionProperties) = preSolution
		HideSolutionNode = FALSE
	EndGlobalSection
	GlobalSection(ExtensibilityGlobals) = postSolution
		SolutionGuid = {EB71B386-CC52-4BA4-925E-4CE02688A29F}
	EndGlobalSection
	GlobalSection(MonoDevelopProperties) = preSolution
		Policies = $0
		$0.DotNetNamingPolicy = $1
	EndGlobalSection
	GlobalSection(NestedProjects) = preSolution
		{74B43272-F5DB-47E9-BA37-BCC745834E8F} = {18747615-D316-476A-B239-EA4BEBAC321E}
		{1DBE00F6-06CC-43AC-B8F4-348128325448} = {18747615-D316-476A-B239-EA4BEBAC321E}
		{AACB74A2-AF40-47D7-B780-5B1F4BD0C42B} = {18747615-D316-476A-B239-EA4BEBAC321E}
		{DF45B24A-150E-4EDB-B1AF-6E47CCCE4ED3} = {18747615-D316-476A-B239-EA4BEBAC321E}
		{D76CFACE-86CD-4B6F-9ACE-C7ED605E0090} = {18747615-D316-476A-B239-EA4BEBAC321E}
		{6ECB9748-31B5-401F-8329-F4CF4491DD40} = {022E639B-63E5-4263-AFA9-49269AACA587}
		{7D921148-74B8-4CB2-A89E-6105F59DD92E} = {022E639B-63E5-4263-AFA9-49269AACA587}
		{B1271CF7-3CDD-406E-B482-BC72CA204DA4} = {022E639B-63E5-4263-AFA9-49269AACA587}
		{8425AB42-BFCA-4914-9DB2-DC82108769CD} = {022E639B-63E5-4263-AFA9-49269AACA587}
		{2A8A3112-35B2-4EA6-99DB-9EA40C4ACABF} = {022E639B-63E5-4263-AFA9-49269AACA587}
		{09758E02-7521-4CEE-BE1F-B896A3BDB12C} = {022E639B-63E5-4263-AFA9-49269AACA587}
		{8FF10B51-A31B-41D4-B3A7-566F8B701CD6} = {18747615-D316-476A-B239-EA4BEBAC321E}
	EndGlobalSection
EndGlobal
