
Microsoft Visual Studio Solution File, Format Version 12.00
# Visual Studio 15
VisualStudioVersion = 15.0.27130.2020
MinimumVisualStudioVersion = 10.0.40219.1
Project("{D954291E-2A0B-460D-934E-DC6B0785DB48}") = "Virgil.CryptoImplemented.Shared", "Multi.Shared\Virgil.CryptoImplemented.Shared.shproj", "{0D879416-CB61-4913-9336-EBB76958F599}"
EndProject
Project("{D954291E-2A0B-460D-934E-DC6B0785DB48}") = "Virgil.CryptoImpl.Tests.Shared", "Virgil.CryptoImpl.Tests.Shared\Virgil.CryptoImpl.Tests.Shared.shproj", "{80E07B2E-16A2-4343-918E-661F7D0A89C9}"
EndProject
Project("{9344BDBB-3E7F-41FC-A0DD-8665D75EE146}") = "Tests.Droid", "Tests.Droid\Tests.Droid.csproj", "{9831F17F-1254-4E50-A225-2C54007CB58D}"
EndProject
Project("{9344BDBB-3E7F-41FC-A0DD-8665D75EE146}") = "Multi.NuGet", "Multi.NuGet\Multi.NuGet.nuproj", "{71896CEA-CE76-4775-BBE0-A2A687C9C926}"
EndProject
Project("{9344BDBB-3E7F-41FC-A0DD-8665D75EE146}") = "Multi.iOS", "Multi.iOS\Multi.iOS.csproj", "{6A1C8FEB-5878-4EB8-96F5-5BD8F3058077}"
EndProject
Project("{9344BDBB-3E7F-41FC-A0DD-8665D75EE146}") = "Multi.Android", "Multi.Android\Multi.Android.csproj", "{EBBB7E9C-7BDC-4161-8766-A702F0B5EEBB}"
EndProject
Project("{9344BDBB-3E7F-41FC-A0DD-8665D75EE146}") = "Tests", "Tests\Tests.csproj", "{4C2A947B-4C57-4AE2-A9B7-EC59F90CE767}"
EndProject
Project("{9344BDBB-3E7F-41FC-A0DD-8665D75EE146}") = "Virgil.CryptoImpl.Tests", "Virgil.CryptoImpl.Tests\Virgil.CryptoImpl.Tests.csproj", "{E9FB4C5C-D7E4-44E0-916F-8F6FB2CEEADF}"
EndProject
Project("{9344BDBB-3E7F-41FC-A0DD-8665D75EE146}") = "Virgil.CryptoImpl", "Virgil.CryptoImpl\Virgil.CryptoImpl.csproj", "{C8891907-17E6-46A9-8362-0A19507AF027}"
EndProject
Project("{9344BDBB-3E7F-41FC-A0DD-8665D75EE146}") = "Tests.iOS", "Tests.iOS\Tests.iOS.csproj", "{59FAC43C-F137-431A-A5EE-11A102586B50}"
EndProject
Global
	GlobalSection(SolutionConfigurationPlatforms) = preSolution
		Debug|Android = Debug|Android
		Debug|Any CPU = Debug|Any CPU
		Debug|ARM = Debug|ARM
		Debug|iOS = Debug|iOS
		Debug|iPhone = Debug|iPhone
		Debug|iPhoneSimulator = Debug|iPhoneSimulator
		Debug|Windows Phone (Universal) = Debug|Windows Phone (Universal)
		Debug|Windows Phone 8 = Debug|Windows Phone 8
		Debug|Windows-AnyCPU = Debug|Windows-AnyCPU
		Debug|Windows-ARM = Debug|Windows-ARM
		Debug|Windows-x64 = Debug|Windows-x64
		Debug|Windows-x86 = Debug|Windows-x86
		Debug|x64 = Debug|x64
		Debug|x86 = Debug|x86
		Release|Android = Release|Android
		Release|Any CPU = Release|Any CPU
		Release|ARM = Release|ARM
		Release|iOS = Release|iOS
		Release|iPhone = Release|iPhone
		Release|iPhoneSimulator = Release|iPhoneSimulator
		Release|Windows Phone (Universal) = Release|Windows Phone (Universal)
		Release|Windows Phone 8 = Release|Windows Phone 8
		Release|Windows-AnyCPU = Release|Windows-AnyCPU
		Release|Windows-ARM = Release|Windows-ARM
		Release|Windows-x64 = Release|Windows-x64
		Release|Windows-x86 = Release|Windows-x86
		Release|x64 = Release|x64
		Release|x86 = Release|x86
	EndGlobalSection
	GlobalSection(ProjectConfigurationPlatforms) = postSolution
		{9831F17F-1254-4E50-A225-2C54007CB58D}.Debug|Android.ActiveCfg = Debug|Any CPU
		{9831F17F-1254-4E50-A225-2C54007CB58D}.Debug|Android.Build.0 = Debug|Any CPU
		{9831F17F-1254-4E50-A225-2C54007CB58D}.Debug|Any CPU.ActiveCfg = Debug|Any CPU
		{9831F17F-1254-4E50-A225-2C54007CB58D}.Debug|Any CPU.Build.0 = Debug|Any CPU
		{9831F17F-1254-4E50-A225-2C54007CB58D}.Debug|ARM.ActiveCfg = Debug|Any CPU
		{9831F17F-1254-4E50-A225-2C54007CB58D}.Debug|ARM.Build.0 = Debug|Any CPU
		{9831F17F-1254-4E50-A225-2C54007CB58D}.Debug|iOS.ActiveCfg = Debug|Any CPU
		{9831F17F-1254-4E50-A225-2C54007CB58D}.Debug|iOS.Build.0 = Debug|Any CPU
		{9831F17F-1254-4E50-A225-2C54007CB58D}.Debug|iPhone.ActiveCfg = Debug|Any CPU
		{9831F17F-1254-4E50-A225-2C54007CB58D}.Debug|iPhone.Build.0 = Debug|Any CPU
		{9831F17F-1254-4E50-A225-2C54007CB58D}.Debug|iPhoneSimulator.ActiveCfg = Debug|Any CPU
		{9831F17F-1254-4E50-A225-2C54007CB58D}.Debug|iPhoneSimulator.Build.0 = Debug|Any CPU
		{9831F17F-1254-4E50-A225-2C54007CB58D}.Debug|Windows Phone (Universal).ActiveCfg = Debug|Any CPU
		{9831F17F-1254-4E50-A225-2C54007CB58D}.Debug|Windows Phone (Universal).Build.0 = Debug|Any CPU
		{9831F17F-1254-4E50-A225-2C54007CB58D}.Debug|Windows Phone 8.ActiveCfg = Debug|Any CPU
		{9831F17F-1254-4E50-A225-2C54007CB58D}.Debug|Windows Phone 8.Build.0 = Debug|Any CPU
		{9831F17F-1254-4E50-A225-2C54007CB58D}.Debug|Windows-AnyCPU.ActiveCfg = Debug|Any CPU
		{9831F17F-1254-4E50-A225-2C54007CB58D}.Debug|Windows-AnyCPU.Build.0 = Debug|Any CPU
		{9831F17F-1254-4E50-A225-2C54007CB58D}.Debug|Windows-ARM.ActiveCfg = Debug|Any CPU
		{9831F17F-1254-4E50-A225-2C54007CB58D}.Debug|Windows-ARM.Build.0 = Debug|Any CPU
		{9831F17F-1254-4E50-A225-2C54007CB58D}.Debug|Windows-x64.ActiveCfg = Debug|Any CPU
		{9831F17F-1254-4E50-A225-2C54007CB58D}.Debug|Windows-x64.Build.0 = Debug|Any CPU
		{9831F17F-1254-4E50-A225-2C54007CB58D}.Debug|Windows-x86.ActiveCfg = Debug|Any CPU
		{9831F17F-1254-4E50-A225-2C54007CB58D}.Debug|Windows-x86.Build.0 = Debug|Any CPU
		{9831F17F-1254-4E50-A225-2C54007CB58D}.Debug|x64.ActiveCfg = Debug|Any CPU
		{9831F17F-1254-4E50-A225-2C54007CB58D}.Debug|x64.Build.0 = Debug|Any CPU
		{9831F17F-1254-4E50-A225-2C54007CB58D}.Debug|x86.ActiveCfg = Debug|Any CPU
		{9831F17F-1254-4E50-A225-2C54007CB58D}.Debug|x86.Build.0 = Debug|Any CPU
		{9831F17F-1254-4E50-A225-2C54007CB58D}.Release|Android.ActiveCfg = Release|Any CPU
		{9831F17F-1254-4E50-A225-2C54007CB58D}.Release|Android.Build.0 = Release|Any CPU
		{9831F17F-1254-4E50-A225-2C54007CB58D}.Release|Any CPU.ActiveCfg = Release|Any CPU
		{9831F17F-1254-4E50-A225-2C54007CB58D}.Release|Any CPU.Build.0 = Release|Any CPU
		{9831F17F-1254-4E50-A225-2C54007CB58D}.Release|ARM.ActiveCfg = Release|Any CPU
		{9831F17F-1254-4E50-A225-2C54007CB58D}.Release|ARM.Build.0 = Release|Any CPU
		{9831F17F-1254-4E50-A225-2C54007CB58D}.Release|iOS.ActiveCfg = Release|Any CPU
		{9831F17F-1254-4E50-A225-2C54007CB58D}.Release|iOS.Build.0 = Release|Any CPU
		{9831F17F-1254-4E50-A225-2C54007CB58D}.Release|iPhone.ActiveCfg = Release|Any CPU
		{9831F17F-1254-4E50-A225-2C54007CB58D}.Release|iPhone.Build.0 = Release|Any CPU
		{9831F17F-1254-4E50-A225-2C54007CB58D}.Release|iPhoneSimulator.ActiveCfg = Release|Any CPU
		{9831F17F-1254-4E50-A225-2C54007CB58D}.Release|iPhoneSimulator.Build.0 = Release|Any CPU
		{9831F17F-1254-4E50-A225-2C54007CB58D}.Release|Windows Phone (Universal).ActiveCfg = Release|Any CPU
		{9831F17F-1254-4E50-A225-2C54007CB58D}.Release|Windows Phone (Universal).Build.0 = Release|Any CPU
		{9831F17F-1254-4E50-A225-2C54007CB58D}.Release|Windows Phone 8.ActiveCfg = Release|Any CPU
		{9831F17F-1254-4E50-A225-2C54007CB58D}.Release|Windows Phone 8.Build.0 = Release|Any CPU
		{9831F17F-1254-4E50-A225-2C54007CB58D}.Release|Windows-AnyCPU.ActiveCfg = Release|Any CPU
		{9831F17F-1254-4E50-A225-2C54007CB58D}.Release|Windows-AnyCPU.Build.0 = Release|Any CPU
		{9831F17F-1254-4E50-A225-2C54007CB58D}.Release|Windows-ARM.ActiveCfg = Release|Any CPU
		{9831F17F-1254-4E50-A225-2C54007CB58D}.Release|Windows-ARM.Build.0 = Release|Any CPU
		{9831F17F-1254-4E50-A225-2C54007CB58D}.Release|Windows-x64.ActiveCfg = Release|Any CPU
		{9831F17F-1254-4E50-A225-2C54007CB58D}.Release|Windows-x64.Build.0 = Release|Any CPU
		{9831F17F-1254-4E50-A225-2C54007CB58D}.Release|Windows-x86.ActiveCfg = Release|Any CPU
		{9831F17F-1254-4E50-A225-2C54007CB58D}.Release|Windows-x86.Build.0 = Release|Any CPU
		{9831F17F-1254-4E50-A225-2C54007CB58D}.Release|x64.ActiveCfg = Release|Any CPU
		{9831F17F-1254-4E50-A225-2C54007CB58D}.Release|x64.Build.0 = Release|Any CPU
		{9831F17F-1254-4E50-A225-2C54007CB58D}.Release|x86.ActiveCfg = Release|Any CPU
		{9831F17F-1254-4E50-A225-2C54007CB58D}.Release|x86.Build.0 = Release|Any CPU
		{71896CEA-CE76-4775-BBE0-A2A687C9C926}.Debug|Android.ActiveCfg = Debug|Any CPU
		{71896CEA-CE76-4775-BBE0-A2A687C9C926}.Debug|Android.Build.0 = Debug|Any CPU
		{71896CEA-CE76-4775-BBE0-A2A687C9C926}.Debug|Any CPU.ActiveCfg = Debug|Any CPU
		{71896CEA-CE76-4775-BBE0-A2A687C9C926}.Debug|Any CPU.Build.0 = Debug|Any CPU
		{71896CEA-CE76-4775-BBE0-A2A687C9C926}.Debug|ARM.ActiveCfg = Debug|Any CPU
		{71896CEA-CE76-4775-BBE0-A2A687C9C926}.Debug|ARM.Build.0 = Debug|Any CPU
		{71896CEA-CE76-4775-BBE0-A2A687C9C926}.Debug|iOS.ActiveCfg = Debug|Any CPU
		{71896CEA-CE76-4775-BBE0-A2A687C9C926}.Debug|iOS.Build.0 = Debug|Any CPU
		{71896CEA-CE76-4775-BBE0-A2A687C9C926}.Debug|iPhone.ActiveCfg = Debug|Any CPU
		{71896CEA-CE76-4775-BBE0-A2A687C9C926}.Debug|iPhoneSimulator.ActiveCfg = Debug|Any CPU
		{71896CEA-CE76-4775-BBE0-A2A687C9C926}.Debug|iPhoneSimulator.Build.0 = Debug|Any CPU
		{71896CEA-CE76-4775-BBE0-A2A687C9C926}.Debug|Windows Phone (Universal).ActiveCfg = Debug|Any CPU
		{71896CEA-CE76-4775-BBE0-A2A687C9C926}.Debug|Windows Phone (Universal).Build.0 = Debug|Any CPU
		{71896CEA-CE76-4775-BBE0-A2A687C9C926}.Debug|Windows Phone 8.ActiveCfg = Debug|Any CPU
		{71896CEA-CE76-4775-BBE0-A2A687C9C926}.Debug|Windows Phone 8.Build.0 = Debug|Any CPU
		{71896CEA-CE76-4775-BBE0-A2A687C9C926}.Debug|Windows-AnyCPU.ActiveCfg = Debug|Any CPU
		{71896CEA-CE76-4775-BBE0-A2A687C9C926}.Debug|Windows-AnyCPU.Build.0 = Debug|Any CPU
		{71896CEA-CE76-4775-BBE0-A2A687C9C926}.Debug|Windows-ARM.ActiveCfg = Debug|Any CPU
		{71896CEA-CE76-4775-BBE0-A2A687C9C926}.Debug|Windows-ARM.Build.0 = Debug|Any CPU
		{71896CEA-CE76-4775-BBE0-A2A687C9C926}.Debug|Windows-x64.ActiveCfg = Debug|Any CPU
		{71896CEA-CE76-4775-BBE0-A2A687C9C926}.Debug|Windows-x64.Build.0 = Debug|Any CPU
		{71896CEA-CE76-4775-BBE0-A2A687C9C926}.Debug|Windows-x86.ActiveCfg = Debug|Any CPU
		{71896CEA-CE76-4775-BBE0-A2A687C9C926}.Debug|Windows-x86.Build.0 = Debug|Any CPU
		{71896CEA-CE76-4775-BBE0-A2A687C9C926}.Debug|x64.ActiveCfg = Debug|Any CPU
		{71896CEA-CE76-4775-BBE0-A2A687C9C926}.Debug|x64.Build.0 = Debug|Any CPU
		{71896CEA-CE76-4775-BBE0-A2A687C9C926}.Debug|x86.ActiveCfg = Debug|Any CPU
		{71896CEA-CE76-4775-BBE0-A2A687C9C926}.Debug|x86.Build.0 = Debug|Any CPU
		{71896CEA-CE76-4775-BBE0-A2A687C9C926}.Release|Android.ActiveCfg = Release|Any CPU
		{71896CEA-CE76-4775-BBE0-A2A687C9C926}.Release|Android.Build.0 = Release|Any CPU
		{71896CEA-CE76-4775-BBE0-A2A687C9C926}.Release|Any CPU.ActiveCfg = Release|Any CPU
		{71896CEA-CE76-4775-BBE0-A2A687C9C926}.Release|Any CPU.Build.0 = Release|Any CPU
		{71896CEA-CE76-4775-BBE0-A2A687C9C926}.Release|ARM.ActiveCfg = Release|Any CPU
		{71896CEA-CE76-4775-BBE0-A2A687C9C926}.Release|ARM.Build.0 = Release|Any CPU
		{71896CEA-CE76-4775-BBE0-A2A687C9C926}.Release|iOS.ActiveCfg = Release|Any CPU
		{71896CEA-CE76-4775-BBE0-A2A687C9C926}.Release|iOS.Build.0 = Release|Any CPU
		{71896CEA-CE76-4775-BBE0-A2A687C9C926}.Release|iPhone.ActiveCfg = Release|Any CPU
		{71896CEA-CE76-4775-BBE0-A2A687C9C926}.Release|iPhoneSimulator.ActiveCfg = Release|Any CPU
		{71896CEA-CE76-4775-BBE0-A2A687C9C926}.Release|iPhoneSimulator.Build.0 = Release|Any CPU
		{71896CEA-CE76-4775-BBE0-A2A687C9C926}.Release|Windows Phone (Universal).ActiveCfg = Release|Any CPU
		{71896CEA-CE76-4775-BBE0-A2A687C9C926}.Release|Windows Phone (Universal).Build.0 = Release|Any CPU
		{71896CEA-CE76-4775-BBE0-A2A687C9C926}.Release|Windows Phone 8.ActiveCfg = Release|Any CPU
		{71896CEA-CE76-4775-BBE0-A2A687C9C926}.Release|Windows Phone 8.Build.0 = Release|Any CPU
		{71896CEA-CE76-4775-BBE0-A2A687C9C926}.Release|Windows-AnyCPU.ActiveCfg = Release|Any CPU
		{71896CEA-CE76-4775-BBE0-A2A687C9C926}.Release|Windows-AnyCPU.Build.0 = Release|Any CPU
		{71896CEA-CE76-4775-BBE0-A2A687C9C926}.Release|Windows-ARM.ActiveCfg = Release|Any CPU
		{71896CEA-CE76-4775-BBE0-A2A687C9C926}.Release|Windows-ARM.Build.0 = Release|Any CPU
		{71896CEA-CE76-4775-BBE0-A2A687C9C926}.Release|Windows-x64.ActiveCfg = Release|Any CPU
		{71896CEA-CE76-4775-BBE0-A2A687C9C926}.Release|Windows-x64.Build.0 = Release|Any CPU
		{71896CEA-CE76-4775-BBE0-A2A687C9C926}.Release|Windows-x86.ActiveCfg = Release|Any CPU
		{71896CEA-CE76-4775-BBE0-A2A687C9C926}.Release|Windows-x86.Build.0 = Release|Any CPU
		{71896CEA-CE76-4775-BBE0-A2A687C9C926}.Release|x64.ActiveCfg = Release|Any CPU
		{71896CEA-CE76-4775-BBE0-A2A687C9C926}.Release|x64.Build.0 = Release|Any CPU
		{71896CEA-CE76-4775-BBE0-A2A687C9C926}.Release|x86.ActiveCfg = Release|Any CPU
		{71896CEA-CE76-4775-BBE0-A2A687C9C926}.Release|x86.Build.0 = Release|Any CPU
		{6A1C8FEB-5878-4EB8-96F5-5BD8F3058077}.Debug|Android.ActiveCfg = Debug|Any CPU
		{6A1C8FEB-5878-4EB8-96F5-5BD8F3058077}.Debug|Android.Build.0 = Debug|Any CPU
		{6A1C8FEB-5878-4EB8-96F5-5BD8F3058077}.Debug|Any CPU.ActiveCfg = Debug|Any CPU
		{6A1C8FEB-5878-4EB8-96F5-5BD8F3058077}.Debug|Any CPU.Build.0 = Debug|Any CPU
		{6A1C8FEB-5878-4EB8-96F5-5BD8F3058077}.Debug|ARM.ActiveCfg = Debug|Any CPU
		{6A1C8FEB-5878-4EB8-96F5-5BD8F3058077}.Debug|ARM.Build.0 = Debug|Any CPU
		{6A1C8FEB-5878-4EB8-96F5-5BD8F3058077}.Debug|iOS.ActiveCfg = Debug|Any CPU
		{6A1C8FEB-5878-4EB8-96F5-5BD8F3058077}.Debug|iOS.Build.0 = Debug|Any CPU
		{6A1C8FEB-5878-4EB8-96F5-5BD8F3058077}.Debug|iPhone.ActiveCfg = Debug|Any CPU
		{6A1C8FEB-5878-4EB8-96F5-5BD8F3058077}.Debug|iPhone.Build.0 = Debug|Any CPU
		{6A1C8FEB-5878-4EB8-96F5-5BD8F3058077}.Debug|iPhoneSimulator.ActiveCfg = Debug|Any CPU
		{6A1C8FEB-5878-4EB8-96F5-5BD8F3058077}.Debug|iPhoneSimulator.Build.0 = Debug|Any CPU
		{6A1C8FEB-5878-4EB8-96F5-5BD8F3058077}.Debug|Windows Phone (Universal).ActiveCfg = Debug|Any CPU
		{6A1C8FEB-5878-4EB8-96F5-5BD8F3058077}.Debug|Windows Phone (Universal).Build.0 = Debug|Any CPU
		{6A1C8FEB-5878-4EB8-96F5-5BD8F3058077}.Debug|Windows Phone 8.ActiveCfg = Debug|Any CPU
		{6A1C8FEB-5878-4EB8-96F5-5BD8F3058077}.Debug|Windows Phone 8.Build.0 = Debug|Any CPU
		{6A1C8FEB-5878-4EB8-96F5-5BD8F3058077}.Debug|Windows-AnyCPU.ActiveCfg = Debug|Any CPU
		{6A1C8FEB-5878-4EB8-96F5-5BD8F3058077}.Debug|Windows-AnyCPU.Build.0 = Debug|Any CPU
		{6A1C8FEB-5878-4EB8-96F5-5BD8F3058077}.Debug|Windows-ARM.ActiveCfg = Debug|Any CPU
		{6A1C8FEB-5878-4EB8-96F5-5BD8F3058077}.Debug|Windows-ARM.Build.0 = Debug|Any CPU
		{6A1C8FEB-5878-4EB8-96F5-5BD8F3058077}.Debug|Windows-x64.ActiveCfg = Debug|Any CPU
		{6A1C8FEB-5878-4EB8-96F5-5BD8F3058077}.Debug|Windows-x64.Build.0 = Debug|Any CPU
		{6A1C8FEB-5878-4EB8-96F5-5BD8F3058077}.Debug|Windows-x86.ActiveCfg = Debug|Any CPU
		{6A1C8FEB-5878-4EB8-96F5-5BD8F3058077}.Debug|Windows-x86.Build.0 = Debug|Any CPU
		{6A1C8FEB-5878-4EB8-96F5-5BD8F3058077}.Debug|x64.ActiveCfg = Debug|Any CPU
		{6A1C8FEB-5878-4EB8-96F5-5BD8F3058077}.Debug|x64.Build.0 = Debug|Any CPU
		{6A1C8FEB-5878-4EB8-96F5-5BD8F3058077}.Debug|x86.ActiveCfg = Debug|Any CPU
		{6A1C8FEB-5878-4EB8-96F5-5BD8F3058077}.Debug|x86.Build.0 = Debug|Any CPU
		{6A1C8FEB-5878-4EB8-96F5-5BD8F3058077}.Release|Android.ActiveCfg = Release|Any CPU
		{6A1C8FEB-5878-4EB8-96F5-5BD8F3058077}.Release|Android.Build.0 = Release|Any CPU
		{6A1C8FEB-5878-4EB8-96F5-5BD8F3058077}.Release|Any CPU.ActiveCfg = Release|Any CPU
		{6A1C8FEB-5878-4EB8-96F5-5BD8F3058077}.Release|Any CPU.Build.0 = Release|Any CPU
		{6A1C8FEB-5878-4EB8-96F5-5BD8F3058077}.Release|ARM.ActiveCfg = Release|Any CPU
		{6A1C8FEB-5878-4EB8-96F5-5BD8F3058077}.Release|ARM.Build.0 = Release|Any CPU
		{6A1C8FEB-5878-4EB8-96F5-5BD8F3058077}.Release|iOS.ActiveCfg = Release|Any CPU
		{6A1C8FEB-5878-4EB8-96F5-5BD8F3058077}.Release|iOS.Build.0 = Release|Any CPU
		{6A1C8FEB-5878-4EB8-96F5-5BD8F3058077}.Release|iPhone.ActiveCfg = Release|Any CPU
		{6A1C8FEB-5878-4EB8-96F5-5BD8F3058077}.Release|iPhone.Build.0 = Release|Any CPU
		{6A1C8FEB-5878-4EB8-96F5-5BD8F3058077}.Release|iPhoneSimulator.ActiveCfg = Release|Any CPU
		{6A1C8FEB-5878-4EB8-96F5-5BD8F3058077}.Release|iPhoneSimulator.Build.0 = Release|Any CPU
		{6A1C8FEB-5878-4EB8-96F5-5BD8F3058077}.Release|Windows Phone (Universal).ActiveCfg = Release|Any CPU
		{6A1C8FEB-5878-4EB8-96F5-5BD8F3058077}.Release|Windows Phone (Universal).Build.0 = Release|Any CPU
		{6A1C8FEB-5878-4EB8-96F5-5BD8F3058077}.Release|Windows Phone 8.ActiveCfg = Release|Any CPU
		{6A1C8FEB-5878-4EB8-96F5-5BD8F3058077}.Release|Windows Phone 8.Build.0 = Release|Any CPU
		{6A1C8FEB-5878-4EB8-96F5-5BD8F3058077}.Release|Windows-AnyCPU.ActiveCfg = Release|Any CPU
		{6A1C8FEB-5878-4EB8-96F5-5BD8F3058077}.Release|Windows-AnyCPU.Build.0 = Release|Any CPU
		{6A1C8FEB-5878-4EB8-96F5-5BD8F3058077}.Release|Windows-ARM.ActiveCfg = Release|Any CPU
		{6A1C8FEB-5878-4EB8-96F5-5BD8F3058077}.Release|Windows-ARM.Build.0 = Release|Any CPU
		{6A1C8FEB-5878-4EB8-96F5-5BD8F3058077}.Release|Windows-x64.ActiveCfg = Release|Any CPU
		{6A1C8FEB-5878-4EB8-96F5-5BD8F3058077}.Release|Windows-x64.Build.0 = Release|Any CPU
		{6A1C8FEB-5878-4EB8-96F5-5BD8F3058077}.Release|Windows-x86.ActiveCfg = Release|Any CPU
		{6A1C8FEB-5878-4EB8-96F5-5BD8F3058077}.Release|Windows-x86.Build.0 = Release|Any CPU
		{6A1C8FEB-5878-4EB8-96F5-5BD8F3058077}.Release|x64.ActiveCfg = Release|Any CPU
		{6A1C8FEB-5878-4EB8-96F5-5BD8F3058077}.Release|x64.Build.0 = Release|Any CPU
		{6A1C8FEB-5878-4EB8-96F5-5BD8F3058077}.Release|x86.ActiveCfg = Release|Any CPU
		{6A1C8FEB-5878-4EB8-96F5-5BD8F3058077}.Release|x86.Build.0 = Release|Any CPU
		{EBBB7E9C-7BDC-4161-8766-A702F0B5EEBB}.Debug|Android.ActiveCfg = Debug|Any CPU
		{EBBB7E9C-7BDC-4161-8766-A702F0B5EEBB}.Debug|Android.Build.0 = Debug|Any CPU
		{EBBB7E9C-7BDC-4161-8766-A702F0B5EEBB}.Debug|Any CPU.ActiveCfg = Debug|Any CPU
		{EBBB7E9C-7BDC-4161-8766-A702F0B5EEBB}.Debug|Any CPU.Build.0 = Debug|Any CPU
		{EBBB7E9C-7BDC-4161-8766-A702F0B5EEBB}.Debug|ARM.ActiveCfg = Debug|Any CPU
		{EBBB7E9C-7BDC-4161-8766-A702F0B5EEBB}.Debug|ARM.Build.0 = Debug|Any CPU
		{EBBB7E9C-7BDC-4161-8766-A702F0B5EEBB}.Debug|iOS.ActiveCfg = Debug|Any CPU
		{EBBB7E9C-7BDC-4161-8766-A702F0B5EEBB}.Debug|iOS.Build.0 = Debug|Any CPU
		{EBBB7E9C-7BDC-4161-8766-A702F0B5EEBB}.Debug|iPhone.ActiveCfg = Debug|Any CPU
		{EBBB7E9C-7BDC-4161-8766-A702F0B5EEBB}.Debug|iPhone.Build.0 = Debug|Any CPU
		{EBBB7E9C-7BDC-4161-8766-A702F0B5EEBB}.Debug|iPhoneSimulator.ActiveCfg = Debug|Any CPU
		{EBBB7E9C-7BDC-4161-8766-A702F0B5EEBB}.Debug|iPhoneSimulator.Build.0 = Debug|Any CPU
		{EBBB7E9C-7BDC-4161-8766-A702F0B5EEBB}.Debug|Windows Phone (Universal).ActiveCfg = Debug|Any CPU
		{EBBB7E9C-7BDC-4161-8766-A702F0B5EEBB}.Debug|Windows Phone (Universal).Build.0 = Debug|Any CPU
		{EBBB7E9C-7BDC-4161-8766-A702F0B5EEBB}.Debug|Windows Phone 8.ActiveCfg = Debug|Any CPU
		{EBBB7E9C-7BDC-4161-8766-A702F0B5EEBB}.Debug|Windows Phone 8.Build.0 = Debug|Any CPU
		{EBBB7E9C-7BDC-4161-8766-A702F0B5EEBB}.Debug|Windows-AnyCPU.ActiveCfg = Debug|Any CPU
		{EBBB7E9C-7BDC-4161-8766-A702F0B5EEBB}.Debug|Windows-AnyCPU.Build.0 = Debug|Any CPU
		{EBBB7E9C-7BDC-4161-8766-A702F0B5EEBB}.Debug|Windows-ARM.ActiveCfg = Debug|Any CPU
		{EBBB7E9C-7BDC-4161-8766-A702F0B5EEBB}.Debug|Windows-ARM.Build.0 = Debug|Any CPU
		{EBBB7E9C-7BDC-4161-8766-A702F0B5EEBB}.Debug|Windows-x64.ActiveCfg = Debug|Any CPU
		{EBBB7E9C-7BDC-4161-8766-A702F0B5EEBB}.Debug|Windows-x64.Build.0 = Debug|Any CPU
		{EBBB7E9C-7BDC-4161-8766-A702F0B5EEBB}.Debug|Windows-x86.ActiveCfg = Debug|Any CPU
		{EBBB7E9C-7BDC-4161-8766-A702F0B5EEBB}.Debug|Windows-x86.Build.0 = Debug|Any CPU
		{EBBB7E9C-7BDC-4161-8766-A702F0B5EEBB}.Debug|x64.ActiveCfg = Debug|Any CPU
		{EBBB7E9C-7BDC-4161-8766-A702F0B5EEBB}.Debug|x64.Build.0 = Debug|Any CPU
		{EBBB7E9C-7BDC-4161-8766-A702F0B5EEBB}.Debug|x86.ActiveCfg = Debug|Any CPU
		{EBBB7E9C-7BDC-4161-8766-A702F0B5EEBB}.Debug|x86.Build.0 = Debug|Any CPU
		{EBBB7E9C-7BDC-4161-8766-A702F0B5EEBB}.Release|Android.ActiveCfg = Release|Any CPU
		{EBBB7E9C-7BDC-4161-8766-A702F0B5EEBB}.Release|Android.Build.0 = Release|Any CPU
		{EBBB7E9C-7BDC-4161-8766-A702F0B5EEBB}.Release|Any CPU.ActiveCfg = Release|Any CPU
		{EBBB7E9C-7BDC-4161-8766-A702F0B5EEBB}.Release|Any CPU.Build.0 = Release|Any CPU
		{EBBB7E9C-7BDC-4161-8766-A702F0B5EEBB}.Release|ARM.ActiveCfg = Release|Any CPU
		{EBBB7E9C-7BDC-4161-8766-A702F0B5EEBB}.Release|ARM.Build.0 = Release|Any CPU
		{EBBB7E9C-7BDC-4161-8766-A702F0B5EEBB}.Release|iOS.ActiveCfg = Release|Any CPU
		{EBBB7E9C-7BDC-4161-8766-A702F0B5EEBB}.Release|iOS.Build.0 = Release|Any CPU
		{EBBB7E9C-7BDC-4161-8766-A702F0B5EEBB}.Release|iPhone.ActiveCfg = Release|Any CPU
		{EBBB7E9C-7BDC-4161-8766-A702F0B5EEBB}.Release|iPhone.Build.0 = Release|Any CPU
		{EBBB7E9C-7BDC-4161-8766-A702F0B5EEBB}.Release|iPhoneSimulator.ActiveCfg = Release|Any CPU
		{EBBB7E9C-7BDC-4161-8766-A702F0B5EEBB}.Release|iPhoneSimulator.Build.0 = Release|Any CPU
		{EBBB7E9C-7BDC-4161-8766-A702F0B5EEBB}.Release|Windows Phone (Universal).ActiveCfg = Release|Any CPU
		{EBBB7E9C-7BDC-4161-8766-A702F0B5EEBB}.Release|Windows Phone (Universal).Build.0 = Release|Any CPU
		{EBBB7E9C-7BDC-4161-8766-A702F0B5EEBB}.Release|Windows Phone 8.ActiveCfg = Release|Any CPU
		{EBBB7E9C-7BDC-4161-8766-A702F0B5EEBB}.Release|Windows Phone 8.Build.0 = Release|Any CPU
		{EBBB7E9C-7BDC-4161-8766-A702F0B5EEBB}.Release|Windows-AnyCPU.ActiveCfg = Release|Any CPU
		{EBBB7E9C-7BDC-4161-8766-A702F0B5EEBB}.Release|Windows-AnyCPU.Build.0 = Release|Any CPU
		{EBBB7E9C-7BDC-4161-8766-A702F0B5EEBB}.Release|Windows-ARM.ActiveCfg = Release|Any CPU
		{EBBB7E9C-7BDC-4161-8766-A702F0B5EEBB}.Release|Windows-ARM.Build.0 = Release|Any CPU
		{EBBB7E9C-7BDC-4161-8766-A702F0B5EEBB}.Release|Windows-x64.ActiveCfg = Release|Any CPU
		{EBBB7E9C-7BDC-4161-8766-A702F0B5EEBB}.Release|Windows-x64.Build.0 = Release|Any CPU
		{EBBB7E9C-7BDC-4161-8766-A702F0B5EEBB}.Release|Windows-x86.ActiveCfg = Release|Any CPU
		{EBBB7E9C-7BDC-4161-8766-A702F0B5EEBB}.Release|Windows-x86.Build.0 = Release|Any CPU
		{EBBB7E9C-7BDC-4161-8766-A702F0B5EEBB}.Release|x64.ActiveCfg = Release|Any CPU
		{EBBB7E9C-7BDC-4161-8766-A702F0B5EEBB}.Release|x64.Build.0 = Release|Any CPU
		{EBBB7E9C-7BDC-4161-8766-A702F0B5EEBB}.Release|x86.ActiveCfg = Release|Any CPU
		{EBBB7E9C-7BDC-4161-8766-A702F0B5EEBB}.Release|x86.Build.0 = Release|Any CPU
		{59FAC43C-F137-431A-A5EE-11A102586B50}.Debug|Android.ActiveCfg = Debug|iPhoneSimulator
		{59FAC43C-F137-431A-A5EE-11A102586B50}.Debug|Android.Build.0 = Debug|iPhoneSimulator
		{59FAC43C-F137-431A-A5EE-11A102586B50}.Debug|Any CPU.ActiveCfg = Debug|iPhoneSimulator
		{59FAC43C-F137-431A-A5EE-11A102586B50}.Debug|Any CPU.Build.0 = Debug|iPhoneSimulator
		{59FAC43C-F137-431A-A5EE-11A102586B50}.Debug|ARM.ActiveCfg = Debug|iPhoneSimulator
		{59FAC43C-F137-431A-A5EE-11A102586B50}.Debug|ARM.Build.0 = Debug|iPhoneSimulator
		{59FAC43C-F137-431A-A5EE-11A102586B50}.Debug|iOS.ActiveCfg = Debug|iPhoneSimulator
		{59FAC43C-F137-431A-A5EE-11A102586B50}.Debug|iOS.Build.0 = Debug|iPhoneSimulator
		{59FAC43C-F137-431A-A5EE-11A102586B50}.Debug|iPhone.ActiveCfg = Debug|iPhone
		{59FAC43C-F137-431A-A5EE-11A102586B50}.Debug|iPhone.Build.0 = Debug|iPhone
		{59FAC43C-F137-431A-A5EE-11A102586B50}.Debug|iPhoneSimulator.ActiveCfg = Debug|iPhoneSimulator
		{59FAC43C-F137-431A-A5EE-11A102586B50}.Debug|iPhoneSimulator.Build.0 = Debug|iPhoneSimulator
		{59FAC43C-F137-431A-A5EE-11A102586B50}.Debug|Windows Phone (Universal).ActiveCfg = Debug|iPhoneSimulator
		{59FAC43C-F137-431A-A5EE-11A102586B50}.Debug|Windows Phone (Universal).Build.0 = Debug|iPhoneSimulator
		{59FAC43C-F137-431A-A5EE-11A102586B50}.Debug|Windows Phone 8.ActiveCfg = Debug|iPhoneSimulator
		{59FAC43C-F137-431A-A5EE-11A102586B50}.Debug|Windows Phone 8.Build.0 = Debug|iPhoneSimulator
		{59FAC43C-F137-431A-A5EE-11A102586B50}.Debug|Windows-AnyCPU.ActiveCfg = Debug|iPhoneSimulator
		{59FAC43C-F137-431A-A5EE-11A102586B50}.Debug|Windows-AnyCPU.Build.0 = Debug|iPhoneSimulator
		{59FAC43C-F137-431A-A5EE-11A102586B50}.Debug|Windows-ARM.ActiveCfg = Debug|iPhoneSimulator
		{59FAC43C-F137-431A-A5EE-11A102586B50}.Debug|Windows-ARM.Build.0 = Debug|iPhoneSimulator
		{59FAC43C-F137-431A-A5EE-11A102586B50}.Debug|Windows-x64.ActiveCfg = Debug|iPhoneSimulator
		{59FAC43C-F137-431A-A5EE-11A102586B50}.Debug|Windows-x64.Build.0 = Debug|iPhoneSimulator
		{59FAC43C-F137-431A-A5EE-11A102586B50}.Debug|Windows-x86.ActiveCfg = Debug|iPhoneSimulator
		{59FAC43C-F137-431A-A5EE-11A102586B50}.Debug|Windows-x86.Build.0 = Debug|iPhoneSimulator
		{59FAC43C-F137-431A-A5EE-11A102586B50}.Debug|x64.ActiveCfg = Debug|iPhoneSimulator
		{59FAC43C-F137-431A-A5EE-11A102586B50}.Debug|x64.Build.0 = Debug|iPhoneSimulator
		{59FAC43C-F137-431A-A5EE-11A102586B50}.Debug|x86.ActiveCfg = Debug|iPhoneSimulator
		{59FAC43C-F137-431A-A5EE-11A102586B50}.Debug|x86.Build.0 = Debug|iPhoneSimulator
		{59FAC43C-F137-431A-A5EE-11A102586B50}.Release|Android.ActiveCfg = Release|iPhone
		{59FAC43C-F137-431A-A5EE-11A102586B50}.Release|Android.Build.0 = Release|iPhone
		{59FAC43C-F137-431A-A5EE-11A102586B50}.Release|Any CPU.ActiveCfg = Release|iPhone
		{59FAC43C-F137-431A-A5EE-11A102586B50}.Release|Any CPU.Build.0 = Release|iPhone
		{59FAC43C-F137-431A-A5EE-11A102586B50}.Release|ARM.ActiveCfg = Release|iPhone
		{59FAC43C-F137-431A-A5EE-11A102586B50}.Release|ARM.Build.0 = Release|iPhone
		{59FAC43C-F137-431A-A5EE-11A102586B50}.Release|iOS.ActiveCfg = Release|iPhone
		{59FAC43C-F137-431A-A5EE-11A102586B50}.Release|iOS.Build.0 = Release|iPhone
		{59FAC43C-F137-431A-A5EE-11A102586B50}.Release|iPhone.ActiveCfg = Release|iPhone
		{59FAC43C-F137-431A-A5EE-11A102586B50}.Release|iPhone.Build.0 = Release|iPhone
		{59FAC43C-F137-431A-A5EE-11A102586B50}.Release|iPhoneSimulator.ActiveCfg = Release|iPhoneSimulator
		{59FAC43C-F137-431A-A5EE-11A102586B50}.Release|iPhoneSimulator.Build.0 = Release|iPhoneSimulator
		{59FAC43C-F137-431A-A5EE-11A102586B50}.Release|Windows Phone (Universal).ActiveCfg = Release|iPhone
		{59FAC43C-F137-431A-A5EE-11A102586B50}.Release|Windows Phone (Universal).Build.0 = Release|iPhone
		{59FAC43C-F137-431A-A5EE-11A102586B50}.Release|Windows Phone 8.ActiveCfg = Release|iPhone
		{59FAC43C-F137-431A-A5EE-11A102586B50}.Release|Windows Phone 8.Build.0 = Release|iPhone
		{59FAC43C-F137-431A-A5EE-11A102586B50}.Release|Windows-AnyCPU.ActiveCfg = Release|iPhone
		{59FAC43C-F137-431A-A5EE-11A102586B50}.Release|Windows-AnyCPU.Build.0 = Release|iPhone
		{59FAC43C-F137-431A-A5EE-11A102586B50}.Release|Windows-ARM.ActiveCfg = Release|iPhone
		{59FAC43C-F137-431A-A5EE-11A102586B50}.Release|Windows-ARM.Build.0 = Release|iPhone
		{59FAC43C-F137-431A-A5EE-11A102586B50}.Release|Windows-x64.ActiveCfg = Release|iPhone
		{59FAC43C-F137-431A-A5EE-11A102586B50}.Release|Windows-x64.Build.0 = Release|iPhone
		{59FAC43C-F137-431A-A5EE-11A102586B50}.Release|Windows-x86.ActiveCfg = Release|iPhone
		{59FAC43C-F137-431A-A5EE-11A102586B50}.Release|Windows-x86.Build.0 = Release|iPhone
		{59FAC43C-F137-431A-A5EE-11A102586B50}.Release|x64.ActiveCfg = Release|iPhone
		{59FAC43C-F137-431A-A5EE-11A102586B50}.Release|x64.Build.0 = Release|iPhone
		{59FAC43C-F137-431A-A5EE-11A102586B50}.Release|x86.ActiveCfg = Release|iPhone
		{59FAC43C-F137-431A-A5EE-11A102586B50}.Release|x86.Build.0 = Release|iPhone
	EndGlobalSection
	GlobalSection(SolutionProperties) = preSolution
		HideSolutionNode = FALSE
	EndGlobalSection
	GlobalSection(ExtensibilityGlobals) = postSolution
		SolutionGuid = {EB71B386-CC52-4BA4-925E-4CE02688A29F}
	EndGlobalSection
	GlobalSection(MonoDevelopProperties) = preSolution
		Policies = $0
		$0.DotNetNamingPolicy = $1
	EndGlobalSection
EndGlobal
