
Microsoft Visual Studio Solution File, Format Version 12.00
# Visual Studio 15
VisualStudioVersion = 15.0.27130.2020
MinimumVisualStudioVersion = 10.0.40219.1
Project("{D954291E-2A0B-460D-934E-DC6B0785DB48}") = "Virgil.Crypto.Shared", "Virgil.Crypto.Shared\Virgil.Crypto.Shared.shproj", "{0D879416-CB61-4913-9336-EBB76958F599}"
EndProject
Project("{D954291E-2A0B-460D-934E-DC6B0785DB48}") = "Tests.Shared", "Tests.Shared\Tests.Shared.shproj", "{80E07B2E-16A2-4343-918E-661F7D0A89C9}"
EndProject
Project("{FAE04EC0-301F-11D3-BF4B-00C04F79EFBC}") = "Tests.iOS", "Tests.iOS\Tests.iOS.csproj", "{65A977A1-C818-4C35-9D1A-C0B9C14E8E9C}"
EndProject
Project("{9344BDBB-3E7F-41FC-A0DD-8665D75EE146}") = "Virgil.CryptoImpl", "Virgil.CryptoImpl\Virgil.CryptoImpl.csproj", "{84ED47C7-8EC3-45FE-A381-4191403E92B0}"
EndProject
Project("{9344BDBB-3E7F-41FC-A0DD-8665D75EE146}") = "Virgil.CryptoImpl.Tests", "Virgil.CryptoImpl.Tests\Virgil.CryptoImpl.Tests.csproj", "{4744A4AC-1DEE-4498-9BCD-36623F1FE164}"
EndProject
Project("{9344BDBB-3E7F-41FC-A0DD-8665D75EE146}") = "Tests.Core", "Tests.Core\Tests.Core.csproj", "{B5D3E016-6876-42C3-92A3-2ABAAD3D67ED}"
EndProject
Project("{9344BDBB-3E7F-41FC-A0DD-8665D75EE146}") = "Tests", "Tests\Tests.csproj", "{CCA959C2-1961-4CA0-8524-4C112E873B1B}"
EndProject
Project("{FAE04EC0-301F-11D3-BF4B-00C04F79EFBC}") = "Tests.Droid", "Tests.Droid\Tests.Droid.csproj", "{D28D3539-3CA3-4407-AAEC-274983EB4A34}"
EndProject
Project("{FAE04EC0-301F-11D3-BF4B-00C04F79EFBC}") = "Tests.Mac", "Tests.Mac\Tests.Mac.csproj", "{03545ECE-CF17-4204-85C7-070B4BF1E0F9}"
EndProject
Global
	GlobalSection(SolutionConfigurationPlatforms) = preSolution
		Debug|Android = Debug|Android
		Debug|Any CPU = Debug|Any CPU
		Debug|ARM = Debug|ARM
		Debug|iOS = Debug|iOS
		Debug|iPhone = Debug|iPhone
		Debug|iPhoneSimulator = Debug|iPhoneSimulator
		Debug|Windows Phone (Universal) = Debug|Windows Phone (Universal)
		Debug|Windows Phone 8 = Debug|Windows Phone 8
		Debug|Windows-AnyCPU = Debug|Windows-AnyCPU
		Debug|Windows-ARM = Debug|Windows-ARM
		Debug|Windows-x64 = Debug|Windows-x64
		Debug|Windows-x86 = Debug|Windows-x86
		Debug|x64 = Debug|x64
		Debug|x86 = Debug|x86
		Release|Android = Release|Android
		Release|Any CPU = Release|Any CPU
		Release|ARM = Release|ARM
		Release|iOS = Release|iOS
		Release|iPhone = Release|iPhone
		Release|iPhoneSimulator = Release|iPhoneSimulator
		Release|Windows Phone (Universal) = Release|Windows Phone (Universal)
		Release|Windows Phone 8 = Release|Windows Phone 8
		Release|Windows-AnyCPU = Release|Windows-AnyCPU
		Release|Windows-ARM = Release|Windows-ARM
		Release|Windows-x64 = Release|Windows-x64
		Release|Windows-x86 = Release|Windows-x86
		Release|x64 = Release|x64
		Release|x86 = Release|x86
	EndGlobalSection
	GlobalSection(ProjectConfigurationPlatforms) = postSolution
		{65A977A1-C818-4C35-9D1A-C0B9C14E8E9C}.Release|iPhone.ActiveCfg = Release|iPhone
		{65A977A1-C818-4C35-9D1A-C0B9C14E8E9C}.Release|iPhone.Build.0 = Release|iPhone
		{65A977A1-C818-4C35-9D1A-C0B9C14E8E9C}.Debug|iPhone.ActiveCfg = Debug|iPhone
		{65A977A1-C818-4C35-9D1A-C0B9C14E8E9C}.Debug|iPhone.Build.0 = Debug|iPhone
		{65A977A1-C818-4C35-9D1A-C0B9C14E8E9C}.Debug|iOS.ActiveCfg = Debug|iPhone
		{65A977A1-C818-4C35-9D1A-C0B9C14E8E9C}.Debug|iOS.Build.0 = Debug|iPhone
		{B5D3E016-6876-42C3-92A3-2ABAAD3D67ED}.Debug|Android.ActiveCfg = Debug|Any CPU
		{B5D3E016-6876-42C3-92A3-2ABAAD3D67ED}.Debug|Android.Build.0 = Debug|Any CPU
		{B5D3E016-6876-42C3-92A3-2ABAAD3D67ED}.Debug|Any CPU.ActiveCfg = Debug|Any CPU
		{B5D3E016-6876-42C3-92A3-2ABAAD3D67ED}.Debug|Any CPU.Build.0 = Debug|Any CPU
		{B5D3E016-6876-42C3-92A3-2ABAAD3D67ED}.Debug|ARM.ActiveCfg = Debug|Any CPU
		{B5D3E016-6876-42C3-92A3-2ABAAD3D67ED}.Debug|ARM.Build.0 = Debug|Any CPU
		{B5D3E016-6876-42C3-92A3-2ABAAD3D67ED}.Debug|iOS.ActiveCfg = Debug|Any CPU
		{B5D3E016-6876-42C3-92A3-2ABAAD3D67ED}.Debug|iOS.Build.0 = Debug|Any CPU
		{B5D3E016-6876-42C3-92A3-2ABAAD3D67ED}.Debug|iPhone.ActiveCfg = Debug|Any CPU
		{B5D3E016-6876-42C3-92A3-2ABAAD3D67ED}.Debug|iPhone.Build.0 = Debug|Any CPU
		{B5D3E016-6876-42C3-92A3-2ABAAD3D67ED}.Debug|iPhoneSimulator.ActiveCfg = Debug|Any CPU
		{B5D3E016-6876-42C3-92A3-2ABAAD3D67ED}.Debug|iPhoneSimulator.Build.0 = Debug|Any CPU
		{B5D3E016-6876-42C3-92A3-2ABAAD3D67ED}.Debug|Windows Phone (Universal).ActiveCfg = Debug|Any CPU
		{B5D3E016-6876-42C3-92A3-2ABAAD3D67ED}.Debug|Windows Phone (Universal).Build.0 = Debug|Any CPU
		{B5D3E016-6876-42C3-92A3-2ABAAD3D67ED}.Debug|Windows Phone 8.ActiveCfg = Debug|Any CPU
		{B5D3E016-6876-42C3-92A3-2ABAAD3D67ED}.Debug|Windows Phone 8.Build.0 = Debug|Any CPU
		{B5D3E016-6876-42C3-92A3-2ABAAD3D67ED}.Debug|Windows-AnyCPU.ActiveCfg = Debug|Any CPU
		{B5D3E016-6876-42C3-92A3-2ABAAD3D67ED}.Debug|Windows-AnyCPU.Build.0 = Debug|Any CPU
		{B5D3E016-6876-42C3-92A3-2ABAAD3D67ED}.Debug|Windows-ARM.ActiveCfg = Debug|Any CPU
		{B5D3E016-6876-42C3-92A3-2ABAAD3D67ED}.Debug|Windows-ARM.Build.0 = Debug|Any CPU
		{B5D3E016-6876-42C3-92A3-2ABAAD3D67ED}.Debug|Windows-x64.ActiveCfg = Debug|Any CPU
		{B5D3E016-6876-42C3-92A3-2ABAAD3D67ED}.Debug|Windows-x64.Build.0 = Debug|Any CPU
		{B5D3E016-6876-42C3-92A3-2ABAAD3D67ED}.Debug|Windows-x86.ActiveCfg = Debug|Any CPU
		{B5D3E016-6876-42C3-92A3-2ABAAD3D67ED}.Debug|Windows-x86.Build.0 = Debug|Any CPU
		{B5D3E016-6876-42C3-92A3-2ABAAD3D67ED}.Debug|x64.ActiveCfg = Debug|Any CPU
		{B5D3E016-6876-42C3-92A3-2ABAAD3D67ED}.Debug|x64.Build.0 = Debug|Any CPU
		{B5D3E016-6876-42C3-92A3-2ABAAD3D67ED}.Debug|x86.ActiveCfg = Debug|Any CPU
		{B5D3E016-6876-42C3-92A3-2ABAAD3D67ED}.Debug|x86.Build.0 = Debug|Any CPU
		{B5D3E016-6876-42C3-92A3-2ABAAD3D67ED}.Release|Android.ActiveCfg = Release|Any CPU
		{B5D3E016-6876-42C3-92A3-2ABAAD3D67ED}.Release|Android.Build.0 = Release|Any CPU
		{B5D3E016-6876-42C3-92A3-2ABAAD3D67ED}.Release|Any CPU.ActiveCfg = Release|Any CPU
		{B5D3E016-6876-42C3-92A3-2ABAAD3D67ED}.Release|Any CPU.Build.0 = Release|Any CPU
		{B5D3E016-6876-42C3-92A3-2ABAAD3D67ED}.Release|ARM.ActiveCfg = Release|Any CPU
		{B5D3E016-6876-42C3-92A3-2ABAAD3D67ED}.Release|ARM.Build.0 = Release|Any CPU
		{B5D3E016-6876-42C3-92A3-2ABAAD3D67ED}.Release|iOS.ActiveCfg = Release|Any CPU
		{B5D3E016-6876-42C3-92A3-2ABAAD3D67ED}.Release|iOS.Build.0 = Release|Any CPU
		{B5D3E016-6876-42C3-92A3-2ABAAD3D67ED}.Release|iPhone.ActiveCfg = Release|Any CPU
		{B5D3E016-6876-42C3-92A3-2ABAAD3D67ED}.Release|iPhone.Build.0 = Release|Any CPU
		{B5D3E016-6876-42C3-92A3-2ABAAD3D67ED}.Release|iPhoneSimulator.ActiveCfg = Release|Any CPU
		{B5D3E016-6876-42C3-92A3-2ABAAD3D67ED}.Release|iPhoneSimulator.Build.0 = Release|Any CPU
		{B5D3E016-6876-42C3-92A3-2ABAAD3D67ED}.Release|Windows Phone (Universal).ActiveCfg = Release|Any CPU
		{B5D3E016-6876-42C3-92A3-2ABAAD3D67ED}.Release|Windows Phone (Universal).Build.0 = Release|Any CPU
		{B5D3E016-6876-42C3-92A3-2ABAAD3D67ED}.Release|Windows Phone 8.ActiveCfg = Release|Any CPU
		{B5D3E016-6876-42C3-92A3-2ABAAD3D67ED}.Release|Windows Phone 8.Build.0 = Release|Any CPU
		{B5D3E016-6876-42C3-92A3-2ABAAD3D67ED}.Release|Windows-AnyCPU.ActiveCfg = Release|Any CPU
		{B5D3E016-6876-42C3-92A3-2ABAAD3D67ED}.Release|Windows-AnyCPU.Build.0 = Release|Any CPU
		{B5D3E016-6876-42C3-92A3-2ABAAD3D67ED}.Release|Windows-ARM.ActiveCfg = Release|Any CPU
		{B5D3E016-6876-42C3-92A3-2ABAAD3D67ED}.Release|Windows-ARM.Build.0 = Release|Any CPU
		{B5D3E016-6876-42C3-92A3-2ABAAD3D67ED}.Release|Windows-x64.ActiveCfg = Release|Any CPU
		{B5D3E016-6876-42C3-92A3-2ABAAD3D67ED}.Release|Windows-x64.Build.0 = Release|Any CPU
		{B5D3E016-6876-42C3-92A3-2ABAAD3D67ED}.Release|Windows-x86.ActiveCfg = Release|Any CPU
		{B5D3E016-6876-42C3-92A3-2ABAAD3D67ED}.Release|Windows-x86.Build.0 = Release|Any CPU
		{B5D3E016-6876-42C3-92A3-2ABAAD3D67ED}.Release|x64.ActiveCfg = Release|Any CPU
		{B5D3E016-6876-42C3-92A3-2ABAAD3D67ED}.Release|x64.Build.0 = Release|Any CPU
		{B5D3E016-6876-42C3-92A3-2ABAAD3D67ED}.Release|x86.ActiveCfg = Release|Any CPU
		{B5D3E016-6876-42C3-92A3-2ABAAD3D67ED}.Release|x86.Build.0 = Release|Any CPU
		{03545ECE-CF17-4204-85C7-070B4BF1E0F9}.Debug|Android.ActiveCfg = Debug|Any CPU
		{03545ECE-CF17-4204-85C7-070B4BF1E0F9}.Debug|Android.Build.0 = Debug|Any CPU
		{03545ECE-CF17-4204-85C7-070B4BF1E0F9}.Debug|Any CPU.ActiveCfg = Debug|Any CPU
		{03545ECE-CF17-4204-85C7-070B4BF1E0F9}.Debug|Any CPU.Build.0 = Debug|Any CPU
		{03545ECE-CF17-4204-85C7-070B4BF1E0F9}.Debug|ARM.ActiveCfg = Debug|Any CPU
		{03545ECE-CF17-4204-85C7-070B4BF1E0F9}.Debug|ARM.Build.0 = Debug|Any CPU
		{03545ECE-CF17-4204-85C7-070B4BF1E0F9}.Debug|iOS.ActiveCfg = Debug|Any CPU
		{03545ECE-CF17-4204-85C7-070B4BF1E0F9}.Debug|iOS.Build.0 = Debug|Any CPU
		{03545ECE-CF17-4204-85C7-070B4BF1E0F9}.Debug|iPhone.ActiveCfg = Debug|Any CPU
		{03545ECE-CF17-4204-85C7-070B4BF1E0F9}.Debug|iPhone.Build.0 = Debug|Any CPU
		{03545ECE-CF17-4204-85C7-070B4BF1E0F9}.Debug|iPhoneSimulator.ActiveCfg = Debug|Any CPU
		{03545ECE-CF17-4204-85C7-070B4BF1E0F9}.Debug|iPhoneSimulator.Build.0 = Debug|Any CPU
		{03545ECE-CF17-4204-85C7-070B4BF1E0F9}.Debug|Windows Phone (Universal).ActiveCfg = Debug|Any CPU
		{03545ECE-CF17-4204-85C7-070B4BF1E0F9}.Debug|Windows Phone (Universal).Build.0 = Debug|Any CPU
		{03545ECE-CF17-4204-85C7-070B4BF1E0F9}.Debug|Windows Phone 8.ActiveCfg = Debug|Any CPU
		{03545ECE-CF17-4204-85C7-070B4BF1E0F9}.Debug|Windows Phone 8.Build.0 = Debug|Any CPU
		{03545ECE-CF17-4204-85C7-070B4BF1E0F9}.Debug|Windows-AnyCPU.ActiveCfg = Debug|Any CPU
		{03545ECE-CF17-4204-85C7-070B4BF1E0F9}.Debug|Windows-AnyCPU.Build.0 = Debug|Any CPU
		{03545ECE-CF17-4204-85C7-070B4BF1E0F9}.Debug|Windows-ARM.ActiveCfg = Debug|Any CPU
		{03545ECE-CF17-4204-85C7-070B4BF1E0F9}.Debug|Windows-ARM.Build.0 = Debug|Any CPU
		{03545ECE-CF17-4204-85C7-070B4BF1E0F9}.Debug|Windows-x64.ActiveCfg = Debug|Any CPU
		{03545ECE-CF17-4204-85C7-070B4BF1E0F9}.Debug|Windows-x64.Build.0 = Debug|Any CPU
		{03545ECE-CF17-4204-85C7-070B4BF1E0F9}.Debug|Windows-x86.ActiveCfg = Debug|Any CPU
		{03545ECE-CF17-4204-85C7-070B4BF1E0F9}.Debug|Windows-x86.Build.0 = Debug|Any CPU
		{03545ECE-CF17-4204-85C7-070B4BF1E0F9}.Debug|x64.ActiveCfg = Debug|Any CPU
		{03545ECE-CF17-4204-85C7-070B4BF1E0F9}.Debug|x64.Build.0 = Debug|Any CPU
		{03545ECE-CF17-4204-85C7-070B4BF1E0F9}.Debug|x86.ActiveCfg = Debug|Any CPU
		{03545ECE-CF17-4204-85C7-070B4BF1E0F9}.Debug|x86.Build.0 = Debug|Any CPU
		{03545ECE-CF17-4204-85C7-070B4BF1E0F9}.Release|Android.ActiveCfg = Release|Any CPU
		{03545ECE-CF17-4204-85C7-070B4BF1E0F9}.Release|Android.Build.0 = Release|Any CPU
		{03545ECE-CF17-4204-85C7-070B4BF1E0F9}.Release|Any CPU.ActiveCfg = Release|Any CPU
		{03545ECE-CF17-4204-85C7-070B4BF1E0F9}.Release|Any CPU.Build.0 = Release|Any CPU
		{03545ECE-CF17-4204-85C7-070B4BF1E0F9}.Release|ARM.ActiveCfg = Release|Any CPU
		{03545ECE-CF17-4204-85C7-070B4BF1E0F9}.Release|ARM.Build.0 = Release|Any CPU
		{03545ECE-CF17-4204-85C7-070B4BF1E0F9}.Release|iOS.ActiveCfg = Release|Any CPU
		{03545ECE-CF17-4204-85C7-070B4BF1E0F9}.Release|iOS.Build.0 = Release|Any CPU
		{03545ECE-CF17-4204-85C7-070B4BF1E0F9}.Release|iPhone.ActiveCfg = Release|Any CPU
		{03545ECE-CF17-4204-85C7-070B4BF1E0F9}.Release|iPhone.Build.0 = Release|Any CPU
		{03545ECE-CF17-4204-85C7-070B4BF1E0F9}.Release|iPhoneSimulator.ActiveCfg = Release|Any CPU
		{03545ECE-CF17-4204-85C7-070B4BF1E0F9}.Release|iPhoneSimulator.Build.0 = Release|Any CPU
		{03545ECE-CF17-4204-85C7-070B4BF1E0F9}.Release|Windows Phone (Universal).ActiveCfg = Release|Any CPU
		{03545ECE-CF17-4204-85C7-070B4BF1E0F9}.Release|Windows Phone (Universal).Build.0 = Release|Any CPU
		{03545ECE-CF17-4204-85C7-070B4BF1E0F9}.Release|Windows Phone 8.ActiveCfg = Release|Any CPU
		{03545ECE-CF17-4204-85C7-070B4BF1E0F9}.Release|Windows Phone 8.Build.0 = Release|Any CPU
		{03545ECE-CF17-4204-85C7-070B4BF1E0F9}.Release|Windows-AnyCPU.ActiveCfg = Release|Any CPU
		{03545ECE-CF17-4204-85C7-070B4BF1E0F9}.Release|Windows-AnyCPU.Build.0 = Release|Any CPU
		{03545ECE-CF17-4204-85C7-070B4BF1E0F9}.Release|Windows-ARM.ActiveCfg = Release|Any CPU
		{03545ECE-CF17-4204-85C7-070B4BF1E0F9}.Release|Windows-ARM.Build.0 = Release|Any CPU
		{03545ECE-CF17-4204-85C7-070B4BF1E0F9}.Release|Windows-x64.ActiveCfg = Release|Any CPU
		{03545ECE-CF17-4204-85C7-070B4BF1E0F9}.Release|Windows-x64.Build.0 = Release|Any CPU
		{03545ECE-CF17-4204-85C7-070B4BF1E0F9}.Release|Windows-x86.ActiveCfg = Release|Any CPU
		{03545ECE-CF17-4204-85C7-070B4BF1E0F9}.Release|Windows-x86.Build.0 = Release|Any CPU
		{03545ECE-CF17-4204-85C7-070B4BF1E0F9}.Release|x64.ActiveCfg = Release|Any CPU
		{03545ECE-CF17-4204-85C7-070B4BF1E0F9}.Release|x64.Build.0 = Release|Any CPU
		{03545ECE-CF17-4204-85C7-070B4BF1E0F9}.Release|x86.ActiveCfg = Release|Any CPU
		{03545ECE-CF17-4204-85C7-070B4BF1E0F9}.Release|x86.Build.0 = Release|Any CPU
	EndGlobalSection
	GlobalSection(SolutionProperties) = preSolution
		HideSolutionNode = FALSE
	EndGlobalSection
	GlobalSection(ExtensibilityGlobals) = postSolution
		SolutionGuid = {EB71B386-CC52-4BA4-925E-4CE02688A29F}
	EndGlobalSection
	GlobalSection(MonoDevelopProperties) = preSolution
		Policies = $0
		$0.DotNetNamingPolicy = $1
	EndGlobalSection
EndGlobal
