
Microsoft Visual Studio Solution File, Format Version 12.00
# Visual Studio 15
VisualStudioVersion = 15.0.27130.2020
MinimumVisualStudioVersion = 10.0.40219.1
Project("{2150E333-8FDC-42A3-9474-1A3956D46DE8}") = "Examples", "Examples", "{18747615-D316-476A-B239-EA4BEBAC321E}"
EndProject
Project("{2150E333-8FDC-42A3-9474-1A3956D46DE8}") = "TestPlatforms", "TestPlatforms", "{022E639B-63E5-4263-AFA9-49269AACA587}"
EndProject
Project("{FAE04EC0-301F-11D3-BF4B-00C04F79EFBC}") = "Virgil.CryptoImpl", "Virgil.CryptoImpl\Virgil.CryptoImpl.csproj", "{5695CFF6-0F2C-488D-9777-7230F2D0D286}"
EndProject
Project("{FAE04EC0-301F-11D3-BF4B-00C04F79EFBC}") = "Crypto.Example.Droid", "Examples\Crypto.Example.Droid\Crypto.Example.Droid.csproj", "{74B43272-F5DB-47E9-BA37-BCC745834E8F}"
EndProject
Project("{D954291E-2A0B-460D-934E-DC6B0785DB48}") = "Virgil.Crypto.Shared", "Virgil.Crypto.Shared\Virgil.Crypto.Shared.shproj", "{0D879416-CB61-4913-9336-EBB76958F599}"
EndProject
Project("{FAE04EC0-301F-11D3-BF4B-00C04F79EFBC}") = "Crypto.Example.MacApp", "Examples\Crypto.Example.MacApp\Crypto.Example.MacApp.csproj", "{8FF10B51-A31B-41D4-B3A7-566F8B701CD6}"
EndProject
Project("{FAE04EC0-301F-11D3-BF4B-00C04F79EFBC}") = "Crypto.Example.Std", "Examples\Crypto.Example.Std\Crypto.Example.Std.csproj", "{4702A321-0582-47C2-82F8-3F3B72F5C6D1}"
EndProject
Project("{FAE04EC0-301F-11D3-BF4B-00C04F79EFBC}") = "Tests.Droid", "Tests\Tests.Droid\Tests.Droid.csproj", "{D28D3539-3CA3-4407-AAEC-274983EB4A34}"
EndProject
Project("{D954291E-2A0B-460D-934E-DC6B0785DB48}") = "InternalTests.Shared", "Tests\InternalTests.Shared\InternalTests.Shared.shproj", "{3B78A906-D0D4-404B-9EA3-881506A55587}"
EndProject
Project("{FAE04EC0-301F-11D3-BF4B-00C04F79EFBC}") = "Tests.iOS", "Tests\Tests.iOS\Tests.iOS.csproj", "{65A977A1-C818-4C35-9D1A-C0B9C14E8E9C}"
EndProject
Project("{D954291E-2A0B-460D-934E-DC6B0785DB48}") = "Tests.Shared", "Tests\Tests.Shared\Tests.Shared.shproj", "{80E07B2E-16A2-4343-918E-661F7D0A89C9}"
EndProject
Project("{FAE04EC0-301F-11D3-BF4B-00C04F79EFBC}") = "Tests.Net", "Tests\Tests.Net\Tests.Net.csproj", "{CE644497-E142-492F-9D91-1281A684C234}"
EndProject
Project("{FAE04EC0-301F-11D3-BF4B-00C04F79EFBC}") = "Crypto.Example.CoreApp", "Examples\Crypto.Example.NetCore\Crypto.Example.CoreApp.csproj", "{7D4C3A34-2E3E-4499-A43F-96B208CB74AE}"
EndProject
Project("{FAE04EC0-301F-11D3-BF4B-00C04F79EFBC}") = "Crypto.Example.Core", "Examples\Crypto.Example.Core\Crypto.Example.Core.csproj", "{A356F0C6-8DC7-42EE-AE06-BF2C229415A4}"
EndProject
Project("{FAE04EC0-301F-11D3-BF4B-00C04F79EFBC}") = "Crypto.Example.NetMac", "Examples\Crypto.Example.NetMac\Crypto.Example.NetMac.csproj", "{D0FE293D-ABDC-460F-8606-51832E793D4E}"
EndProject
Project("{FAE04EC0-301F-11D3-BF4B-00C04F79EFBC}") = "Crypto.Example.Net", "Examples\Crypto.Example.Net\Crypto.Example.Net.csproj", "{BEDDF9FF-25EC-4D8D-A22B-0FD5BABC17BE}"
EndProject
Global
	GlobalSection(SharedMSBuildProjectFiles) = preSolution
		Virgil.Crypto.Shared\Virgil.Crypto.Shared.projitems*{0d879416-cb61-4913-9336-ebb76958f599}*SharedItemsImports = 13
		Tests.Shared\Tests.Shared.projitems*{80e07b2e-16a2-4343-918e-661f7d0a89c9}*SharedItemsImports = 13
		Tests.Shared\Tests.Shared.projitems*{ce644497-e142-492f-9d91-1281a684c234}*SharedItemsImports = 4
		Virgil.Crypto.Shared\Virgil.Crypto.Shared.projitems*{ce644497-e142-492f-9d91-1281a684c234}*SharedItemsImports = 4
	EndGlobalSection
	GlobalSection(SolutionConfigurationPlatforms) = preSolution
		Debug|Android = Debug|Android
		Debug|Any CPU = Debug|Any CPU
		Debug|ARM = Debug|ARM
		Debug|iOS = Debug|iOS
		Debug|iPhone = Debug|iPhone
		Debug|iPhoneSimulator = Debug|iPhoneSimulator
		Debug|Windows Phone (Universal) = Debug|Windows Phone (Universal)
		Debug|Windows Phone 8 = Debug|Windows Phone 8
		Debug|Windows-AnyCPU = Debug|Windows-AnyCPU
		Debug|Windows-ARM = Debug|Windows-ARM
		Debug|Windows-x64 = Debug|Windows-x64
		Debug|Windows-x86 = Debug|Windows-x86
		Debug|x64 = Debug|x64
		Debug|x86 = Debug|x86
		Release|Android = Release|Android
		Release|Any CPU = Release|Any CPU
		Release|ARM = Release|ARM
		Release|iOS = Release|iOS
		Release|iPhone = Release|iPhone
		Release|iPhoneSimulator = Release|iPhoneSimulator
		Release|Windows Phone (Universal) = Release|Windows Phone (Universal)
		Release|Windows Phone 8 = Release|Windows Phone 8
		Release|Windows-AnyCPU = Release|Windows-AnyCPU
		Release|Windows-ARM = Release|Windows-ARM
		Release|Windows-x64 = Release|Windows-x64
		Release|Windows-x86 = Release|Windows-x86
		Release|x64 = Release|x64
		Release|x86 = Release|x86
	EndGlobalSection
	GlobalSection(ProjectConfigurationPlatforms) = postSolution
		{5695CFF6-0F2C-488D-9777-7230F2D0D286}.Debug|Android.ActiveCfg = Debug|Any CPU
		{5695CFF6-0F2C-488D-9777-7230F2D0D286}.Debug|Android.Build.0 = Debug|Any CPU
		{5695CFF6-0F2C-488D-9777-7230F2D0D286}.Debug|Any CPU.ActiveCfg = Debug|Any CPU
		{5695CFF6-0F2C-488D-9777-7230F2D0D286}.Debug|Any CPU.Build.0 = Debug|Any CPU
		{5695CFF6-0F2C-488D-9777-7230F2D0D286}.Debug|ARM.ActiveCfg = Debug|Any CPU
		{5695CFF6-0F2C-488D-9777-7230F2D0D286}.Debug|ARM.Build.0 = Debug|Any CPU
		{5695CFF6-0F2C-488D-9777-7230F2D0D286}.Debug|iOS.ActiveCfg = Debug|Any CPU
		{5695CFF6-0F2C-488D-9777-7230F2D0D286}.Debug|iOS.Build.0 = Debug|Any CPU
		{5695CFF6-0F2C-488D-9777-7230F2D0D286}.Debug|iPhone.ActiveCfg = Debug|Any CPU
		{5695CFF6-0F2C-488D-9777-7230F2D0D286}.Debug|iPhone.Build.0 = Debug|Any CPU
		{5695CFF6-0F2C-488D-9777-7230F2D0D286}.Debug|iPhoneSimulator.ActiveCfg = Debug|Any CPU
		{5695CFF6-0F2C-488D-9777-7230F2D0D286}.Debug|iPhoneSimulator.Build.0 = Debug|Any CPU
		{5695CFF6-0F2C-488D-9777-7230F2D0D286}.Debug|Windows Phone (Universal).ActiveCfg = Debug|Any CPU
		{5695CFF6-0F2C-488D-9777-7230F2D0D286}.Debug|Windows Phone (Universal).Build.0 = Debug|Any CPU
		{5695CFF6-0F2C-488D-9777-7230F2D0D286}.Debug|Windows Phone 8.ActiveCfg = Debug|Any CPU
		{5695CFF6-0F2C-488D-9777-7230F2D0D286}.Debug|Windows Phone 8.Build.0 = Debug|Any CPU
		{5695CFF6-0F2C-488D-9777-7230F2D0D286}.Debug|Windows-AnyCPU.ActiveCfg = Debug|Any CPU
		{5695CFF6-0F2C-488D-9777-7230F2D0D286}.Debug|Windows-AnyCPU.Build.0 = Debug|Any CPU
		{5695CFF6-0F2C-488D-9777-7230F2D0D286}.Debug|Windows-ARM.ActiveCfg = Debug|Any CPU
		{5695CFF6-0F2C-488D-9777-7230F2D0D286}.Debug|Windows-ARM.Build.0 = Debug|Any CPU
		{5695CFF6-0F2C-488D-9777-7230F2D0D286}.Debug|Windows-x64.ActiveCfg = Debug|Any CPU
		{5695CFF6-0F2C-488D-9777-7230F2D0D286}.Debug|Windows-x64.Build.0 = Debug|Any CPU
		{5695CFF6-0F2C-488D-9777-7230F2D0D286}.Debug|Windows-x86.ActiveCfg = Debug|Any CPU
		{5695CFF6-0F2C-488D-9777-7230F2D0D286}.Debug|Windows-x86.Build.0 = Debug|Any CPU
		{5695CFF6-0F2C-488D-9777-7230F2D0D286}.Debug|x64.ActiveCfg = Debug|Any CPU
		{5695CFF6-0F2C-488D-9777-7230F2D0D286}.Debug|x64.Build.0 = Debug|Any CPU
		{5695CFF6-0F2C-488D-9777-7230F2D0D286}.Debug|x86.ActiveCfg = Debug|Any CPU
		{5695CFF6-0F2C-488D-9777-7230F2D0D286}.Debug|x86.Build.0 = Debug|Any CPU
		{5695CFF6-0F2C-488D-9777-7230F2D0D286}.Release|Android.ActiveCfg = Release|Any CPU
		{5695CFF6-0F2C-488D-9777-7230F2D0D286}.Release|Android.Build.0 = Release|Any CPU
		{5695CFF6-0F2C-488D-9777-7230F2D0D286}.Release|Any CPU.ActiveCfg = Release|Any CPU
		{5695CFF6-0F2C-488D-9777-7230F2D0D286}.Release|Any CPU.Build.0 = Release|Any CPU
		{5695CFF6-0F2C-488D-9777-7230F2D0D286}.Release|ARM.ActiveCfg = Release|Any CPU
		{5695CFF6-0F2C-488D-9777-7230F2D0D286}.Release|ARM.Build.0 = Release|Any CPU
		{5695CFF6-0F2C-488D-9777-7230F2D0D286}.Release|iOS.ActiveCfg = Release|Any CPU
		{5695CFF6-0F2C-488D-9777-7230F2D0D286}.Release|iOS.Build.0 = Release|Any CPU
		{5695CFF6-0F2C-488D-9777-7230F2D0D286}.Release|iPhone.ActiveCfg = Release|Any CPU
		{5695CFF6-0F2C-488D-9777-7230F2D0D286}.Release|iPhone.Build.0 = Release|Any CPU
		{5695CFF6-0F2C-488D-9777-7230F2D0D286}.Release|iPhoneSimulator.ActiveCfg = Release|Any CPU
		{5695CFF6-0F2C-488D-9777-7230F2D0D286}.Release|iPhoneSimulator.Build.0 = Release|Any CPU
		{5695CFF6-0F2C-488D-9777-7230F2D0D286}.Release|Windows Phone (Universal).ActiveCfg = Release|Any CPU
		{5695CFF6-0F2C-488D-9777-7230F2D0D286}.Release|Windows Phone (Universal).Build.0 = Release|Any CPU
		{5695CFF6-0F2C-488D-9777-7230F2D0D286}.Release|Windows Phone 8.ActiveCfg = Release|Any CPU
		{5695CFF6-0F2C-488D-9777-7230F2D0D286}.Release|Windows Phone 8.Build.0 = Release|Any CPU
		{5695CFF6-0F2C-488D-9777-7230F2D0D286}.Release|Windows-AnyCPU.ActiveCfg = Release|Any CPU
		{5695CFF6-0F2C-488D-9777-7230F2D0D286}.Release|Windows-AnyCPU.Build.0 = Release|Any CPU
		{5695CFF6-0F2C-488D-9777-7230F2D0D286}.Release|Windows-ARM.ActiveCfg = Release|Any CPU
		{5695CFF6-0F2C-488D-9777-7230F2D0D286}.Release|Windows-ARM.Build.0 = Release|Any CPU
		{5695CFF6-0F2C-488D-9777-7230F2D0D286}.Release|Windows-x64.ActiveCfg = Release|Any CPU
		{5695CFF6-0F2C-488D-9777-7230F2D0D286}.Release|Windows-x64.Build.0 = Release|Any CPU
		{5695CFF6-0F2C-488D-9777-7230F2D0D286}.Release|Windows-x86.ActiveCfg = Release|Any CPU
		{5695CFF6-0F2C-488D-9777-7230F2D0D286}.Release|Windows-x86.Build.0 = Release|Any CPU
		{5695CFF6-0F2C-488D-9777-7230F2D0D286}.Release|x64.ActiveCfg = Release|Any CPU
		{5695CFF6-0F2C-488D-9777-7230F2D0D286}.Release|x64.Build.0 = Release|Any CPU
		{5695CFF6-0F2C-488D-9777-7230F2D0D286}.Release|x86.ActiveCfg = Release|Any CPU
		{5695CFF6-0F2C-488D-9777-7230F2D0D286}.Release|x86.Build.0 = Release|Any CPU
		{74B43272-F5DB-47E9-BA37-BCC745834E8F}.Debug|Android.ActiveCfg = Debug|Any CPU
		{74B43272-F5DB-47E9-BA37-BCC745834E8F}.Debug|Android.Build.0 = Debug|Any CPU
		{74B43272-F5DB-47E9-BA37-BCC745834E8F}.Debug|Any CPU.ActiveCfg = Debug|Any CPU
		{74B43272-F5DB-47E9-BA37-BCC745834E8F}.Debug|Any CPU.Build.0 = Debug|Any CPU
		{74B43272-F5DB-47E9-BA37-BCC745834E8F}.Debug|ARM.ActiveCfg = Debug|Any CPU
		{74B43272-F5DB-47E9-BA37-BCC745834E8F}.Debug|ARM.Build.0 = Debug|Any CPU
		{74B43272-F5DB-47E9-BA37-BCC745834E8F}.Debug|iOS.ActiveCfg = Debug|Any CPU
		{74B43272-F5DB-47E9-BA37-BCC745834E8F}.Debug|iOS.Build.0 = Debug|Any CPU
		{74B43272-F5DB-47E9-BA37-BCC745834E8F}.Debug|iPhone.ActiveCfg = Debug|Any CPU
		{74B43272-F5DB-47E9-BA37-BCC745834E8F}.Debug|iPhone.Build.0 = Debug|Any CPU
		{74B43272-F5DB-47E9-BA37-BCC745834E8F}.Debug|iPhoneSimulator.ActiveCfg = Debug|Any CPU
		{74B43272-F5DB-47E9-BA37-BCC745834E8F}.Debug|iPhoneSimulator.Build.0 = Debug|Any CPU
		{74B43272-F5DB-47E9-BA37-BCC745834E8F}.Debug|Windows Phone (Universal).ActiveCfg = Debug|Any CPU
		{74B43272-F5DB-47E9-BA37-BCC745834E8F}.Debug|Windows Phone (Universal).Build.0 = Debug|Any CPU
		{74B43272-F5DB-47E9-BA37-BCC745834E8F}.Debug|Windows Phone 8.ActiveCfg = Debug|Any CPU
		{74B43272-F5DB-47E9-BA37-BCC745834E8F}.Debug|Windows Phone 8.Build.0 = Debug|Any CPU
		{74B43272-F5DB-47E9-BA37-BCC745834E8F}.Debug|Windows-AnyCPU.ActiveCfg = Debug|Any CPU
		{74B43272-F5DB-47E9-BA37-BCC745834E8F}.Debug|Windows-AnyCPU.Build.0 = Debug|Any CPU
		{74B43272-F5DB-47E9-BA37-BCC745834E8F}.Debug|Windows-ARM.ActiveCfg = Debug|Any CPU
		{74B43272-F5DB-47E9-BA37-BCC745834E8F}.Debug|Windows-ARM.Build.0 = Debug|Any CPU
		{74B43272-F5DB-47E9-BA37-BCC745834E8F}.Debug|Windows-x64.ActiveCfg = Debug|Any CPU
		{74B43272-F5DB-47E9-BA37-BCC745834E8F}.Debug|Windows-x64.Build.0 = Debug|Any CPU
		{74B43272-F5DB-47E9-BA37-BCC745834E8F}.Debug|Windows-x86.ActiveCfg = Debug|Any CPU
		{74B43272-F5DB-47E9-BA37-BCC745834E8F}.Debug|Windows-x86.Build.0 = Debug|Any CPU
		{74B43272-F5DB-47E9-BA37-BCC745834E8F}.Debug|x64.ActiveCfg = Debug|Any CPU
		{74B43272-F5DB-47E9-BA37-BCC745834E8F}.Debug|x64.Build.0 = Debug|Any CPU
		{74B43272-F5DB-47E9-BA37-BCC745834E8F}.Debug|x86.ActiveCfg = Debug|Any CPU
		{74B43272-F5DB-47E9-BA37-BCC745834E8F}.Debug|x86.Build.0 = Debug|Any CPU
		{74B43272-F5DB-47E9-BA37-BCC745834E8F}.Release|Android.ActiveCfg = Release|Any CPU
		{74B43272-F5DB-47E9-BA37-BCC745834E8F}.Release|Android.Build.0 = Release|Any CPU
		{74B43272-F5DB-47E9-BA37-BCC745834E8F}.Release|Any CPU.ActiveCfg = Release|Any CPU
		{74B43272-F5DB-47E9-BA37-BCC745834E8F}.Release|Any CPU.Build.0 = Release|Any CPU
		{74B43272-F5DB-47E9-BA37-BCC745834E8F}.Release|ARM.ActiveCfg = Release|Any CPU
		{74B43272-F5DB-47E9-BA37-BCC745834E8F}.Release|ARM.Build.0 = Release|Any CPU
		{74B43272-F5DB-47E9-BA37-BCC745834E8F}.Release|iOS.ActiveCfg = Release|Any CPU
		{74B43272-F5DB-47E9-BA37-BCC745834E8F}.Release|iOS.Build.0 = Release|Any CPU
		{74B43272-F5DB-47E9-BA37-BCC745834E8F}.Release|iPhone.ActiveCfg = Release|Any CPU
		{74B43272-F5DB-47E9-BA37-BCC745834E8F}.Release|iPhone.Build.0 = Release|Any CPU
		{74B43272-F5DB-47E9-BA37-BCC745834E8F}.Release|iPhoneSimulator.ActiveCfg = Release|Any CPU
		{74B43272-F5DB-47E9-BA37-BCC745834E8F}.Release|iPhoneSimulator.Build.0 = Release|Any CPU
		{74B43272-F5DB-47E9-BA37-BCC745834E8F}.Release|Windows Phone (Universal).ActiveCfg = Release|Any CPU
		{74B43272-F5DB-47E9-BA37-BCC745834E8F}.Release|Windows Phone (Universal).Build.0 = Release|Any CPU
		{74B43272-F5DB-47E9-BA37-BCC745834E8F}.Release|Windows Phone 8.ActiveCfg = Release|Any CPU
		{74B43272-F5DB-47E9-BA37-BCC745834E8F}.Release|Windows Phone 8.Build.0 = Release|Any CPU
		{74B43272-F5DB-47E9-BA37-BCC745834E8F}.Release|Windows-AnyCPU.ActiveCfg = Release|Any CPU
		{74B43272-F5DB-47E9-BA37-BCC745834E8F}.Release|Windows-AnyCPU.Build.0 = Release|Any CPU
		{74B43272-F5DB-47E9-BA37-BCC745834E8F}.Release|Windows-ARM.ActiveCfg = Release|Any CPU
		{74B43272-F5DB-47E9-BA37-BCC745834E8F}.Release|Windows-ARM.Build.0 = Release|Any CPU
		{74B43272-F5DB-47E9-BA37-BCC745834E8F}.Release|Windows-x64.ActiveCfg = Release|Any CPU
		{74B43272-F5DB-47E9-BA37-BCC745834E8F}.Release|Windows-x64.Build.0 = Release|Any CPU
		{74B43272-F5DB-47E9-BA37-BCC745834E8F}.Release|Windows-x86.ActiveCfg = Release|Any CPU
		{74B43272-F5DB-47E9-BA37-BCC745834E8F}.Release|Windows-x86.Build.0 = Release|Any CPU
		{74B43272-F5DB-47E9-BA37-BCC745834E8F}.Release|x64.ActiveCfg = Release|Any CPU
		{74B43272-F5DB-47E9-BA37-BCC745834E8F}.Release|x64.Build.0 = Release|Any CPU
		{74B43272-F5DB-47E9-BA37-BCC745834E8F}.Release|x86.ActiveCfg = Release|Any CPU
		{74B43272-F5DB-47E9-BA37-BCC745834E8F}.Release|x86.Build.0 = Release|Any CPU
		{8FF10B51-A31B-41D4-B3A7-566F8B701CD6}.Debug|Android.ActiveCfg = Debug|x64
		{8FF10B51-A31B-41D4-B3A7-566F8B701CD6}.Debug|Android.Build.0 = Debug|x64
		{8FF10B51-A31B-41D4-B3A7-566F8B701CD6}.Debug|Any CPU.ActiveCfg = Debug|x64
		{8FF10B51-A31B-41D4-B3A7-566F8B701CD6}.Debug|Any CPU.Build.0 = Debug|x64
		{8FF10B51-A31B-41D4-B3A7-566F8B701CD6}.Debug|ARM.ActiveCfg = Debug|x64
		{8FF10B51-A31B-41D4-B3A7-566F8B701CD6}.Debug|ARM.Build.0 = Debug|x64
		{8FF10B51-A31B-41D4-B3A7-566F8B701CD6}.Debug|iOS.ActiveCfg = Debug|x64
		{8FF10B51-A31B-41D4-B3A7-566F8B701CD6}.Debug|iOS.Build.0 = Debug|x64
		{8FF10B51-A31B-41D4-B3A7-566F8B701CD6}.Debug|iPhone.ActiveCfg = Debug|x64
		{8FF10B51-A31B-41D4-B3A7-566F8B701CD6}.Debug|iPhone.Build.0 = Debug|x64
		{8FF10B51-A31B-41D4-B3A7-566F8B701CD6}.Debug|iPhoneSimulator.ActiveCfg = Debug|x64
		{8FF10B51-A31B-41D4-B3A7-566F8B701CD6}.Debug|iPhoneSimulator.Build.0 = Debug|x64
		{8FF10B51-A31B-41D4-B3A7-566F8B701CD6}.Debug|Windows Phone (Universal).ActiveCfg = Debug|x64
		{8FF10B51-A31B-41D4-B3A7-566F8B701CD6}.Debug|Windows Phone (Universal).Build.0 = Debug|x64
		{8FF10B51-A31B-41D4-B3A7-566F8B701CD6}.Debug|Windows Phone 8.ActiveCfg = Debug|x64
		{8FF10B51-A31B-41D4-B3A7-566F8B701CD6}.Debug|Windows Phone 8.Build.0 = Debug|x64
		{8FF10B51-A31B-41D4-B3A7-566F8B701CD6}.Debug|Windows-AnyCPU.ActiveCfg = Debug|x64
		{8FF10B51-A31B-41D4-B3A7-566F8B701CD6}.Debug|Windows-AnyCPU.Build.0 = Debug|x64
		{8FF10B51-A31B-41D4-B3A7-566F8B701CD6}.Debug|Windows-ARM.ActiveCfg = Debug|x64
		{8FF10B51-A31B-41D4-B3A7-566F8B701CD6}.Debug|Windows-ARM.Build.0 = Debug|x64
		{8FF10B51-A31B-41D4-B3A7-566F8B701CD6}.Debug|Windows-x64.ActiveCfg = Debug|x64
		{8FF10B51-A31B-41D4-B3A7-566F8B701CD6}.Debug|Windows-x64.Build.0 = Debug|x64
		{8FF10B51-A31B-41D4-B3A7-566F8B701CD6}.Debug|Windows-x86.ActiveCfg = Debug|x64
		{8FF10B51-A31B-41D4-B3A7-566F8B701CD6}.Debug|Windows-x86.Build.0 = Debug|x64
		{8FF10B51-A31B-41D4-B3A7-566F8B701CD6}.Debug|x64.ActiveCfg = Debug|x64
		{8FF10B51-A31B-41D4-B3A7-566F8B701CD6}.Debug|x64.Build.0 = Debug|x64
		{8FF10B51-A31B-41D4-B3A7-566F8B701CD6}.Debug|x86.ActiveCfg = Debug|x64
		{8FF10B51-A31B-41D4-B3A7-566F8B701CD6}.Debug|x86.Build.0 = Debug|x64
		{8FF10B51-A31B-41D4-B3A7-566F8B701CD6}.Release|Android.ActiveCfg = Release|x64
		{8FF10B51-A31B-41D4-B3A7-566F8B701CD6}.Release|Android.Build.0 = Release|x64
		{8FF10B51-A31B-41D4-B3A7-566F8B701CD6}.Release|Any CPU.ActiveCfg = Release|x64
		{8FF10B51-A31B-41D4-B3A7-566F8B701CD6}.Release|Any CPU.Build.0 = Release|x64
		{8FF10B51-A31B-41D4-B3A7-566F8B701CD6}.Release|ARM.ActiveCfg = Release|x64
		{8FF10B51-A31B-41D4-B3A7-566F8B701CD6}.Release|ARM.Build.0 = Release|x64
		{8FF10B51-A31B-41D4-B3A7-566F8B701CD6}.Release|iOS.ActiveCfg = Release|x64
		{8FF10B51-A31B-41D4-B3A7-566F8B701CD6}.Release|iOS.Build.0 = Release|x64
		{8FF10B51-A31B-41D4-B3A7-566F8B701CD6}.Release|iPhone.ActiveCfg = Release|x64
		{8FF10B51-A31B-41D4-B3A7-566F8B701CD6}.Release|iPhone.Build.0 = Release|x64
		{8FF10B51-A31B-41D4-B3A7-566F8B701CD6}.Release|iPhoneSimulator.ActiveCfg = Release|x64
		{8FF10B51-A31B-41D4-B3A7-566F8B701CD6}.Release|iPhoneSimulator.Build.0 = Release|x64
		{8FF10B51-A31B-41D4-B3A7-566F8B701CD6}.Release|Windows Phone (Universal).ActiveCfg = Release|x64
		{8FF10B51-A31B-41D4-B3A7-566F8B701CD6}.Release|Windows Phone (Universal).Build.0 = Release|x64
		{8FF10B51-A31B-41D4-B3A7-566F8B701CD6}.Release|Windows Phone 8.ActiveCfg = Release|x64
		{8FF10B51-A31B-41D4-B3A7-566F8B701CD6}.Release|Windows Phone 8.Build.0 = Release|x64
		{8FF10B51-A31B-41D4-B3A7-566F8B701CD6}.Release|Windows-AnyCPU.ActiveCfg = Release|x64
		{8FF10B51-A31B-41D4-B3A7-566F8B701CD6}.Release|Windows-AnyCPU.Build.0 = Release|x64
		{8FF10B51-A31B-41D4-B3A7-566F8B701CD6}.Release|Windows-ARM.ActiveCfg = Release|x64
		{8FF10B51-A31B-41D4-B3A7-566F8B701CD6}.Release|Windows-ARM.Build.0 = Release|x64
		{8FF10B51-A31B-41D4-B3A7-566F8B701CD6}.Release|Windows-x64.ActiveCfg = Release|x64
		{8FF10B51-A31B-41D4-B3A7-566F8B701CD6}.Release|Windows-x64.Build.0 = Release|x64
		{8FF10B51-A31B-41D4-B3A7-566F8B701CD6}.Release|Windows-x86.ActiveCfg = Release|x64
		{8FF10B51-A31B-41D4-B3A7-566F8B701CD6}.Release|Windows-x86.Build.0 = Release|x64
		{8FF10B51-A31B-41D4-B3A7-566F8B701CD6}.Release|x64.ActiveCfg = Release|x64
		{8FF10B51-A31B-41D4-B3A7-566F8B701CD6}.Release|x64.Build.0 = Release|x64
		{8FF10B51-A31B-41D4-B3A7-566F8B701CD6}.Release|x86.ActiveCfg = Release|x64
		{8FF10B51-A31B-41D4-B3A7-566F8B701CD6}.Release|x86.Build.0 = Release|x64
		{4702A321-0582-47C2-82F8-3F3B72F5C6D1}.Debug|Android.ActiveCfg = Debug|Any CPU
		{4702A321-0582-47C2-82F8-3F3B72F5C6D1}.Debug|Android.Build.0 = Debug|Any CPU
		{4702A321-0582-47C2-82F8-3F3B72F5C6D1}.Debug|Any CPU.ActiveCfg = Debug|Any CPU
		{4702A321-0582-47C2-82F8-3F3B72F5C6D1}.Debug|Any CPU.Build.0 = Debug|Any CPU
		{4702A321-0582-47C2-82F8-3F3B72F5C6D1}.Debug|ARM.ActiveCfg = Debug|Any CPU
		{4702A321-0582-47C2-82F8-3F3B72F5C6D1}.Debug|ARM.Build.0 = Debug|Any CPU
		{4702A321-0582-47C2-82F8-3F3B72F5C6D1}.Debug|iOS.ActiveCfg = Debug|Any CPU
		{4702A321-0582-47C2-82F8-3F3B72F5C6D1}.Debug|iOS.Build.0 = Debug|Any CPU
		{4702A321-0582-47C2-82F8-3F3B72F5C6D1}.Debug|iPhone.ActiveCfg = Debug|Any CPU
		{4702A321-0582-47C2-82F8-3F3B72F5C6D1}.Debug|iPhone.Build.0 = Debug|Any CPU
		{4702A321-0582-47C2-82F8-3F3B72F5C6D1}.Debug|iPhoneSimulator.ActiveCfg = Debug|Any CPU
		{4702A321-0582-47C2-82F8-3F3B72F5C6D1}.Debug|iPhoneSimulator.Build.0 = Debug|Any CPU
		{4702A321-0582-47C2-82F8-3F3B72F5C6D1}.Debug|Windows Phone (Universal).ActiveCfg = Debug|Any CPU
		{4702A321-0582-47C2-82F8-3F3B72F5C6D1}.Debug|Windows Phone (Universal).Build.0 = Debug|Any CPU
		{4702A321-0582-47C2-82F8-3F3B72F5C6D1}.Debug|Windows Phone 8.ActiveCfg = Debug|Any CPU
		{4702A321-0582-47C2-82F8-3F3B72F5C6D1}.Debug|Windows Phone 8.Build.0 = Debug|Any CPU
		{4702A321-0582-47C2-82F8-3F3B72F5C6D1}.Debug|Windows-AnyCPU.ActiveCfg = Debug|Any CPU
		{4702A321-0582-47C2-82F8-3F3B72F5C6D1}.Debug|Windows-AnyCPU.Build.0 = Debug|Any CPU
		{4702A321-0582-47C2-82F8-3F3B72F5C6D1}.Debug|Windows-ARM.ActiveCfg = Debug|Any CPU
		{4702A321-0582-47C2-82F8-3F3B72F5C6D1}.Debug|Windows-ARM.Build.0 = Debug|Any CPU
		{4702A321-0582-47C2-82F8-3F3B72F5C6D1}.Debug|Windows-x64.ActiveCfg = Debug|Any CPU
		{4702A321-0582-47C2-82F8-3F3B72F5C6D1}.Debug|Windows-x64.Build.0 = Debug|Any CPU
		{4702A321-0582-47C2-82F8-3F3B72F5C6D1}.Debug|Windows-x86.ActiveCfg = Debug|Any CPU
		{4702A321-0582-47C2-82F8-3F3B72F5C6D1}.Debug|Windows-x86.Build.0 = Debug|Any CPU
		{4702A321-0582-47C2-82F8-3F3B72F5C6D1}.Debug|x64.ActiveCfg = Debug|Any CPU
		{4702A321-0582-47C2-82F8-3F3B72F5C6D1}.Debug|x64.Build.0 = Debug|Any CPU
		{4702A321-0582-47C2-82F8-3F3B72F5C6D1}.Debug|x86.ActiveCfg = Debug|Any CPU
		{4702A321-0582-47C2-82F8-3F3B72F5C6D1}.Debug|x86.Build.0 = Debug|Any CPU
		{4702A321-0582-47C2-82F8-3F3B72F5C6D1}.Release|Android.ActiveCfg = Release|Any CPU
		{4702A321-0582-47C2-82F8-3F3B72F5C6D1}.Release|Android.Build.0 = Release|Any CPU
		{4702A321-0582-47C2-82F8-3F3B72F5C6D1}.Release|Any CPU.ActiveCfg = Release|Any CPU
		{4702A321-0582-47C2-82F8-3F3B72F5C6D1}.Release|Any CPU.Build.0 = Release|Any CPU
		{4702A321-0582-47C2-82F8-3F3B72F5C6D1}.Release|ARM.ActiveCfg = Release|Any CPU
		{4702A321-0582-47C2-82F8-3F3B72F5C6D1}.Release|ARM.Build.0 = Release|Any CPU
		{4702A321-0582-47C2-82F8-3F3B72F5C6D1}.Release|iOS.ActiveCfg = Release|Any CPU
		{4702A321-0582-47C2-82F8-3F3B72F5C6D1}.Release|iOS.Build.0 = Release|Any CPU
		{4702A321-0582-47C2-82F8-3F3B72F5C6D1}.Release|iPhone.ActiveCfg = Release|Any CPU
		{4702A321-0582-47C2-82F8-3F3B72F5C6D1}.Release|iPhone.Build.0 = Release|Any CPU
		{4702A321-0582-47C2-82F8-3F3B72F5C6D1}.Release|iPhoneSimulator.ActiveCfg = Release|Any CPU
		{4702A321-0582-47C2-82F8-3F3B72F5C6D1}.Release|iPhoneSimulator.Build.0 = Release|Any CPU
		{4702A321-0582-47C2-82F8-3F3B72F5C6D1}.Release|Windows Phone (Universal).ActiveCfg = Release|Any CPU
		{4702A321-0582-47C2-82F8-3F3B72F5C6D1}.Release|Windows Phone (Universal).Build.0 = Release|Any CPU
		{4702A321-0582-47C2-82F8-3F3B72F5C6D1}.Release|Windows Phone 8.ActiveCfg = Release|Any CPU
		{4702A321-0582-47C2-82F8-3F3B72F5C6D1}.Release|Windows Phone 8.Build.0 = Release|Any CPU
		{4702A321-0582-47C2-82F8-3F3B72F5C6D1}.Release|Windows-AnyCPU.ActiveCfg = Release|Any CPU
		{4702A321-0582-47C2-82F8-3F3B72F5C6D1}.Release|Windows-AnyCPU.Build.0 = Release|Any CPU
		{4702A321-0582-47C2-82F8-3F3B72F5C6D1}.Release|Windows-ARM.ActiveCfg = Release|Any CPU
		{4702A321-0582-47C2-82F8-3F3B72F5C6D1}.Release|Windows-ARM.Build.0 = Release|Any CPU
		{4702A321-0582-47C2-82F8-3F3B72F5C6D1}.Release|Windows-x64.ActiveCfg = Release|Any CPU
		{4702A321-0582-47C2-82F8-3F3B72F5C6D1}.Release|Windows-x64.Build.0 = Release|Any CPU
		{4702A321-0582-47C2-82F8-3F3B72F5C6D1}.Release|Windows-x86.ActiveCfg = Release|Any CPU
		{4702A321-0582-47C2-82F8-3F3B72F5C6D1}.Release|Windows-x86.Build.0 = Release|Any CPU
		{4702A321-0582-47C2-82F8-3F3B72F5C6D1}.Release|x64.ActiveCfg = Release|Any CPU
		{4702A321-0582-47C2-82F8-3F3B72F5C6D1}.Release|x64.Build.0 = Release|Any CPU
		{4702A321-0582-47C2-82F8-3F3B72F5C6D1}.Release|x86.ActiveCfg = Release|Any CPU
		{4702A321-0582-47C2-82F8-3F3B72F5C6D1}.Release|x86.Build.0 = Release|Any CPU
		{D28D3539-3CA3-4407-AAEC-274983EB4A34}.Debug|Android.ActiveCfg = Debug|Any CPU
		{D28D3539-3CA3-4407-AAEC-274983EB4A34}.Debug|Android.Build.0 = Debug|Any CPU
		{D28D3539-3CA3-4407-AAEC-274983EB4A34}.Debug|Any CPU.ActiveCfg = Debug|Any CPU
		{D28D3539-3CA3-4407-AAEC-274983EB4A34}.Debug|Any CPU.Build.0 = Debug|Any CPU
		{D28D3539-3CA3-4407-AAEC-274983EB4A34}.Debug|ARM.ActiveCfg = Debug|Any CPU
		{D28D3539-3CA3-4407-AAEC-274983EB4A34}.Debug|ARM.Build.0 = Debug|Any CPU
		{D28D3539-3CA3-4407-AAEC-274983EB4A34}.Debug|iOS.ActiveCfg = Debug|Any CPU
		{D28D3539-3CA3-4407-AAEC-274983EB4A34}.Debug|iOS.Build.0 = Debug|Any CPU
		{D28D3539-3CA3-4407-AAEC-274983EB4A34}.Debug|iPhone.ActiveCfg = Debug|Any CPU
		{D28D3539-3CA3-4407-AAEC-274983EB4A34}.Debug|iPhone.Build.0 = Debug|Any CPU
		{D28D3539-3CA3-4407-AAEC-274983EB4A34}.Debug|iPhoneSimulator.ActiveCfg = Debug|Any CPU
		{D28D3539-3CA3-4407-AAEC-274983EB4A34}.Debug|iPhoneSimulator.Build.0 = Debug|Any CPU
		{D28D3539-3CA3-4407-AAEC-274983EB4A34}.Debug|Windows Phone (Universal).ActiveCfg = Debug|Any CPU
		{D28D3539-3CA3-4407-AAEC-274983EB4A34}.Debug|Windows Phone (Universal).Build.0 = Debug|Any CPU
		{D28D3539-3CA3-4407-AAEC-274983EB4A34}.Debug|Windows Phone 8.ActiveCfg = Debug|Any CPU
		{D28D3539-3CA3-4407-AAEC-274983EB4A34}.Debug|Windows Phone 8.Build.0 = Debug|Any CPU
		{D28D3539-3CA3-4407-AAEC-274983EB4A34}.Debug|Windows-AnyCPU.ActiveCfg = Debug|Any CPU
		{D28D3539-3CA3-4407-AAEC-274983EB4A34}.Debug|Windows-AnyCPU.Build.0 = Debug|Any CPU
		{D28D3539-3CA3-4407-AAEC-274983EB4A34}.Debug|Windows-ARM.ActiveCfg = Debug|Any CPU
		{D28D3539-3CA3-4407-AAEC-274983EB4A34}.Debug|Windows-ARM.Build.0 = Debug|Any CPU
		{D28D3539-3CA3-4407-AAEC-274983EB4A34}.Debug|Windows-x64.ActiveCfg = Debug|Any CPU
		{D28D3539-3CA3-4407-AAEC-274983EB4A34}.Debug|Windows-x64.Build.0 = Debug|Any CPU
		{D28D3539-3CA3-4407-AAEC-274983EB4A34}.Debug|Windows-x86.ActiveCfg = Debug|Any CPU
		{D28D3539-3CA3-4407-AAEC-274983EB4A34}.Debug|Windows-x86.Build.0 = Debug|Any CPU
		{D28D3539-3CA3-4407-AAEC-274983EB4A34}.Debug|x64.ActiveCfg = Debug|Any CPU
		{D28D3539-3CA3-4407-AAEC-274983EB4A34}.Debug|x64.Build.0 = Debug|Any CPU
		{D28D3539-3CA3-4407-AAEC-274983EB4A34}.Debug|x86.ActiveCfg = Debug|Any CPU
		{D28D3539-3CA3-4407-AAEC-274983EB4A34}.Debug|x86.Build.0 = Debug|Any CPU
		{D28D3539-3CA3-4407-AAEC-274983EB4A34}.Release|Android.ActiveCfg = Release|Any CPU
		{D28D3539-3CA3-4407-AAEC-274983EB4A34}.Release|Android.Build.0 = Release|Any CPU
		{D28D3539-3CA3-4407-AAEC-274983EB4A34}.Release|Any CPU.ActiveCfg = Release|Any CPU
		{D28D3539-3CA3-4407-AAEC-274983EB4A34}.Release|Any CPU.Build.0 = Release|Any CPU
		{D28D3539-3CA3-4407-AAEC-274983EB4A34}.Release|ARM.ActiveCfg = Release|Any CPU
		{D28D3539-3CA3-4407-AAEC-274983EB4A34}.Release|ARM.Build.0 = Release|Any CPU
		{D28D3539-3CA3-4407-AAEC-274983EB4A34}.Release|iOS.ActiveCfg = Release|Any CPU
		{D28D3539-3CA3-4407-AAEC-274983EB4A34}.Release|iOS.Build.0 = Release|Any CPU
		{D28D3539-3CA3-4407-AAEC-274983EB4A34}.Release|iPhone.ActiveCfg = Release|Any CPU
		{D28D3539-3CA3-4407-AAEC-274983EB4A34}.Release|iPhone.Build.0 = Release|Any CPU
		{D28D3539-3CA3-4407-AAEC-274983EB4A34}.Release|iPhoneSimulator.ActiveCfg = Release|Any CPU
		{D28D3539-3CA3-4407-AAEC-274983EB4A34}.Release|iPhoneSimulator.Build.0 = Release|Any CPU
		{D28D3539-3CA3-4407-AAEC-274983EB4A34}.Release|Windows Phone (Universal).ActiveCfg = Release|Any CPU
		{D28D3539-3CA3-4407-AAEC-274983EB4A34}.Release|Windows Phone (Universal).Build.0 = Release|Any CPU
		{D28D3539-3CA3-4407-AAEC-274983EB4A34}.Release|Windows Phone 8.ActiveCfg = Release|Any CPU
		{D28D3539-3CA3-4407-AAEC-274983EB4A34}.Release|Windows Phone 8.Build.0 = Release|Any CPU
		{D28D3539-3CA3-4407-AAEC-274983EB4A34}.Release|Windows-AnyCPU.ActiveCfg = Release|Any CPU
		{D28D3539-3CA3-4407-AAEC-274983EB4A34}.Release|Windows-AnyCPU.Build.0 = Release|Any CPU
		{D28D3539-3CA3-4407-AAEC-274983EB4A34}.Release|Windows-ARM.ActiveCfg = Release|Any CPU
		{D28D3539-3CA3-4407-AAEC-274983EB4A34}.Release|Windows-ARM.Build.0 = Release|Any CPU
		{D28D3539-3CA3-4407-AAEC-274983EB4A34}.Release|Windows-x64.ActiveCfg = Release|Any CPU
		{D28D3539-3CA3-4407-AAEC-274983EB4A34}.Release|Windows-x64.Build.0 = Release|Any CPU
		{D28D3539-3CA3-4407-AAEC-274983EB4A34}.Release|Windows-x86.ActiveCfg = Release|Any CPU
		{D28D3539-3CA3-4407-AAEC-274983EB4A34}.Release|Windows-x86.Build.0 = Release|Any CPU
		{D28D3539-3CA3-4407-AAEC-274983EB4A34}.Release|x64.ActiveCfg = Release|Any CPU
		{D28D3539-3CA3-4407-AAEC-274983EB4A34}.Release|x64.Build.0 = Release|Any CPU
		{D28D3539-3CA3-4407-AAEC-274983EB4A34}.Release|x86.ActiveCfg = Release|Any CPU
		{D28D3539-3CA3-4407-AAEC-274983EB4A34}.Release|x86.Build.0 = Release|Any CPU
		{65A977A1-C818-4C35-9D1A-C0B9C14E8E9C}.Debug|Android.ActiveCfg = Debug|iPhoneSimulator
		{65A977A1-C818-4C35-9D1A-C0B9C14E8E9C}.Debug|Android.Build.0 = Debug|iPhoneSimulator
		{65A977A1-C818-4C35-9D1A-C0B9C14E8E9C}.Debug|Any CPU.ActiveCfg = Debug|iPhoneSimulator
		{65A977A1-C818-4C35-9D1A-C0B9C14E8E9C}.Debug|Any CPU.Build.0 = Debug|iPhoneSimulator
		{65A977A1-C818-4C35-9D1A-C0B9C14E8E9C}.Debug|ARM.ActiveCfg = Debug|iPhoneSimulator
		{65A977A1-C818-4C35-9D1A-C0B9C14E8E9C}.Debug|ARM.Build.0 = Debug|iPhoneSimulator
		{65A977A1-C818-4C35-9D1A-C0B9C14E8E9C}.Debug|iOS.ActiveCfg = Debug|iPhoneSimulator
		{65A977A1-C818-4C35-9D1A-C0B9C14E8E9C}.Debug|iOS.Build.0 = Debug|iPhoneSimulator
		{65A977A1-C818-4C35-9D1A-C0B9C14E8E9C}.Debug|iPhone.ActiveCfg = Debug|iPhone
		{65A977A1-C818-4C35-9D1A-C0B9C14E8E9C}.Debug|iPhone.Build.0 = Debug|iPhone
		{65A977A1-C818-4C35-9D1A-C0B9C14E8E9C}.Debug|iPhoneSimulator.ActiveCfg = Debug|iPhoneSimulator
		{65A977A1-C818-4C35-9D1A-C0B9C14E8E9C}.Debug|iPhoneSimulator.Build.0 = Debug|iPhoneSimulator
		{65A977A1-C818-4C35-9D1A-C0B9C14E8E9C}.Debug|Windows Phone (Universal).ActiveCfg = Debug|iPhoneSimulator
		{65A977A1-C818-4C35-9D1A-C0B9C14E8E9C}.Debug|Windows Phone (Universal).Build.0 = Debug|iPhoneSimulator
		{65A977A1-C818-4C35-9D1A-C0B9C14E8E9C}.Debug|Windows Phone 8.ActiveCfg = Debug|iPhoneSimulator
		{65A977A1-C818-4C35-9D1A-C0B9C14E8E9C}.Debug|Windows Phone 8.Build.0 = Debug|iPhoneSimulator
		{65A977A1-C818-4C35-9D1A-C0B9C14E8E9C}.Debug|Windows-AnyCPU.ActiveCfg = Debug|iPhoneSimulator
		{65A977A1-C818-4C35-9D1A-C0B9C14E8E9C}.Debug|Windows-AnyCPU.Build.0 = Debug|iPhoneSimulator
		{65A977A1-C818-4C35-9D1A-C0B9C14E8E9C}.Debug|Windows-ARM.ActiveCfg = Debug|iPhoneSimulator
		{65A977A1-C818-4C35-9D1A-C0B9C14E8E9C}.Debug|Windows-ARM.Build.0 = Debug|iPhoneSimulator
		{65A977A1-C818-4C35-9D1A-C0B9C14E8E9C}.Debug|Windows-x64.ActiveCfg = Debug|iPhoneSimulator
		{65A977A1-C818-4C35-9D1A-C0B9C14E8E9C}.Debug|Windows-x64.Build.0 = Debug|iPhoneSimulator
		{65A977A1-C818-4C35-9D1A-C0B9C14E8E9C}.Debug|Windows-x86.ActiveCfg = Debug|iPhoneSimulator
		{65A977A1-C818-4C35-9D1A-C0B9C14E8E9C}.Debug|Windows-x86.Build.0 = Debug|iPhoneSimulator
		{65A977A1-C818-4C35-9D1A-C0B9C14E8E9C}.Debug|x64.ActiveCfg = Debug|iPhoneSimulator
		{65A977A1-C818-4C35-9D1A-C0B9C14E8E9C}.Debug|x64.Build.0 = Debug|iPhoneSimulator
		{65A977A1-C818-4C35-9D1A-C0B9C14E8E9C}.Debug|x86.ActiveCfg = Debug|iPhoneSimulator
		{65A977A1-C818-4C35-9D1A-C0B9C14E8E9C}.Debug|x86.Build.0 = Debug|iPhoneSimulator
		{65A977A1-C818-4C35-9D1A-C0B9C14E8E9C}.Release|Android.ActiveCfg = Release|iPhone
		{65A977A1-C818-4C35-9D1A-C0B9C14E8E9C}.Release|Android.Build.0 = Release|iPhone
		{65A977A1-C818-4C35-9D1A-C0B9C14E8E9C}.Release|Any CPU.ActiveCfg = Release|iPhone
		{65A977A1-C818-4C35-9D1A-C0B9C14E8E9C}.Release|Any CPU.Build.0 = Release|iPhone
		{65A977A1-C818-4C35-9D1A-C0B9C14E8E9C}.Release|ARM.ActiveCfg = Release|iPhone
		{65A977A1-C818-4C35-9D1A-C0B9C14E8E9C}.Release|ARM.Build.0 = Release|iPhone
		{65A977A1-C818-4C35-9D1A-C0B9C14E8E9C}.Release|iOS.ActiveCfg = Release|iPhone
		{65A977A1-C818-4C35-9D1A-C0B9C14E8E9C}.Release|iOS.Build.0 = Release|iPhone
		{65A977A1-C818-4C35-9D1A-C0B9C14E8E9C}.Release|iPhone.ActiveCfg = Release|iPhone
		{65A977A1-C818-4C35-9D1A-C0B9C14E8E9C}.Release|iPhone.Build.0 = Release|iPhone
		{65A977A1-C818-4C35-9D1A-C0B9C14E8E9C}.Release|iPhoneSimulator.ActiveCfg = Release|iPhoneSimulator
		{65A977A1-C818-4C35-9D1A-C0B9C14E8E9C}.Release|iPhoneSimulator.Build.0 = Release|iPhoneSimulator
		{65A977A1-C818-4C35-9D1A-C0B9C14E8E9C}.Release|Windows Phone (Universal).ActiveCfg = Release|iPhone
		{65A977A1-C818-4C35-9D1A-C0B9C14E8E9C}.Release|Windows Phone (Universal).Build.0 = Release|iPhone
		{65A977A1-C818-4C35-9D1A-C0B9C14E8E9C}.Release|Windows Phone 8.ActiveCfg = Release|iPhone
		{65A977A1-C818-4C35-9D1A-C0B9C14E8E9C}.Release|Windows Phone 8.Build.0 = Release|iPhone
		{65A977A1-C818-4C35-9D1A-C0B9C14E8E9C}.Release|Windows-AnyCPU.ActiveCfg = Release|iPhone
		{65A977A1-C818-4C35-9D1A-C0B9C14E8E9C}.Release|Windows-AnyCPU.Build.0 = Release|iPhone
		{65A977A1-C818-4C35-9D1A-C0B9C14E8E9C}.Release|Windows-ARM.ActiveCfg = Release|iPhone
		{65A977A1-C818-4C35-9D1A-C0B9C14E8E9C}.Release|Windows-ARM.Build.0 = Release|iPhone
		{65A977A1-C818-4C35-9D1A-C0B9C14E8E9C}.Release|Windows-x64.ActiveCfg = Release|iPhone
		{65A977A1-C818-4C35-9D1A-C0B9C14E8E9C}.Release|Windows-x64.Build.0 = Release|iPhone
		{65A977A1-C818-4C35-9D1A-C0B9C14E8E9C}.Release|Windows-x86.ActiveCfg = Release|iPhone
		{65A977A1-C818-4C35-9D1A-C0B9C14E8E9C}.Release|Windows-x86.Build.0 = Release|iPhone
		{65A977A1-C818-4C35-9D1A-C0B9C14E8E9C}.Release|x64.ActiveCfg = Release|iPhone
		{65A977A1-C818-4C35-9D1A-C0B9C14E8E9C}.Release|x64.Build.0 = Release|iPhone
		{65A977A1-C818-4C35-9D1A-C0B9C14E8E9C}.Release|x86.ActiveCfg = Release|iPhone
		{65A977A1-C818-4C35-9D1A-C0B9C14E8E9C}.Release|x86.Build.0 = Release|iPhone
		{CE644497-E142-492F-9D91-1281A684C234}.Debug|Android.ActiveCfg = Debug|Any CPU
		{CE644497-E142-492F-9D91-1281A684C234}.Debug|Android.Build.0 = Debug|Any CPU
		{CE644497-E142-492F-9D91-1281A684C234}.Debug|Any CPU.ActiveCfg = Debug|Any CPU
		{CE644497-E142-492F-9D91-1281A684C234}.Debug|Any CPU.Build.0 = Debug|Any CPU
		{CE644497-E142-492F-9D91-1281A684C234}.Debug|ARM.ActiveCfg = Debug|Any CPU
		{CE644497-E142-492F-9D91-1281A684C234}.Debug|ARM.Build.0 = Debug|Any CPU
		{CE644497-E142-492F-9D91-1281A684C234}.Debug|iOS.ActiveCfg = Debug|Any CPU
		{CE644497-E142-492F-9D91-1281A684C234}.Debug|iOS.Build.0 = Debug|Any CPU
		{CE644497-E142-492F-9D91-1281A684C234}.Debug|iPhone.ActiveCfg = Debug|Any CPU
		{CE644497-E142-492F-9D91-1281A684C234}.Debug|iPhone.Build.0 = Debug|Any CPU
		{CE644497-E142-492F-9D91-1281A684C234}.Debug|iPhoneSimulator.ActiveCfg = Debug|Any CPU
		{CE644497-E142-492F-9D91-1281A684C234}.Debug|iPhoneSimulator.Build.0 = Debug|Any CPU
		{CE644497-E142-492F-9D91-1281A684C234}.Debug|Windows Phone (Universal).ActiveCfg = Debug|Any CPU
		{CE644497-E142-492F-9D91-1281A684C234}.Debug|Windows Phone (Universal).Build.0 = Debug|Any CPU
		{CE644497-E142-492F-9D91-1281A684C234}.Debug|Windows Phone 8.ActiveCfg = Debug|Any CPU
		{CE644497-E142-492F-9D91-1281A684C234}.Debug|Windows Phone 8.Build.0 = Debug|Any CPU
		{CE644497-E142-492F-9D91-1281A684C234}.Debug|Windows-AnyCPU.ActiveCfg = Debug|Any CPU
		{CE644497-E142-492F-9D91-1281A684C234}.Debug|Windows-AnyCPU.Build.0 = Debug|Any CPU
		{CE644497-E142-492F-9D91-1281A684C234}.Debug|Windows-ARM.ActiveCfg = Debug|Any CPU
		{CE644497-E142-492F-9D91-1281A684C234}.Debug|Windows-ARM.Build.0 = Debug|Any CPU
		{CE644497-E142-492F-9D91-1281A684C234}.Debug|Windows-x64.ActiveCfg = Debug|Any CPU
		{CE644497-E142-492F-9D91-1281A684C234}.Debug|Windows-x64.Build.0 = Debug|Any CPU
		{CE644497-E142-492F-9D91-1281A684C234}.Debug|Windows-x86.ActiveCfg = Debug|Any CPU
		{CE644497-E142-492F-9D91-1281A684C234}.Debug|Windows-x86.Build.0 = Debug|Any CPU
		{CE644497-E142-492F-9D91-1281A684C234}.Debug|x64.ActiveCfg = Debug|Any CPU
		{CE644497-E142-492F-9D91-1281A684C234}.Debug|x64.Build.0 = Debug|Any CPU
		{CE644497-E142-492F-9D91-1281A684C234}.Debug|x86.ActiveCfg = Debug|Any CPU
		{CE644497-E142-492F-9D91-1281A684C234}.Debug|x86.Build.0 = Debug|Any CPU
		{CE644497-E142-492F-9D91-1281A684C234}.Release|Android.ActiveCfg = Release|Any CPU
		{CE644497-E142-492F-9D91-1281A684C234}.Release|Android.Build.0 = Release|Any CPU
		{CE644497-E142-492F-9D91-1281A684C234}.Release|Any CPU.ActiveCfg = Release|Any CPU
		{CE644497-E142-492F-9D91-1281A684C234}.Release|Any CPU.Build.0 = Release|Any CPU
		{CE644497-E142-492F-9D91-1281A684C234}.Release|ARM.ActiveCfg = Release|Any CPU
		{CE644497-E142-492F-9D91-1281A684C234}.Release|ARM.Build.0 = Release|Any CPU
		{CE644497-E142-492F-9D91-1281A684C234}.Release|iOS.ActiveCfg = Release|Any CPU
		{CE644497-E142-492F-9D91-1281A684C234}.Release|iOS.Build.0 = Release|Any CPU
		{CE644497-E142-492F-9D91-1281A684C234}.Release|iPhone.ActiveCfg = Release|Any CPU
		{CE644497-E142-492F-9D91-1281A684C234}.Release|iPhone.Build.0 = Release|Any CPU
		{CE644497-E142-492F-9D91-1281A684C234}.Release|iPhoneSimulator.ActiveCfg = Release|Any CPU
		{CE644497-E142-492F-9D91-1281A684C234}.Release|iPhoneSimulator.Build.0 = Release|Any CPU
		{CE644497-E142-492F-9D91-1281A684C234}.Release|Windows Phone (Universal).ActiveCfg = Release|Any CPU
		{CE644497-E142-492F-9D91-1281A684C234}.Release|Windows Phone (Universal).Build.0 = Release|Any CPU
		{CE644497-E142-492F-9D91-1281A684C234}.Release|Windows Phone 8.ActiveCfg = Release|Any CPU
		{CE644497-E142-492F-9D91-1281A684C234}.Release|Windows Phone 8.Build.0 = Release|Any CPU
		{CE644497-E142-492F-9D91-1281A684C234}.Release|Windows-AnyCPU.ActiveCfg = Release|Any CPU
		{CE644497-E142-492F-9D91-1281A684C234}.Release|Windows-AnyCPU.Build.0 = Release|Any CPU
		{CE644497-E142-492F-9D91-1281A684C234}.Release|Windows-ARM.ActiveCfg = Release|Any CPU
		{CE644497-E142-492F-9D91-1281A684C234}.Release|Windows-ARM.Build.0 = Release|Any CPU
		{CE644497-E142-492F-9D91-1281A684C234}.Release|Windows-x64.ActiveCfg = Release|Any CPU
		{CE644497-E142-492F-9D91-1281A684C234}.Release|Windows-x64.Build.0 = Release|Any CPU
		{CE644497-E142-492F-9D91-1281A684C234}.Release|Windows-x86.ActiveCfg = Release|Any CPU
		{CE644497-E142-492F-9D91-1281A684C234}.Release|Windows-x86.Build.0 = Release|Any CPU
		{CE644497-E142-492F-9D91-1281A684C234}.Release|x64.ActiveCfg = Release|Any CPU
		{CE644497-E142-492F-9D91-1281A684C234}.Release|x64.Build.0 = Release|Any CPU
		{CE644497-E142-492F-9D91-1281A684C234}.Release|x86.ActiveCfg = Release|Any CPU
		{CE644497-E142-492F-9D91-1281A684C234}.Release|x86.Build.0 = Release|Any CPU
		{7D4C3A34-2E3E-4499-A43F-96B208CB74AE}.Debug|Android.ActiveCfg = Debug|Any CPU
		{7D4C3A34-2E3E-4499-A43F-96B208CB74AE}.Debug|Android.Build.0 = Debug|Any CPU
		{7D4C3A34-2E3E-4499-A43F-96B208CB74AE}.Debug|Any CPU.ActiveCfg = Debug|Any CPU
		{7D4C3A34-2E3E-4499-A43F-96B208CB74AE}.Debug|Any CPU.Build.0 = Debug|Any CPU
		{7D4C3A34-2E3E-4499-A43F-96B208CB74AE}.Debug|ARM.ActiveCfg = Debug|Any CPU
		{7D4C3A34-2E3E-4499-A43F-96B208CB74AE}.Debug|ARM.Build.0 = Debug|Any CPU
		{7D4C3A34-2E3E-4499-A43F-96B208CB74AE}.Debug|iOS.ActiveCfg = Debug|Any CPU
		{7D4C3A34-2E3E-4499-A43F-96B208CB74AE}.Debug|iOS.Build.0 = Debug|Any CPU
		{7D4C3A34-2E3E-4499-A43F-96B208CB74AE}.Debug|iPhone.ActiveCfg = Debug|Any CPU
		{7D4C3A34-2E3E-4499-A43F-96B208CB74AE}.Debug|iPhone.Build.0 = Debug|Any CPU
		{7D4C3A34-2E3E-4499-A43F-96B208CB74AE}.Debug|iPhoneSimulator.ActiveCfg = Debug|Any CPU
		{7D4C3A34-2E3E-4499-A43F-96B208CB74AE}.Debug|iPhoneSimulator.Build.0 = Debug|Any CPU
		{7D4C3A34-2E3E-4499-A43F-96B208CB74AE}.Debug|Windows Phone (Universal).ActiveCfg = Debug|Any CPU
		{7D4C3A34-2E3E-4499-A43F-96B208CB74AE}.Debug|Windows Phone (Universal).Build.0 = Debug|Any CPU
		{7D4C3A34-2E3E-4499-A43F-96B208CB74AE}.Debug|Windows Phone 8.ActiveCfg = Debug|Any CPU
		{7D4C3A34-2E3E-4499-A43F-96B208CB74AE}.Debug|Windows Phone 8.Build.0 = Debug|Any CPU
		{7D4C3A34-2E3E-4499-A43F-96B208CB74AE}.Debug|Windows-AnyCPU.ActiveCfg = Debug|Any CPU
		{7D4C3A34-2E3E-4499-A43F-96B208CB74AE}.Debug|Windows-AnyCPU.Build.0 = Debug|Any CPU
		{7D4C3A34-2E3E-4499-A43F-96B208CB74AE}.Debug|Windows-ARM.ActiveCfg = Debug|Any CPU
		{7D4C3A34-2E3E-4499-A43F-96B208CB74AE}.Debug|Windows-ARM.Build.0 = Debug|Any CPU
		{7D4C3A34-2E3E-4499-A43F-96B208CB74AE}.Debug|Windows-x64.ActiveCfg = Debug|Any CPU
		{7D4C3A34-2E3E-4499-A43F-96B208CB74AE}.Debug|Windows-x64.Build.0 = Debug|Any CPU
		{7D4C3A34-2E3E-4499-A43F-96B208CB74AE}.Debug|Windows-x86.ActiveCfg = Debug|Any CPU
		{7D4C3A34-2E3E-4499-A43F-96B208CB74AE}.Debug|Windows-x86.Build.0 = Debug|Any CPU
		{7D4C3A34-2E3E-4499-A43F-96B208CB74AE}.Debug|x64.ActiveCfg = Debug|Any CPU
		{7D4C3A34-2E3E-4499-A43F-96B208CB74AE}.Debug|x64.Build.0 = Debug|Any CPU
		{7D4C3A34-2E3E-4499-A43F-96B208CB74AE}.Debug|x86.ActiveCfg = Debug|Any CPU
		{7D4C3A34-2E3E-4499-A43F-96B208CB74AE}.Debug|x86.Build.0 = Debug|Any CPU
		{7D4C3A34-2E3E-4499-A43F-96B208CB74AE}.Release|Android.ActiveCfg = Release|Any CPU
		{7D4C3A34-2E3E-4499-A43F-96B208CB74AE}.Release|Android.Build.0 = Release|Any CPU
		{7D4C3A34-2E3E-4499-A43F-96B208CB74AE}.Release|Any CPU.ActiveCfg = Release|Any CPU
		{7D4C3A34-2E3E-4499-A43F-96B208CB74AE}.Release|Any CPU.Build.0 = Release|Any CPU
		{7D4C3A34-2E3E-4499-A43F-96B208CB74AE}.Release|ARM.ActiveCfg = Release|Any CPU
		{7D4C3A34-2E3E-4499-A43F-96B208CB74AE}.Release|ARM.Build.0 = Release|Any CPU
		{7D4C3A34-2E3E-4499-A43F-96B208CB74AE}.Release|iOS.ActiveCfg = Release|Any CPU
		{7D4C3A34-2E3E-4499-A43F-96B208CB74AE}.Release|iOS.Build.0 = Release|Any CPU
		{7D4C3A34-2E3E-4499-A43F-96B208CB74AE}.Release|iPhone.ActiveCfg = Release|Any CPU
		{7D4C3A34-2E3E-4499-A43F-96B208CB74AE}.Release|iPhone.Build.0 = Release|Any CPU
		{7D4C3A34-2E3E-4499-A43F-96B208CB74AE}.Release|iPhoneSimulator.ActiveCfg = Release|Any CPU
		{7D4C3A34-2E3E-4499-A43F-96B208CB74AE}.Release|iPhoneSimulator.Build.0 = Release|Any CPU
		{7D4C3A34-2E3E-4499-A43F-96B208CB74AE}.Release|Windows Phone (Universal).ActiveCfg = Release|Any CPU
		{7D4C3A34-2E3E-4499-A43F-96B208CB74AE}.Release|Windows Phone (Universal).Build.0 = Release|Any CPU
		{7D4C3A34-2E3E-4499-A43F-96B208CB74AE}.Release|Windows Phone 8.ActiveCfg = Release|Any CPU
		{7D4C3A34-2E3E-4499-A43F-96B208CB74AE}.Release|Windows Phone 8.Build.0 = Release|Any CPU
		{7D4C3A34-2E3E-4499-A43F-96B208CB74AE}.Release|Windows-AnyCPU.ActiveCfg = Release|Any CPU
		{7D4C3A34-2E3E-4499-A43F-96B208CB74AE}.Release|Windows-AnyCPU.Build.0 = Release|Any CPU
		{7D4C3A34-2E3E-4499-A43F-96B208CB74AE}.Release|Windows-ARM.ActiveCfg = Release|Any CPU
		{7D4C3A34-2E3E-4499-A43F-96B208CB74AE}.Release|Windows-ARM.Build.0 = Release|Any CPU
		{7D4C3A34-2E3E-4499-A43F-96B208CB74AE}.Release|Windows-x64.ActiveCfg = Release|Any CPU
		{7D4C3A34-2E3E-4499-A43F-96B208CB74AE}.Release|Windows-x64.Build.0 = Release|Any CPU
		{7D4C3A34-2E3E-4499-A43F-96B208CB74AE}.Release|Windows-x86.ActiveCfg = Release|Any CPU
		{7D4C3A34-2E3E-4499-A43F-96B208CB74AE}.Release|Windows-x86.Build.0 = Release|Any CPU
		{7D4C3A34-2E3E-4499-A43F-96B208CB74AE}.Release|x64.ActiveCfg = Release|Any CPU
		{7D4C3A34-2E3E-4499-A43F-96B208CB74AE}.Release|x64.Build.0 = Release|Any CPU
		{7D4C3A34-2E3E-4499-A43F-96B208CB74AE}.Release|x86.ActiveCfg = Release|Any CPU
		{7D4C3A34-2E3E-4499-A43F-96B208CB74AE}.Release|x86.Build.0 = Release|Any CPU
		{A356F0C6-8DC7-42EE-AE06-BF2C229415A4}.Debug|Android.ActiveCfg = Debug|Any CPU
		{A356F0C6-8DC7-42EE-AE06-BF2C229415A4}.Debug|Android.Build.0 = Debug|Any CPU
		{A356F0C6-8DC7-42EE-AE06-BF2C229415A4}.Debug|Any CPU.ActiveCfg = Debug|Any CPU
		{A356F0C6-8DC7-42EE-AE06-BF2C229415A4}.Debug|Any CPU.Build.0 = Debug|Any CPU
		{A356F0C6-8DC7-42EE-AE06-BF2C229415A4}.Debug|ARM.ActiveCfg = Debug|Any CPU
		{A356F0C6-8DC7-42EE-AE06-BF2C229415A4}.Debug|ARM.Build.0 = Debug|Any CPU
		{A356F0C6-8DC7-42EE-AE06-BF2C229415A4}.Debug|iOS.ActiveCfg = Debug|Any CPU
		{A356F0C6-8DC7-42EE-AE06-BF2C229415A4}.Debug|iOS.Build.0 = Debug|Any CPU
		{A356F0C6-8DC7-42EE-AE06-BF2C229415A4}.Debug|iPhone.ActiveCfg = Debug|Any CPU
		{A356F0C6-8DC7-42EE-AE06-BF2C229415A4}.Debug|iPhone.Build.0 = Debug|Any CPU
		{A356F0C6-8DC7-42EE-AE06-BF2C229415A4}.Debug|iPhoneSimulator.ActiveCfg = Debug|Any CPU
		{A356F0C6-8DC7-42EE-AE06-BF2C229415A4}.Debug|iPhoneSimulator.Build.0 = Debug|Any CPU
		{A356F0C6-8DC7-42EE-AE06-BF2C229415A4}.Debug|Windows Phone (Universal).ActiveCfg = Debug|Any CPU
		{A356F0C6-8DC7-42EE-AE06-BF2C229415A4}.Debug|Windows Phone (Universal).Build.0 = Debug|Any CPU
		{A356F0C6-8DC7-42EE-AE06-BF2C229415A4}.Debug|Windows Phone 8.ActiveCfg = Debug|Any CPU
		{A356F0C6-8DC7-42EE-AE06-BF2C229415A4}.Debug|Windows Phone 8.Build.0 = Debug|Any CPU
		{A356F0C6-8DC7-42EE-AE06-BF2C229415A4}.Debug|Windows-AnyCPU.ActiveCfg = Debug|Any CPU
		{A356F0C6-8DC7-42EE-AE06-BF2C229415A4}.Debug|Windows-AnyCPU.Build.0 = Debug|Any CPU
		{A356F0C6-8DC7-42EE-AE06-BF2C229415A4}.Debug|Windows-ARM.ActiveCfg = Debug|Any CPU
		{A356F0C6-8DC7-42EE-AE06-BF2C229415A4}.Debug|Windows-ARM.Build.0 = Debug|Any CPU
		{A356F0C6-8DC7-42EE-AE06-BF2C229415A4}.Debug|Windows-x64.ActiveCfg = Debug|Any CPU
		{A356F0C6-8DC7-42EE-AE06-BF2C229415A4}.Debug|Windows-x64.Build.0 = Debug|Any CPU
		{A356F0C6-8DC7-42EE-AE06-BF2C229415A4}.Debug|Windows-x86.ActiveCfg = Debug|Any CPU
		{A356F0C6-8DC7-42EE-AE06-BF2C229415A4}.Debug|Windows-x86.Build.0 = Debug|Any CPU
		{A356F0C6-8DC7-42EE-AE06-BF2C229415A4}.Debug|x64.ActiveCfg = Debug|Any CPU
		{A356F0C6-8DC7-42EE-AE06-BF2C229415A4}.Debug|x64.Build.0 = Debug|Any CPU
		{A356F0C6-8DC7-42EE-AE06-BF2C229415A4}.Debug|x86.ActiveCfg = Debug|Any CPU
		{A356F0C6-8DC7-42EE-AE06-BF2C229415A4}.Debug|x86.Build.0 = Debug|Any CPU
		{A356F0C6-8DC7-42EE-AE06-BF2C229415A4}.Release|Android.ActiveCfg = Release|Any CPU
		{A356F0C6-8DC7-42EE-AE06-BF2C229415A4}.Release|Android.Build.0 = Release|Any CPU
		{A356F0C6-8DC7-42EE-AE06-BF2C229415A4}.Release|Any CPU.ActiveCfg = Release|Any CPU
		{A356F0C6-8DC7-42EE-AE06-BF2C229415A4}.Release|Any CPU.Build.0 = Release|Any CPU
		{A356F0C6-8DC7-42EE-AE06-BF2C229415A4}.Release|ARM.ActiveCfg = Release|Any CPU
		{A356F0C6-8DC7-42EE-AE06-BF2C229415A4}.Release|ARM.Build.0 = Release|Any CPU
		{A356F0C6-8DC7-42EE-AE06-BF2C229415A4}.Release|iOS.ActiveCfg = Release|Any CPU
		{A356F0C6-8DC7-42EE-AE06-BF2C229415A4}.Release|iOS.Build.0 = Release|Any CPU
		{A356F0C6-8DC7-42EE-AE06-BF2C229415A4}.Release|iPhone.ActiveCfg = Release|Any CPU
		{A356F0C6-8DC7-42EE-AE06-BF2C229415A4}.Release|iPhone.Build.0 = Release|Any CPU
		{A356F0C6-8DC7-42EE-AE06-BF2C229415A4}.Release|iPhoneSimulator.ActiveCfg = Release|Any CPU
		{A356F0C6-8DC7-42EE-AE06-BF2C229415A4}.Release|iPhoneSimulator.Build.0 = Release|Any CPU
		{A356F0C6-8DC7-42EE-AE06-BF2C229415A4}.Release|Windows Phone (Universal).ActiveCfg = Release|Any CPU
		{A356F0C6-8DC7-42EE-AE06-BF2C229415A4}.Release|Windows Phone (Universal).Build.0 = Release|Any CPU
		{A356F0C6-8DC7-42EE-AE06-BF2C229415A4}.Release|Windows Phone 8.ActiveCfg = Release|Any CPU
		{A356F0C6-8DC7-42EE-AE06-BF2C229415A4}.Release|Windows Phone 8.Build.0 = Release|Any CPU
		{A356F0C6-8DC7-42EE-AE06-BF2C229415A4}.Release|Windows-AnyCPU.ActiveCfg = Release|Any CPU
		{A356F0C6-8DC7-42EE-AE06-BF2C229415A4}.Release|Windows-AnyCPU.Build.0 = Release|Any CPU
		{A356F0C6-8DC7-42EE-AE06-BF2C229415A4}.Release|Windows-ARM.ActiveCfg = Release|Any CPU
		{A356F0C6-8DC7-42EE-AE06-BF2C229415A4}.Release|Windows-ARM.Build.0 = Release|Any CPU
		{A356F0C6-8DC7-42EE-AE06-BF2C229415A4}.Release|Windows-x64.ActiveCfg = Release|Any CPU
		{A356F0C6-8DC7-42EE-AE06-BF2C229415A4}.Release|Windows-x64.Build.0 = Release|Any CPU
		{A356F0C6-8DC7-42EE-AE06-BF2C229415A4}.Release|Windows-x86.ActiveCfg = Release|Any CPU
		{A356F0C6-8DC7-42EE-AE06-BF2C229415A4}.Release|Windows-x86.Build.0 = Release|Any CPU
		{A356F0C6-8DC7-42EE-AE06-BF2C229415A4}.Release|x64.ActiveCfg = Release|Any CPU
		{A356F0C6-8DC7-42EE-AE06-BF2C229415A4}.Release|x64.Build.0 = Release|Any CPU
		{A356F0C6-8DC7-42EE-AE06-BF2C229415A4}.Release|x86.ActiveCfg = Release|Any CPU
		{A356F0C6-8DC7-42EE-AE06-BF2C229415A4}.Release|x86.Build.0 = Release|Any CPU
		{D0FE293D-ABDC-460F-8606-51832E793D4E}.Debug|Android.ActiveCfg = Debug|Any CPU
		{D0FE293D-ABDC-460F-8606-51832E793D4E}.Debug|Android.Build.0 = Debug|Any CPU
		{D0FE293D-ABDC-460F-8606-51832E793D4E}.Debug|Any CPU.ActiveCfg = Debug|Any CPU
		{D0FE293D-ABDC-460F-8606-51832E793D4E}.Debug|Any CPU.Build.0 = Debug|Any CPU
		{D0FE293D-ABDC-460F-8606-51832E793D4E}.Debug|ARM.ActiveCfg = Debug|Any CPU
		{D0FE293D-ABDC-460F-8606-51832E793D4E}.Debug|ARM.Build.0 = Debug|Any CPU
		{D0FE293D-ABDC-460F-8606-51832E793D4E}.Debug|iOS.ActiveCfg = Debug|Any CPU
		{D0FE293D-ABDC-460F-8606-51832E793D4E}.Debug|iOS.Build.0 = Debug|Any CPU
		{D0FE293D-ABDC-460F-8606-51832E793D4E}.Debug|iPhone.ActiveCfg = Debug|Any CPU
		{D0FE293D-ABDC-460F-8606-51832E793D4E}.Debug|iPhone.Build.0 = Debug|Any CPU
		{D0FE293D-ABDC-460F-8606-51832E793D4E}.Debug|iPhoneSimulator.ActiveCfg = Debug|Any CPU
		{D0FE293D-ABDC-460F-8606-51832E793D4E}.Debug|iPhoneSimulator.Build.0 = Debug|Any CPU
		{D0FE293D-ABDC-460F-8606-51832E793D4E}.Debug|Windows Phone (Universal).ActiveCfg = Debug|Any CPU
		{D0FE293D-ABDC-460F-8606-51832E793D4E}.Debug|Windows Phone (Universal).Build.0 = Debug|Any CPU
		{D0FE293D-ABDC-460F-8606-51832E793D4E}.Debug|Windows Phone 8.ActiveCfg = Debug|Any CPU
		{D0FE293D-ABDC-460F-8606-51832E793D4E}.Debug|Windows Phone 8.Build.0 = Debug|Any CPU
		{D0FE293D-ABDC-460F-8606-51832E793D4E}.Debug|Windows-AnyCPU.ActiveCfg = Debug|Any CPU
		{D0FE293D-ABDC-460F-8606-51832E793D4E}.Debug|Windows-AnyCPU.Build.0 = Debug|Any CPU
		{D0FE293D-ABDC-460F-8606-51832E793D4E}.Debug|Windows-ARM.ActiveCfg = Debug|Any CPU
		{D0FE293D-ABDC-460F-8606-51832E793D4E}.Debug|Windows-ARM.Build.0 = Debug|Any CPU
		{D0FE293D-ABDC-460F-8606-51832E793D4E}.Debug|Windows-x64.ActiveCfg = Debug|Any CPU
		{D0FE293D-ABDC-460F-8606-51832E793D4E}.Debug|Windows-x64.Build.0 = Debug|Any CPU
		{D0FE293D-ABDC-460F-8606-51832E793D4E}.Debug|Windows-x86.ActiveCfg = Debug|Any CPU
		{D0FE293D-ABDC-460F-8606-51832E793D4E}.Debug|Windows-x86.Build.0 = Debug|Any CPU
		{D0FE293D-ABDC-460F-8606-51832E793D4E}.Debug|x64.ActiveCfg = Debug|Any CPU
		{D0FE293D-ABDC-460F-8606-51832E793D4E}.Debug|x64.Build.0 = Debug|Any CPU
		{D0FE293D-ABDC-460F-8606-51832E793D4E}.Debug|x86.ActiveCfg = Debug|Any CPU
		{D0FE293D-ABDC-460F-8606-51832E793D4E}.Debug|x86.Build.0 = Debug|Any CPU
		{D0FE293D-ABDC-460F-8606-51832E793D4E}.Release|Android.ActiveCfg = Release|Any CPU
		{D0FE293D-ABDC-460F-8606-51832E793D4E}.Release|Android.Build.0 = Release|Any CPU
		{D0FE293D-ABDC-460F-8606-51832E793D4E}.Release|Any CPU.ActiveCfg = Release|Any CPU
		{D0FE293D-ABDC-460F-8606-51832E793D4E}.Release|Any CPU.Build.0 = Release|Any CPU
		{D0FE293D-ABDC-460F-8606-51832E793D4E}.Release|ARM.ActiveCfg = Release|Any CPU
		{D0FE293D-ABDC-460F-8606-51832E793D4E}.Release|ARM.Build.0 = Release|Any CPU
		{D0FE293D-ABDC-460F-8606-51832E793D4E}.Release|iOS.ActiveCfg = Release|Any CPU
		{D0FE293D-ABDC-460F-8606-51832E793D4E}.Release|iOS.Build.0 = Release|Any CPU
		{D0FE293D-ABDC-460F-8606-51832E793D4E}.Release|iPhone.ActiveCfg = Release|Any CPU
		{D0FE293D-ABDC-460F-8606-51832E793D4E}.Release|iPhone.Build.0 = Release|Any CPU
		{D0FE293D-ABDC-460F-8606-51832E793D4E}.Release|iPhoneSimulator.ActiveCfg = Release|Any CPU
		{D0FE293D-ABDC-460F-8606-51832E793D4E}.Release|iPhoneSimulator.Build.0 = Release|Any CPU
		{D0FE293D-ABDC-460F-8606-51832E793D4E}.Release|Windows Phone (Universal).ActiveCfg = Release|Any CPU
		{D0FE293D-ABDC-460F-8606-51832E793D4E}.Release|Windows Phone (Universal).Build.0 = Release|Any CPU
		{D0FE293D-ABDC-460F-8606-51832E793D4E}.Release|Windows Phone 8.ActiveCfg = Release|Any CPU
		{D0FE293D-ABDC-460F-8606-51832E793D4E}.Release|Windows Phone 8.Build.0 = Release|Any CPU
		{D0FE293D-ABDC-460F-8606-51832E793D4E}.Release|Windows-AnyCPU.ActiveCfg = Release|Any CPU
		{D0FE293D-ABDC-460F-8606-51832E793D4E}.Release|Windows-AnyCPU.Build.0 = Release|Any CPU
		{D0FE293D-ABDC-460F-8606-51832E793D4E}.Release|Windows-ARM.ActiveCfg = Release|Any CPU
		{D0FE293D-ABDC-460F-8606-51832E793D4E}.Release|Windows-ARM.Build.0 = Release|Any CPU
		{D0FE293D-ABDC-460F-8606-51832E793D4E}.Release|Windows-x64.ActiveCfg = Release|Any CPU
		{D0FE293D-ABDC-460F-8606-51832E793D4E}.Release|Windows-x64.Build.0 = Release|Any CPU
		{D0FE293D-ABDC-460F-8606-51832E793D4E}.Release|Windows-x86.ActiveCfg = Release|Any CPU
		{D0FE293D-ABDC-460F-8606-51832E793D4E}.Release|Windows-x86.Build.0 = Release|Any CPU
		{D0FE293D-ABDC-460F-8606-51832E793D4E}.Release|x64.ActiveCfg = Release|Any CPU
		{D0FE293D-ABDC-460F-8606-51832E793D4E}.Release|x64.Build.0 = Release|Any CPU
		{D0FE293D-ABDC-460F-8606-51832E793D4E}.Release|x86.ActiveCfg = Release|Any CPU
		{D0FE293D-ABDC-460F-8606-51832E793D4E}.Release|x86.Build.0 = Release|Any CPU
		{BEDDF9FF-25EC-4D8D-A22B-0FD5BABC17BE}.Debug|Android.ActiveCfg = Debug|iPhoneSimulator
		{BEDDF9FF-25EC-4D8D-A22B-0FD5BABC17BE}.Debug|Android.Build.0 = Debug|iPhoneSimulator
		{BEDDF9FF-25EC-4D8D-A22B-0FD5BABC17BE}.Debug|Any CPU.ActiveCfg = Debug|iPhoneSimulator
		{BEDDF9FF-25EC-4D8D-A22B-0FD5BABC17BE}.Debug|Any CPU.Build.0 = Debug|iPhoneSimulator
		{BEDDF9FF-25EC-4D8D-A22B-0FD5BABC17BE}.Debug|ARM.ActiveCfg = Debug|iPhoneSimulator
		{BEDDF9FF-25EC-4D8D-A22B-0FD5BABC17BE}.Debug|ARM.Build.0 = Debug|iPhoneSimulator
		{BEDDF9FF-25EC-4D8D-A22B-0FD5BABC17BE}.Debug|iOS.ActiveCfg = Debug|iPhoneSimulator
		{BEDDF9FF-25EC-4D8D-A22B-0FD5BABC17BE}.Debug|iOS.Build.0 = Debug|iPhoneSimulator
		{BEDDF9FF-25EC-4D8D-A22B-0FD5BABC17BE}.Debug|iPhone.ActiveCfg = Debug|iPhoneSimulator
		{BEDDF9FF-25EC-4D8D-A22B-0FD5BABC17BE}.Debug|iPhone.Build.0 = Debug|iPhoneSimulator
		{BEDDF9FF-25EC-4D8D-A22B-0FD5BABC17BE}.Debug|iPhoneSimulator.ActiveCfg = Debug|iPhoneSimulator
		{BEDDF9FF-25EC-4D8D-A22B-0FD5BABC17BE}.Debug|iPhoneSimulator.Build.0 = Debug|iPhoneSimulator
		{BEDDF9FF-25EC-4D8D-A22B-0FD5BABC17BE}.Debug|Windows Phone (Universal).ActiveCfg = Debug|iPhoneSimulator
		{BEDDF9FF-25EC-4D8D-A22B-0FD5BABC17BE}.Debug|Windows Phone (Universal).Build.0 = Debug|iPhoneSimulator
		{BEDDF9FF-25EC-4D8D-A22B-0FD5BABC17BE}.Debug|Windows Phone 8.ActiveCfg = Debug|iPhoneSimulator
		{BEDDF9FF-25EC-4D8D-A22B-0FD5BABC17BE}.Debug|Windows Phone 8.Build.0 = Debug|iPhoneSimulator
		{BEDDF9FF-25EC-4D8D-A22B-0FD5BABC17BE}.Debug|Windows-AnyCPU.ActiveCfg = Debug|iPhoneSimulator
		{BEDDF9FF-25EC-4D8D-A22B-0FD5BABC17BE}.Debug|Windows-AnyCPU.Build.0 = Debug|iPhoneSimulator
		{BEDDF9FF-25EC-4D8D-A22B-0FD5BABC17BE}.Debug|Windows-ARM.ActiveCfg = Debug|iPhoneSimulator
		{BEDDF9FF-25EC-4D8D-A22B-0FD5BABC17BE}.Debug|Windows-ARM.Build.0 = Debug|iPhoneSimulator
		{BEDDF9FF-25EC-4D8D-A22B-0FD5BABC17BE}.Debug|Windows-x64.ActiveCfg = Debug|iPhoneSimulator
		{BEDDF9FF-25EC-4D8D-A22B-0FD5BABC17BE}.Debug|Windows-x64.Build.0 = Debug|iPhoneSimulator
		{BEDDF9FF-25EC-4D8D-A22B-0FD5BABC17BE}.Debug|Windows-x86.ActiveCfg = Debug|iPhoneSimulator
		{BEDDF9FF-25EC-4D8D-A22B-0FD5BABC17BE}.Debug|Windows-x86.Build.0 = Debug|iPhoneSimulator
		{BEDDF9FF-25EC-4D8D-A22B-0FD5BABC17BE}.Debug|x64.ActiveCfg = Debug|iPhoneSimulator
		{BEDDF9FF-25EC-4D8D-A22B-0FD5BABC17BE}.Debug|x64.Build.0 = Debug|iPhoneSimulator
		{BEDDF9FF-25EC-4D8D-A22B-0FD5BABC17BE}.Debug|x86.ActiveCfg = Debug|iPhoneSimulator
		{BEDDF9FF-25EC-4D8D-A22B-0FD5BABC17BE}.Debug|x86.Build.0 = Debug|iPhoneSimulator
		{BEDDF9FF-25EC-4D8D-A22B-0FD5BABC17BE}.Release|Android.ActiveCfg = Release|iPhoneSimulator
		{BEDDF9FF-25EC-4D8D-A22B-0FD5BABC17BE}.Release|Android.Build.0 = Release|iPhoneSimulator
		{BEDDF9FF-25EC-4D8D-A22B-0FD5BABC17BE}.Release|Any CPU.ActiveCfg = Release|iPhoneSimulator
		{BEDDF9FF-25EC-4D8D-A22B-0FD5BABC17BE}.Release|Any CPU.Build.0 = Release|iPhoneSimulator
		{BEDDF9FF-25EC-4D8D-A22B-0FD5BABC17BE}.Release|ARM.ActiveCfg = Release|iPhoneSimulator
		{BEDDF9FF-25EC-4D8D-A22B-0FD5BABC17BE}.Release|ARM.Build.0 = Release|iPhoneSimulator
		{BEDDF9FF-25EC-4D8D-A22B-0FD5BABC17BE}.Release|iOS.ActiveCfg = Release|iPhoneSimulator
		{BEDDF9FF-25EC-4D8D-A22B-0FD5BABC17BE}.Release|iOS.Build.0 = Release|iPhoneSimulator
		{BEDDF9FF-25EC-4D8D-A22B-0FD5BABC17BE}.Release|iPhone.ActiveCfg = Release|iPhoneSimulator
		{BEDDF9FF-25EC-4D8D-A22B-0FD5BABC17BE}.Release|iPhone.Build.0 = Release|iPhoneSimulator
		{BEDDF9FF-25EC-4D8D-A22B-0FD5BABC17BE}.Release|iPhoneSimulator.ActiveCfg = Release|iPhoneSimulator
		{BEDDF9FF-25EC-4D8D-A22B-0FD5BABC17BE}.Release|iPhoneSimulator.Build.0 = Release|iPhoneSimulator
		{BEDDF9FF-25EC-4D8D-A22B-0FD5BABC17BE}.Release|Windows Phone (Universal).ActiveCfg = Release|iPhoneSimulator
		{BEDDF9FF-25EC-4D8D-A22B-0FD5BABC17BE}.Release|Windows Phone (Universal).Build.0 = Release|iPhoneSimulator
		{BEDDF9FF-25EC-4D8D-A22B-0FD5BABC17BE}.Release|Windows Phone 8.ActiveCfg = Release|iPhoneSimulator
		{BEDDF9FF-25EC-4D8D-A22B-0FD5BABC17BE}.Release|Windows Phone 8.Build.0 = Release|iPhoneSimulator
		{BEDDF9FF-25EC-4D8D-A22B-0FD5BABC17BE}.Release|Windows-AnyCPU.ActiveCfg = Release|iPhoneSimulator
		{BEDDF9FF-25EC-4D8D-A22B-0FD5BABC17BE}.Release|Windows-AnyCPU.Build.0 = Release|iPhoneSimulator
		{BEDDF9FF-25EC-4D8D-A22B-0FD5BABC17BE}.Release|Windows-ARM.ActiveCfg = Release|iPhoneSimulator
		{BEDDF9FF-25EC-4D8D-A22B-0FD5BABC17BE}.Release|Windows-ARM.Build.0 = Release|iPhoneSimulator
		{BEDDF9FF-25EC-4D8D-A22B-0FD5BABC17BE}.Release|Windows-x64.ActiveCfg = Release|iPhoneSimulator
		{BEDDF9FF-25EC-4D8D-A22B-0FD5BABC17BE}.Release|Windows-x64.Build.0 = Release|iPhoneSimulator
		{BEDDF9FF-25EC-4D8D-A22B-0FD5BABC17BE}.Release|Windows-x86.ActiveCfg = Release|iPhoneSimulator
		{BEDDF9FF-25EC-4D8D-A22B-0FD5BABC17BE}.Release|Windows-x86.Build.0 = Release|iPhoneSimulator
		{BEDDF9FF-25EC-4D8D-A22B-0FD5BABC17BE}.Release|x64.ActiveCfg = Release|iPhoneSimulator
		{BEDDF9FF-25EC-4D8D-A22B-0FD5BABC17BE}.Release|x64.Build.0 = Release|iPhoneSimulator
		{BEDDF9FF-25EC-4D8D-A22B-0FD5BABC17BE}.Release|x86.ActiveCfg = Release|iPhoneSimulator
		{BEDDF9FF-25EC-4D8D-A22B-0FD5BABC17BE}.Release|x86.Build.0 = Release|iPhoneSimulator
	EndGlobalSection
	GlobalSection(SolutionProperties) = preSolution
		HideSolutionNode = FALSE
	EndGlobalSection
	GlobalSection(ExtensibilityGlobals) = postSolution
		SolutionGuid = {EB71B386-CC52-4BA4-925E-4CE02688A29F}
	EndGlobalSection
	GlobalSection(MonoDevelopProperties) = preSolution
		Policies = $0
		$0.DotNetNamingPolicy = $1
	EndGlobalSection
	GlobalSection(NestedProjects) = preSolution
		{74B43272-F5DB-47E9-BA37-BCC745834E8F} = {18747615-D316-476A-B239-EA4BEBAC321E}
		{8FF10B51-A31B-41D4-B3A7-566F8B701CD6} = {18747615-D316-476A-B239-EA4BEBAC321E}
		{4702A321-0582-47C2-82F8-3F3B72F5C6D1} = {18747615-D316-476A-B239-EA4BEBAC321E}
		{D28D3539-3CA3-4407-AAEC-274983EB4A34} = {022E639B-63E5-4263-AFA9-49269AACA587}
		{3B78A906-D0D4-404B-9EA3-881506A55587} = {022E639B-63E5-4263-AFA9-49269AACA587}
		{65A977A1-C818-4C35-9D1A-C0B9C14E8E9C} = {022E639B-63E5-4263-AFA9-49269AACA587}
		{80E07B2E-16A2-4343-918E-661F7D0A89C9} = {022E639B-63E5-4263-AFA9-49269AACA587}
		{CE644497-E142-492F-9D91-1281A684C234} = {022E639B-63E5-4263-AFA9-49269AACA587}
		{7D4C3A34-2E3E-4499-A43F-96B208CB74AE} = {18747615-D316-476A-B239-EA4BEBAC321E}
		{A356F0C6-8DC7-42EE-AE06-BF2C229415A4} = {18747615-D316-476A-B239-EA4BEBAC321E}
		{D0FE293D-ABDC-460F-8606-51832E793D4E} = {18747615-D316-476A-B239-EA4BEBAC321E}
		{BEDDF9FF-25EC-4D8D-A22B-0FD5BABC17BE} = {18747615-D316-476A-B239-EA4BEBAC321E}
	EndGlobalSection
EndGlobal
